{
  "version": 4,
  "terraform_version": "1.9.4",
  "serial": 521,
  "lineage": "ef7229b9-195d-3a90-2670-656d79ec7e78",
  "outputs": {},
  "resources": [
    {
      "module": "module.alb",
      "mode": "managed",
      "type": "aws_lb",
      "name": "this",
      "provider": "provider[\"registry.terraform.io/hashicorp/aws\"]",
      "instances": [
        {
          "schema_version": 0,
          "attributes": {
            "access_logs": [
              {
                "bucket": "",
                "enabled": false,
                "prefix": ""
              }
            ],
            "arn": "arn:aws:elasticloadbalancing:ap-northeast-2:108782082145:loadbalancer/app/my-alb/8592fb2cbdd791d6",
            "arn_suffix": "app/my-alb/8592fb2cbdd791d6",
            "client_keep_alive": 3600,
            "connection_logs": [
              {
                "bucket": "",
                "enabled": false,
                "prefix": ""
              }
            ],
            "customer_owned_ipv4_pool": "",
            "desync_mitigation_mode": "defensive",
            "dns_name": "my-alb-616323096.ap-northeast-2.elb.amazonaws.com",
            "dns_record_client_routing_policy": null,
            "drop_invalid_header_fields": false,
            "enable_cross_zone_load_balancing": true,
            "enable_deletion_protection": false,
            "enable_http2": true,
            "enable_tls_version_and_cipher_suite_headers": false,
            "enable_waf_fail_open": false,
            "enable_xff_client_port": false,
            "enforce_security_group_inbound_rules_on_private_link_traffic": "",
            "id": "arn:aws:elasticloadbalancing:ap-northeast-2:108782082145:loadbalancer/app/my-alb/8592fb2cbdd791d6",
            "idle_timeout": 60,
            "internal": false,
            "ip_address_type": "ipv4",
            "load_balancer_type": "application",
            "name": "my-alb",
            "name_prefix": "",
            "preserve_host_header": false,
            "security_groups": [
              "sg-050e3b8787ece1d7c"
            ],
            "subnet_mapping": [
              {
                "allocation_id": "",
                "ipv6_address": "",
                "outpost_id": "",
                "private_ipv4_address": "",
                "subnet_id": "subnet-026248e83318eeb20"
              },
              {
                "allocation_id": "",
                "ipv6_address": "",
                "outpost_id": "",
                "private_ipv4_address": "",
                "subnet_id": "subnet-055bd8db97b2b105e"
              }
            ],
            "subnets": [
              "subnet-026248e83318eeb20",
              "subnet-055bd8db97b2b105e"
            ],
            "tags": {},
            "tags_all": {},
            "timeouts": null,
            "vpc_id": "vpc-0aec5281f939d7170",
            "xff_header_processing_mode": "append",
            "zone_id": "ZWKZPGTI48KDX"
          },
          "sensitive_attributes": [],
          "private": "eyJlMmJmYjczMC1lY2FhLTExZTYtOGY4OC0zNDM2M2JjN2M0YzAiOnsiY3JlYXRlIjo2MDAwMDAwMDAwMDAsImRlbGV0ZSI6NjAwMDAwMDAwMDAwLCJ1cGRhdGUiOjYwMDAwMDAwMDAwMH19",
          "dependencies": [
            "module.security-group.aws_security_group.allow_ssh",
            "module.subnet.aws_subnet.public1",
            "module.subnet.aws_subnet.public2",
            "module.vpc.aws_vpc.main"
          ]
        }
      ]
    },
    {
      "module": "module.alb",
      "mode": "managed",
      "type": "aws_lb_listener",
      "name": "this",
      "provider": "provider[\"registry.terraform.io/hashicorp/aws\"]",
      "instances": [
        {
          "schema_version": 0,
          "attributes": {
            "alpn_policy": null,
            "arn": "arn:aws:elasticloadbalancing:ap-northeast-2:108782082145:listener/app/my-alb/8592fb2cbdd791d6/b92c8edc1f22d3ec",
            "certificate_arn": null,
            "default_action": [
              {
                "authenticate_cognito": [],
                "authenticate_oidc": [],
                "fixed_response": [],
                "forward": [],
                "order": 1,
                "redirect": [],
                "target_group_arn": "arn:aws:elasticloadbalancing:ap-northeast-2:108782082145:targetgroup/my-target-group/28163d71ad3d6cae",
                "type": "forward"
              }
            ],
            "id": "arn:aws:elasticloadbalancing:ap-northeast-2:108782082145:listener/app/my-alb/8592fb2cbdd791d6/b92c8edc1f22d3ec",
            "load_balancer_arn": "arn:aws:elasticloadbalancing:ap-northeast-2:108782082145:loadbalancer/app/my-alb/8592fb2cbdd791d6",
            "mutual_authentication": [],
            "port": 8080,
            "protocol": "HTTP",
            "ssl_policy": "",
            "tags": {},
            "tags_all": {},
            "timeouts": null
          },
          "sensitive_attributes": [],
          "private": "eyJlMmJmYjczMC1lY2FhLTExZTYtOGY4OC0zNDM2M2JjN2M0YzAiOnsiY3JlYXRlIjozMDAwMDAwMDAwMDAsInVwZGF0ZSI6MzAwMDAwMDAwMDAwfX0=",
          "dependencies": [
            "module.alb.aws_lb.this",
            "module.alb.aws_lb_target_group.this",
            "module.security-group.aws_security_group.allow_ssh",
            "module.subnet.aws_subnet.public1",
            "module.subnet.aws_subnet.public2",
            "module.vpc.aws_vpc.main"
          ]
        }
      ]
    },
    {
      "module": "module.alb",
      "mode": "managed",
      "type": "aws_lb_target_group",
      "name": "this",
      "provider": "provider[\"registry.terraform.io/hashicorp/aws\"]",
      "instances": [
        {
          "schema_version": 0,
          "attributes": {
            "arn": "arn:aws:elasticloadbalancing:ap-northeast-2:108782082145:targetgroup/my-target-group/28163d71ad3d6cae",
            "arn_suffix": "targetgroup/my-target-group/28163d71ad3d6cae",
            "connection_termination": null,
            "deregistration_delay": "300",
            "health_check": [
              {
                "enabled": true,
                "healthy_threshold": 2,
                "interval": 30,
                "matcher": "200",
                "path": "/",
                "port": "traffic-port",
                "protocol": "HTTP",
                "timeout": 5,
                "unhealthy_threshold": 2
              }
            ],
            "id": "arn:aws:elasticloadbalancing:ap-northeast-2:108782082145:targetgroup/my-target-group/28163d71ad3d6cae",
            "ip_address_type": "ipv4",
            "lambda_multi_value_headers_enabled": false,
            "load_balancer_arns": [
              "arn:aws:elasticloadbalancing:ap-northeast-2:108782082145:loadbalancer/app/my-alb/8592fb2cbdd791d6"
            ],
            "load_balancing_algorithm_type": "round_robin",
            "load_balancing_anomaly_mitigation": "off",
            "load_balancing_cross_zone_enabled": "use_load_balancer_configuration",
            "name": "my-target-group",
            "name_prefix": "",
            "port": 8080,
            "preserve_client_ip": null,
            "protocol": "HTTP",
            "protocol_version": "HTTP1",
            "proxy_protocol_v2": false,
            "slow_start": 0,
            "stickiness": [
              {
                "cookie_duration": 86400,
                "cookie_name": "",
                "enabled": true,
                "type": "lb_cookie"
              }
            ],
            "tags": {},
            "tags_all": {},
            "target_failover": [
              {
                "on_deregistration": null,
                "on_unhealthy": null
              }
            ],
            "target_group_health": [
              {
                "dns_failover": [
                  {
                    "minimum_healthy_targets_count": "1",
                    "minimum_healthy_targets_percentage": "off"
                  }
                ],
                "unhealthy_state_routing": [
                  {
                    "minimum_healthy_targets_count": 1,
                    "minimum_healthy_targets_percentage": "off"
                  }
                ]
              }
            ],
            "target_health_state": [
              {
                "enable_unhealthy_connection_termination": null,
                "unhealthy_draining_interval": null
              }
            ],
            "target_type": "instance",
            "vpc_id": "vpc-0aec5281f939d7170"
          },
          "sensitive_attributes": [],
          "private": "bnVsbA==",
          "dependencies": [
            "module.vpc.aws_vpc.main"
          ]
        }
      ]
    },
    {
      "module": "module.alb",
      "mode": "managed",
      "type": "aws_lb_target_group_attachment",
      "name": "web1",
      "provider": "provider[\"registry.terraform.io/hashicorp/aws\"]",
      "instances": [
        {
          "schema_version": 0,
          "attributes": {
            "availability_zone": null,
            "id": "arn:aws:elasticloadbalancing:ap-northeast-2:108782082145:targetgroup/my-target-group/28163d71ad3d6cae-20241027173023507600000008",
            "port": 8080,
            "target_group_arn": "arn:aws:elasticloadbalancing:ap-northeast-2:108782082145:targetgroup/my-target-group/28163d71ad3d6cae",
            "target_id": "i-0ee2c695249846c90"
          },
          "sensitive_attributes": [],
          "private": "bnVsbA==",
          "dependencies": [
            "module.alb.aws_lb_target_group.this",
            "module.ec2.aws_instance.web1",
            "module.ec2.aws_instance.web2",
            "module.key_pair.aws_key_pair.my_key",
            "module.key_pair.tls_private_key.example",
            "module.security-group.aws_security_group.allow_ssh",
            "module.subnet.aws_subnet.private1",
            "module.subnet.aws_subnet.private2",
            "module.vpc.aws_vpc.main"
          ]
        }
      ]
    },
    {
      "module": "module.alb",
      "mode": "managed",
      "type": "aws_lb_target_group_attachment",
      "name": "web2",
      "provider": "provider[\"registry.terraform.io/hashicorp/aws\"]",
      "instances": [
        {
          "schema_version": 0,
          "attributes": {
            "availability_zone": null,
            "id": "arn:aws:elasticloadbalancing:ap-northeast-2:108782082145:targetgroup/my-target-group/28163d71ad3d6cae-20241027173023422800000007",
            "port": 8080,
            "target_group_arn": "arn:aws:elasticloadbalancing:ap-northeast-2:108782082145:targetgroup/my-target-group/28163d71ad3d6cae",
            "target_id": "i-0187603b1674566f4"
          },
          "sensitive_attributes": [],
          "private": "bnVsbA==",
          "dependencies": [
            "module.alb.aws_lb_target_group.this",
            "module.ec2.aws_instance.web1",
            "module.ec2.aws_instance.web2",
            "module.key_pair.aws_key_pair.my_key",
            "module.key_pair.tls_private_key.example",
            "module.security-group.aws_security_group.allow_ssh",
            "module.subnet.aws_subnet.private1",
            "module.subnet.aws_subnet.private2",
            "module.vpc.aws_vpc.main"
          ]
        }
      ]
    },
    {
      "module": "module.ec2",
      "mode": "managed",
      "type": "aws_instance",
      "name": "bastion_host",
      "provider": "provider[\"registry.terraform.io/hashicorp/aws\"]",
      "instances": [
        {
          "schema_version": 1,
          "attributes": {
            "ami": "ami-040c33c6a51fd5d96",
            "arn": "arn:aws:ec2:ap-northeast-2:108782082145:instance/i-03dca6fa7f21a898d",
            "associate_public_ip_address": true,
            "availability_zone": "ap-northeast-2a",
            "capacity_reservation_specification": [
              {
                "capacity_reservation_preference": "open",
                "capacity_reservation_target": []
              }
            ],
            "cpu_core_count": 1,
            "cpu_options": [
              {
                "amd_sev_snp": "",
                "core_count": 1,
                "threads_per_core": 1
              }
            ],
            "cpu_threads_per_core": 1,
            "credit_specification": [
              {
                "cpu_credits": "standard"
              }
            ],
            "disable_api_stop": false,
            "disable_api_termination": false,
            "ebs_block_device": [],
            "ebs_optimized": false,
            "enclave_options": [
              {
                "enabled": false
              }
            ],
            "ephemeral_block_device": [],
            "get_password_data": false,
            "hibernation": false,
            "host_id": "",
            "host_resource_group_arn": null,
            "iam_instance_profile": "",
            "id": "i-03dca6fa7f21a898d",
            "instance_initiated_shutdown_behavior": "stop",
            "instance_lifecycle": "",
            "instance_market_options": [],
            "instance_state": "running",
            "instance_type": "t2.micro",
            "ipv6_address_count": 0,
            "ipv6_addresses": [],
            "key_name": "my_key",
            "launch_template": [],
            "maintenance_options": [
              {
                "auto_recovery": "default"
              }
            ],
            "metadata_options": [
              {
                "http_endpoint": "enabled",
                "http_protocol_ipv6": "disabled",
                "http_put_response_hop_limit": 2,
                "http_tokens": "required",
                "instance_metadata_tags": "disabled"
              }
            ],
            "monitoring": false,
            "network_interface": [],
            "outpost_arn": "",
            "password_data": "",
            "placement_group": "",
            "placement_partition_number": 0,
            "primary_network_interface_id": "eni-001ddbd330cc0ad61",
            "private_dns": "ip-10-0-1-193.ap-northeast-2.compute.internal",
            "private_dns_name_options": [
              {
                "enable_resource_name_dns_a_record": false,
                "enable_resource_name_dns_aaaa_record": false,
                "hostname_type": "ip-name"
              }
            ],
            "private_ip": "10.0.1.193",
            "public_dns": "",
            "public_ip": "13.209.20.160",
            "root_block_device": [
              {
                "delete_on_termination": true,
                "device_name": "/dev/sda1",
                "encrypted": false,
                "iops": 3000,
                "kms_key_id": "",
                "tags": {},
                "tags_all": {},
                "throughput": 125,
                "volume_id": "vol-02f6e82dd584e0fbf",
                "volume_size": 8,
                "volume_type": "gp3"
              }
            ],
            "secondary_private_ips": [],
            "security_groups": [],
            "source_dest_check": true,
            "spot_instance_request_id": "",
            "subnet_id": "subnet-026248e83318eeb20",
            "tags": {
              "Name": "bastion_host"
            },
            "tags_all": {
              "Name": "bastion_host"
            },
            "tenancy": "default",
            "timeouts": null,
            "user_data": null,
            "user_data_base64": null,
            "user_data_replace_on_change": false,
            "volume_tags": null,
            "vpc_security_group_ids": [
              "sg-050e3b8787ece1d7c"
            ]
          },
          "sensitive_attributes": [],
          "private": "eyJlMmJmYjczMC1lY2FhLTExZTYtOGY4OC0zNDM2M2JjN2M0YzAiOnsiY3JlYXRlIjo2MDAwMDAwMDAwMDAsImRlbGV0ZSI6MTIwMDAwMDAwMDAwMCwicmVhZCI6OTAwMDAwMDAwMDAwLCJ1cGRhdGUiOjYwMDAwMDAwMDAwMH0sInNjaGVtYV92ZXJzaW9uIjoiMSJ9",
          "dependencies": [
            "module.key_pair.aws_key_pair.my_key",
            "module.key_pair.tls_private_key.example",
            "module.security-group.aws_security_group.allow_ssh",
            "module.subnet.aws_subnet.public1",
            "module.subnet.aws_subnet.public2",
            "module.vpc.aws_vpc.main"
          ]
        }
      ]
    },
    {
      "module": "module.ec2",
      "mode": "managed",
      "type": "aws_instance",
      "name": "nat_instance",
      "provider": "provider[\"registry.terraform.io/hashicorp/aws\"]",
      "instances": [
        {
          "schema_version": 1,
          "attributes": {
            "ami": "ami-0c2d3e23e757b5d84",
            "arn": "arn:aws:ec2:ap-northeast-2:108782082145:instance/i-09a4bf5cc089f0520",
            "associate_public_ip_address": true,
            "availability_zone": "ap-northeast-2c",
            "capacity_reservation_specification": [
              {
                "capacity_reservation_preference": "open",
                "capacity_reservation_target": []
              }
            ],
            "cpu_core_count": 1,
            "cpu_options": [
              {
                "amd_sev_snp": "",
                "core_count": 1,
                "threads_per_core": 1
              }
            ],
            "cpu_threads_per_core": 1,
            "credit_specification": [
              {
                "cpu_credits": "standard"
              }
            ],
            "disable_api_stop": false,
            "disable_api_termination": false,
            "ebs_block_device": [],
            "ebs_optimized": false,
            "enclave_options": [
              {
                "enabled": false
              }
            ],
            "ephemeral_block_device": [],
            "get_password_data": false,
            "hibernation": false,
            "host_id": "",
            "host_resource_group_arn": null,
            "iam_instance_profile": "",
            "id": "i-09a4bf5cc089f0520",
            "instance_initiated_shutdown_behavior": "stop",
            "instance_lifecycle": "",
            "instance_market_options": [],
            "instance_state": "running",
            "instance_type": "t2.micro",
            "ipv6_address_count": 0,
            "ipv6_addresses": [],
            "key_name": "my_key",
            "launch_template": [],
            "maintenance_options": [
              {
                "auto_recovery": "default"
              }
            ],
            "metadata_options": [
              {
                "http_endpoint": "enabled",
                "http_protocol_ipv6": "disabled",
                "http_put_response_hop_limit": 1,
                "http_tokens": "optional",
                "instance_metadata_tags": "disabled"
              }
            ],
            "monitoring": false,
            "network_interface": [],
            "outpost_arn": "",
            "password_data": "",
            "placement_group": "",
            "placement_partition_number": 0,
            "primary_network_interface_id": "eni-05064fe2cfa5f3ac7",
            "private_dns": "ip-10-0-2-60.ap-northeast-2.compute.internal",
            "private_dns_name_options": [
              {
                "enable_resource_name_dns_a_record": false,
                "enable_resource_name_dns_aaaa_record": false,
                "hostname_type": "ip-name"
              }
            ],
            "private_ip": "10.0.2.60",
            "public_dns": "",
            "public_ip": "54.180.103.139",
            "root_block_device": [
              {
                "delete_on_termination": true,
                "device_name": "/dev/xvda",
                "encrypted": false,
                "iops": 0,
                "kms_key_id": "",
                "tags": {},
                "tags_all": {},
                "throughput": 0,
                "volume_id": "vol-054369427770235f1",
                "volume_size": 8,
                "volume_type": "standard"
              }
            ],
            "secondary_private_ips": [],
            "security_groups": [],
            "source_dest_check": false,
            "spot_instance_request_id": "",
            "subnet_id": "subnet-055bd8db97b2b105e",
            "tags": {
              "Name": "nat_instance"
            },
            "tags_all": {
              "Name": "nat_instance"
            },
            "tenancy": "default",
            "timeouts": null,
            "user_data": null,
            "user_data_base64": null,
            "user_data_replace_on_change": false,
            "volume_tags": null,
            "vpc_security_group_ids": [
              "sg-050e3b8787ece1d7c"
            ]
          },
          "sensitive_attributes": [],
          "private": "eyJlMmJmYjczMC1lY2FhLTExZTYtOGY4OC0zNDM2M2JjN2M0YzAiOnsiY3JlYXRlIjo2MDAwMDAwMDAwMDAsImRlbGV0ZSI6MTIwMDAwMDAwMDAwMCwicmVhZCI6OTAwMDAwMDAwMDAwLCJ1cGRhdGUiOjYwMDAwMDAwMDAwMH0sInNjaGVtYV92ZXJzaW9uIjoiMSJ9",
          "dependencies": [
            "module.key_pair.aws_key_pair.my_key",
            "module.key_pair.tls_private_key.example",
            "module.security-group.aws_security_group.allow_ssh",
            "module.subnet.aws_subnet.public1",
            "module.subnet.aws_subnet.public2",
            "module.vpc.aws_vpc.main"
          ]
        }
      ]
    },
    {
      "module": "module.ec2",
      "mode": "managed",
      "type": "aws_instance",
      "name": "web1",
      "provider": "provider[\"registry.terraform.io/hashicorp/aws\"]",
      "instances": [
        {
          "schema_version": 1,
          "attributes": {
            "ami": "ami-040c33c6a51fd5d96",
            "arn": "arn:aws:ec2:ap-northeast-2:108782082145:instance/i-0ee2c695249846c90",
            "associate_public_ip_address": false,
            "availability_zone": "ap-northeast-2a",
            "capacity_reservation_specification": [
              {
                "capacity_reservation_preference": "open",
                "capacity_reservation_target": []
              }
            ],
            "cpu_core_count": 1,
            "cpu_options": [
              {
                "amd_sev_snp": "",
                "core_count": 1,
                "threads_per_core": 1
              }
            ],
            "cpu_threads_per_core": 1,
            "credit_specification": [
              {
                "cpu_credits": "standard"
              }
            ],
            "disable_api_stop": false,
            "disable_api_termination": false,
            "ebs_block_device": [],
            "ebs_optimized": false,
            "enclave_options": [
              {
                "enabled": false
              }
            ],
            "ephemeral_block_device": [],
            "get_password_data": false,
            "hibernation": false,
            "host_id": "",
            "host_resource_group_arn": null,
            "iam_instance_profile": "",
            "id": "i-0ee2c695249846c90",
            "instance_initiated_shutdown_behavior": "stop",
            "instance_lifecycle": "",
            "instance_market_options": [],
            "instance_state": "running",
            "instance_type": "t2.micro",
            "ipv6_address_count": 0,
            "ipv6_addresses": [],
            "key_name": "my_key",
            "launch_template": [],
            "maintenance_options": [
              {
                "auto_recovery": "default"
              }
            ],
            "metadata_options": [
              {
                "http_endpoint": "enabled",
                "http_protocol_ipv6": "disabled",
                "http_put_response_hop_limit": 2,
                "http_tokens": "required",
                "instance_metadata_tags": "disabled"
              }
            ],
            "monitoring": false,
            "network_interface": [],
            "outpost_arn": "",
            "password_data": "",
            "placement_group": "",
            "placement_partition_number": 0,
            "primary_network_interface_id": "eni-054255f4e38196445",
            "private_dns": "ip-10-0-3-132.ap-northeast-2.compute.internal",
            "private_dns_name_options": [
              {
                "enable_resource_name_dns_a_record": false,
                "enable_resource_name_dns_aaaa_record": false,
                "hostname_type": "ip-name"
              }
            ],
            "private_ip": "10.0.3.132",
            "public_dns": "",
            "public_ip": "",
            "root_block_device": [
              {
                "delete_on_termination": true,
                "device_name": "/dev/sda1",
                "encrypted": false,
                "iops": 3000,
                "kms_key_id": "",
                "tags": {},
                "tags_all": {},
                "throughput": 125,
                "volume_id": "vol-06627a44e26c96422",
                "volume_size": 8,
                "volume_type": "gp3"
              }
            ],
            "secondary_private_ips": [],
            "security_groups": [],
            "source_dest_check": true,
            "spot_instance_request_id": "",
            "subnet_id": "subnet-0eed477373495dc26",
            "tags": {
              "Name": "web1"
            },
            "tags_all": {
              "Name": "web1"
            },
            "tenancy": "default",
            "timeouts": null,
            "user_data": null,
            "user_data_base64": null,
            "user_data_replace_on_change": false,
            "volume_tags": null,
            "vpc_security_group_ids": [
              "sg-050e3b8787ece1d7c"
            ]
          },
          "sensitive_attributes": [],
          "private": "eyJlMmJmYjczMC1lY2FhLTExZTYtOGY4OC0zNDM2M2JjN2M0YzAiOnsiY3JlYXRlIjo2MDAwMDAwMDAwMDAsImRlbGV0ZSI6MTIwMDAwMDAwMDAwMCwicmVhZCI6OTAwMDAwMDAwMDAwLCJ1cGRhdGUiOjYwMDAwMDAwMDAwMH0sInNjaGVtYV92ZXJzaW9uIjoiMSJ9",
          "dependencies": [
            "module.key_pair.aws_key_pair.my_key",
            "module.key_pair.tls_private_key.example",
            "module.security-group.aws_security_group.allow_ssh",
            "module.subnet.aws_subnet.private1",
            "module.subnet.aws_subnet.private2",
            "module.vpc.aws_vpc.main"
          ]
        }
      ]
    },
    {
      "module": "module.ec2",
      "mode": "managed",
      "type": "aws_instance",
      "name": "web2",
      "provider": "provider[\"registry.terraform.io/hashicorp/aws\"]",
      "instances": [
        {
          "schema_version": 1,
          "attributes": {
            "ami": "ami-040c33c6a51fd5d96",
            "arn": "arn:aws:ec2:ap-northeast-2:108782082145:instance/i-0187603b1674566f4",
            "associate_public_ip_address": false,
            "availability_zone": "ap-northeast-2c",
            "capacity_reservation_specification": [
              {
                "capacity_reservation_preference": "open",
                "capacity_reservation_target": []
              }
            ],
            "cpu_core_count": 1,
            "cpu_options": [
              {
                "amd_sev_snp": "",
                "core_count": 1,
                "threads_per_core": 1
              }
            ],
            "cpu_threads_per_core": 1,
            "credit_specification": [
              {
                "cpu_credits": "standard"
              }
            ],
            "disable_api_stop": false,
            "disable_api_termination": false,
            "ebs_block_device": [],
            "ebs_optimized": false,
            "enclave_options": [
              {
                "enabled": false
              }
            ],
            "ephemeral_block_device": [],
            "get_password_data": false,
            "hibernation": false,
            "host_id": "",
            "host_resource_group_arn": null,
            "iam_instance_profile": "",
            "id": "i-0187603b1674566f4",
            "instance_initiated_shutdown_behavior": "stop",
            "instance_lifecycle": "",
            "instance_market_options": [],
            "instance_state": "running",
            "instance_type": "t2.micro",
            "ipv6_address_count": 0,
            "ipv6_addresses": [],
            "key_name": "my_key",
            "launch_template": [],
            "maintenance_options": [
              {
                "auto_recovery": "default"
              }
            ],
            "metadata_options": [
              {
                "http_endpoint": "enabled",
                "http_protocol_ipv6": "disabled",
                "http_put_response_hop_limit": 2,
                "http_tokens": "required",
                "instance_metadata_tags": "disabled"
              }
            ],
            "monitoring": false,
            "network_interface": [],
            "outpost_arn": "",
            "password_data": "",
            "placement_group": "",
            "placement_partition_number": 0,
            "primary_network_interface_id": "eni-0d983ec962c140fd8",
            "private_dns": "ip-10-0-4-11.ap-northeast-2.compute.internal",
            "private_dns_name_options": [
              {
                "enable_resource_name_dns_a_record": false,
                "enable_resource_name_dns_aaaa_record": false,
                "hostname_type": "ip-name"
              }
            ],
            "private_ip": "10.0.4.11",
            "public_dns": "",
            "public_ip": "",
            "root_block_device": [
              {
                "delete_on_termination": true,
                "device_name": "/dev/sda1",
                "encrypted": false,
                "iops": 3000,
                "kms_key_id": "",
                "tags": {},
                "tags_all": {},
                "throughput": 125,
                "volume_id": "vol-05db6f7e925ac9ea1",
                "volume_size": 8,
                "volume_type": "gp3"
              }
            ],
            "secondary_private_ips": [],
            "security_groups": [],
            "source_dest_check": true,
            "spot_instance_request_id": "",
            "subnet_id": "subnet-0463f14cfe3793832",
            "tags": {
              "Name": "web2"
            },
            "tags_all": {
              "Name": "web2"
            },
            "tenancy": "default",
            "timeouts": null,
            "user_data": null,
            "user_data_base64": null,
            "user_data_replace_on_change": false,
            "volume_tags": null,
            "vpc_security_group_ids": [
              "sg-050e3b8787ece1d7c"
            ]
          },
          "sensitive_attributes": [],
          "private": "eyJlMmJmYjczMC1lY2FhLTExZTYtOGY4OC0zNDM2M2JjN2M0YzAiOnsiY3JlYXRlIjo2MDAwMDAwMDAwMDAsImRlbGV0ZSI6MTIwMDAwMDAwMDAwMCwicmVhZCI6OTAwMDAwMDAwMDAwLCJ1cGRhdGUiOjYwMDAwMDAwMDAwMH0sInNjaGVtYV92ZXJzaW9uIjoiMSJ9",
          "dependencies": [
            "module.key_pair.aws_key_pair.my_key",
            "module.key_pair.tls_private_key.example",
            "module.security-group.aws_security_group.allow_ssh",
            "module.subnet.aws_subnet.private1",
            "module.subnet.aws_subnet.private2",
            "module.vpc.aws_vpc.main"
          ]
        }
      ]
    },
    {
      "module": "module.key_pair",
      "mode": "managed",
      "type": "aws_key_pair",
      "name": "my_key",
      "provider": "provider[\"registry.terraform.io/hashicorp/aws\"]",
      "instances": [
        {
          "schema_version": 1,
          "attributes": {
            "arn": "arn:aws:ec2:ap-northeast-2:108782082145:key-pair/my_key",
            "fingerprint": "5c:90:20:e8:0e:c0:ba:c3:13:d4:a9:ad:e9:84:17:7c",
            "id": "my_key",
            "key_name": "my_key",
            "key_name_prefix": "",
            "key_pair_id": "key-0ee64802494e542c5",
            "key_type": "rsa",
            "public_key": "ssh-rsa AAAAB3NzaC1yc2EAAAADAQABAAABAQDQaNgnCWJXWJUFuuBGy/1iketVt0mO2xH7cRRtj3YmVOePGyOzmTM8X5PSitwzauG+jgWz3TCAIghKOuRPpXcXwRfD0lGfs6V9TVdw39Kt7yRSeUFS6YFLcUlG0QhCU7zwt6HG6xIHrZzsWZV/HtPUWTwI1zo1BmhhLgXM9k/aVlOxPioDiRxOJxZuUGvxGfoxvByz4p2/KBUzY9bLvAwj46Fet1cdEfN0cHjG2B4zGvKYcUC/lTCAbtqgLbK/Ck2IoG76wIigI/Q1Leeuk0AtzbagfPVjB55e5KA7uvvJWdAP67uiut7WdOHlu1pEUwPZuDkOGM7gg26v5A2UdUsz",
            "tags": {},
            "tags_all": {}
          },
          "sensitive_attributes": [],
          "private": "eyJzY2hlbWFfdmVyc2lvbiI6IjEifQ==",
          "dependencies": [
            "module.key_pair.tls_private_key.example"
          ]
        }
      ]
    },
    {
      "module": "module.key_pair",
      "mode": "managed",
      "type": "local_file",
      "name": "private_key",
      "provider": "provider[\"registry.terraform.io/hashicorp/local\"]",
      "instances": [
        {
          "schema_version": 0,
          "attributes": {
            "content": "-----BEGIN RSA PRIVATE KEY-----\nMIIEpAIBAAKCAQEA0GjYJwliV1iVBbrgRsv9YpHrVbdJjtsR+3EUbY92JlTnjxsj\ns5kzPF+T0orcM2rhvo4Fs90wgCIISjrkT6V3F8EXw9JRn7OlfU1XcN/Sre8kUnlB\nUumBS3FJRtEIQlO88LehxusSB62c7FmVfx7T1Fk8CNc6NQZoYS4FzPZP2lZTsT4q\nA4kcTicWblBr8Rn6Mbwcs+KdvygVM2PWy7wMI+OhXrdXHRHzdHB4xtgeMxrymHFA\nv5UwgG7aoC2yvwpNiKBu+sCIoCP0NS3nrpNALc22oHz1YweeXuSgO7r7yVnQD+u7\norre1nTh5btaRFMD2bg5DhjO4INur+QNlHVLMwIDAQABAoIBAFa6muE75YHl6jY1\nO6oar/q6MM499U2O2x/hQhgJ8KgpAygpqiTOZ2UDfVfL07FOFF2harwcG1fnUb3a\nXjLK8BGhmIs0ViV4tDC949qkOl+Junrb3RRs+hJ0NYNT7/TyNhmSwa8vGhS56ijt\nauo44PxomjQvpRh17zAp394YzshUDkIIolacD5ExxHkXwr9C85NqUnJ14CM7AwZg\n3EPsg3DwZM31raG6UZdp56uzLv/cz/FgABpNVy5D/dhappSHmPvgLwZUvCHxst6f\nr0BbvR1x9oBWlcBAZobBuZbuSUjeN33y9Ky8ApyLhJIsl94TEB2C/ViImvY2t7L+\nB83ZzRkCgYEA6iozL6AOKdYvroEVb6t906k9jlRpxeHoxpMEhaTzSa6huqHoqlxw\niF5DGp72KwQ9ay959+U1C6+VapeRbZuSWO74fljVZMVY83IptF2WnVoi3vo7dGjn\nEzxIxzh8jGd7t+TF1WFcDnd+3JC4wN4vzMdIVtLIfB6kQZAzKUCFQ1cCgYEA49fV\niW2kZYbegap9XAFfViEJWOi4MAWeFyEeoMoJng17JJ6wz4HTUHgEqE3Vel447YZY\nsaa5+mk16cFmNDtMpn/emVK57AHvwzYD94rRUARKAGmZWhcLtRd5VHykP8zhEQrm\npZga8h6uOMrKlGr2gU4WdYyOFQ+iFtooZO82yYUCgYEAubJljSsckEju3zA206vn\nyOa5jhmbF/YjJvaH64P3+0Kltt+XJyLPixVVmdLd3RcrrcikrNXzzySbFUDFb2qk\nECrSnT/NWnC2LbknIYXmXzqP1MwUQii+tx5jiLle6+lUz2x5BtKCsmZJEJkkKq8I\nsRiIYXIe029pSyUTrW8hP1kCgYEAnKZxr4pNxGwlIZuZkx9yb+JI7fMbaBEEr7xa\ntYwTbrKwHu5ofFMzeZj7Ash45ShRFaYP5xzNs4iQw8XvwiufOL6jymDhaY2vTlUe\nBx1Paid4xa3U/ObparnX9qm3uBHiEHihOetJY3yKpotvGvorv51zvaBEs+BKvlGC\nAluiHI0CgYATt9HWZQ6VJgRfoGnOCNrTgr7m02jA/KgOd2cWSw2tHsxvk/pA/i0E\nFOJLLOzVWhKzfW6+dUtcXR4Z3KmxjjWuI+cj9bThMHJcYx78rTcIksp+Xr45VIO0\neymM5U/AJ4Br6NiptMvA9+TLr18RNcs+vLzvorrcjRYqV85EBYGfcQ==\n-----END RSA PRIVATE KEY-----\n",
            "content_base64": null,
            "content_base64sha256": "DK/PpoUjrOM2GrQg+19DJGmn/DfTuP/esXqmWeSJVnE=",
            "content_base64sha512": "ZBRG2yC+LQTseGCgsA8e/KfkeNYEYeFh8uyqW9WR9Y3gJ9wCcnHEgBeqoBdQ946fWdxicmyzx2VFfH6AKaE19w==",
            "content_md5": "6284726dc59442df223dbdaa943b249a",
            "content_sha1": "fb25c29f26b6063d1921e8fb3ef77bb8e959d35e",
            "content_sha256": "0cafcfa68523ace3361ab420fb5f432469a7fc37d3b8ffdeb17aa659e4895671",
            "content_sha512": "641446db20be2d04ec7860a0b00f1efca7e478d60461e161f2ecaa5bd591f58de027dc027271c48017aaa01750f78e9f59dc62726cb3c765457c7e8029a135f7",
            "directory_permission": "0777",
            "file_permission": "0777",
            "filename": "modules/key-pair/my_key.pem",
            "id": "fb25c29f26b6063d1921e8fb3ef77bb8e959d35e",
            "sensitive_content": null,
            "source": null
          },
          "sensitive_attributes": [
            [
              {
                "type": "get_attr",
                "value": "sensitive_content"
              }
            ],
            [
              {
                "type": "get_attr",
                "value": "content"
              }
            ]
          ],
          "dependencies": [
            "module.key_pair.tls_private_key.example"
          ]
        }
      ]
    },
    {
      "module": "module.key_pair",
      "mode": "managed",
      "type": "tls_private_key",
      "name": "example",
      "provider": "provider[\"registry.terraform.io/hashicorp/tls\"]",
      "instances": [
        {
          "schema_version": 1,
          "attributes": {
            "algorithm": "RSA",
            "ecdsa_curve": "P224",
            "id": "85b358a54063f3eb18a8df851666b63b3ef5bc07",
            "private_key_openssh": "-----BEGIN OPENSSH PRIVATE KEY-----\nb3BlbnNzaC1rZXktdjEAAAAABG5vbmUAAAAEbm9uZQAAAAAAAAABAAABFwAAAAdz\nc2gtcnNhAAAAAwEAAQAAAQEA0GjYJwliV1iVBbrgRsv9YpHrVbdJjtsR+3EUbY92\nJlTnjxsjs5kzPF+T0orcM2rhvo4Fs90wgCIISjrkT6V3F8EXw9JRn7OlfU1XcN/S\nre8kUnlBUumBS3FJRtEIQlO88LehxusSB62c7FmVfx7T1Fk8CNc6NQZoYS4FzPZP\n2lZTsT4qA4kcTicWblBr8Rn6Mbwcs+KdvygVM2PWy7wMI+OhXrdXHRHzdHB4xtge\nMxrymHFAv5UwgG7aoC2yvwpNiKBu+sCIoCP0NS3nrpNALc22oHz1YweeXuSgO7r7\nyVnQD+u7orre1nTh5btaRFMD2bg5DhjO4INur+QNlHVLMwAAA7gGbQoJBm0KCQAA\nAAdzc2gtcnNhAAABAQDQaNgnCWJXWJUFuuBGy/1iketVt0mO2xH7cRRtj3YmVOeP\nGyOzmTM8X5PSitwzauG+jgWz3TCAIghKOuRPpXcXwRfD0lGfs6V9TVdw39Kt7yRS\neUFS6YFLcUlG0QhCU7zwt6HG6xIHrZzsWZV/HtPUWTwI1zo1BmhhLgXM9k/aVlOx\nPioDiRxOJxZuUGvxGfoxvByz4p2/KBUzY9bLvAwj46Fet1cdEfN0cHjG2B4zGvKY\ncUC/lTCAbtqgLbK/Ck2IoG76wIigI/Q1Leeuk0AtzbagfPVjB55e5KA7uvvJWdAP\n67uiut7WdOHlu1pEUwPZuDkOGM7gg26v5A2UdUszAAAAAwEAAQAAAQBWuprhO+WB\n5eo2NTuqGq/6ujDOPfVNjtsf4UIYCfCoKQMoKaokzmdlA31Xy9OxThRdoWq8HBtX\n51G92l4yyvARoZiLNFYleLQwvePapDpfibp6290UbPoSdDWDU+/08jYZksGvLxoU\nueoo7WrqOOD8aJo0L6UYde8wKd/eGM7IVA5CCKJWnA+RMcR5F8K/QvOTalJydeAj\nOwMGYNxD7INw8GTN9a2hulGXaeersy7/3M/xYAAaTVcuQ/3YWqaUh5j74C8GVLwh\n8bLen69AW70dcfaAVpXAQGaGwbmW7klI3jd98vSsvAKci4SSLJfeExAdgv1YiJr2\nNrey/gfN2c0ZAAAAgBO30dZlDpUmBF+gac4I2tOCvubTaMD8qA53ZxZLDa0ezG+T\n+kD+LQQU4kss7NVaErN9br51S1xdHhncqbGONa4j5yP1tOEwclxjHvytNwiSyn5e\nvjlUg7R7KYzlT8AngGvo2Km0y8D35MuvXxE1yz68vO+iutyNFipXzkQFgZ9xAAAA\ngQDqKjMvoA4p1i+ugRVvq33TqT2OVGnF4ejGkwSFpPNJrqG6oeiqXHCIXkManvYr\nBD1rL3n35TULr5Vql5Ftm5JY7vh+WNVkxVjzcim0XZadWiLe+jt0aOcTPEjHOHyM\nZ3u35MXVYVwOd37ckLjA3i/Mx0hW0sh8HqRBkDMpQIVDVwAAAIEA49fViW2kZYbe\ngap9XAFfViEJWOi4MAWeFyEeoMoJng17JJ6wz4HTUHgEqE3Vel447YZYsaa5+mk1\n6cFmNDtMpn/emVK57AHvwzYD94rRUARKAGmZWhcLtRd5VHykP8zhEQrmpZga8h6u\nOMrKlGr2gU4WdYyOFQ+iFtooZO82yYUAAAAAAQID\n-----END OPENSSH PRIVATE KEY-----\n",
            "private_key_pem": "-----BEGIN RSA PRIVATE KEY-----\nMIIEpAIBAAKCAQEA0GjYJwliV1iVBbrgRsv9YpHrVbdJjtsR+3EUbY92JlTnjxsj\ns5kzPF+T0orcM2rhvo4Fs90wgCIISjrkT6V3F8EXw9JRn7OlfU1XcN/Sre8kUnlB\nUumBS3FJRtEIQlO88LehxusSB62c7FmVfx7T1Fk8CNc6NQZoYS4FzPZP2lZTsT4q\nA4kcTicWblBr8Rn6Mbwcs+KdvygVM2PWy7wMI+OhXrdXHRHzdHB4xtgeMxrymHFA\nv5UwgG7aoC2yvwpNiKBu+sCIoCP0NS3nrpNALc22oHz1YweeXuSgO7r7yVnQD+u7\norre1nTh5btaRFMD2bg5DhjO4INur+QNlHVLMwIDAQABAoIBAFa6muE75YHl6jY1\nO6oar/q6MM499U2O2x/hQhgJ8KgpAygpqiTOZ2UDfVfL07FOFF2harwcG1fnUb3a\nXjLK8BGhmIs0ViV4tDC949qkOl+Junrb3RRs+hJ0NYNT7/TyNhmSwa8vGhS56ijt\nauo44PxomjQvpRh17zAp394YzshUDkIIolacD5ExxHkXwr9C85NqUnJ14CM7AwZg\n3EPsg3DwZM31raG6UZdp56uzLv/cz/FgABpNVy5D/dhappSHmPvgLwZUvCHxst6f\nr0BbvR1x9oBWlcBAZobBuZbuSUjeN33y9Ky8ApyLhJIsl94TEB2C/ViImvY2t7L+\nB83ZzRkCgYEA6iozL6AOKdYvroEVb6t906k9jlRpxeHoxpMEhaTzSa6huqHoqlxw\niF5DGp72KwQ9ay959+U1C6+VapeRbZuSWO74fljVZMVY83IptF2WnVoi3vo7dGjn\nEzxIxzh8jGd7t+TF1WFcDnd+3JC4wN4vzMdIVtLIfB6kQZAzKUCFQ1cCgYEA49fV\niW2kZYbegap9XAFfViEJWOi4MAWeFyEeoMoJng17JJ6wz4HTUHgEqE3Vel447YZY\nsaa5+mk16cFmNDtMpn/emVK57AHvwzYD94rRUARKAGmZWhcLtRd5VHykP8zhEQrm\npZga8h6uOMrKlGr2gU4WdYyOFQ+iFtooZO82yYUCgYEAubJljSsckEju3zA206vn\nyOa5jhmbF/YjJvaH64P3+0Kltt+XJyLPixVVmdLd3RcrrcikrNXzzySbFUDFb2qk\nECrSnT/NWnC2LbknIYXmXzqP1MwUQii+tx5jiLle6+lUz2x5BtKCsmZJEJkkKq8I\nsRiIYXIe029pSyUTrW8hP1kCgYEAnKZxr4pNxGwlIZuZkx9yb+JI7fMbaBEEr7xa\ntYwTbrKwHu5ofFMzeZj7Ash45ShRFaYP5xzNs4iQw8XvwiufOL6jymDhaY2vTlUe\nBx1Paid4xa3U/ObparnX9qm3uBHiEHihOetJY3yKpotvGvorv51zvaBEs+BKvlGC\nAluiHI0CgYATt9HWZQ6VJgRfoGnOCNrTgr7m02jA/KgOd2cWSw2tHsxvk/pA/i0E\nFOJLLOzVWhKzfW6+dUtcXR4Z3KmxjjWuI+cj9bThMHJcYx78rTcIksp+Xr45VIO0\neymM5U/AJ4Br6NiptMvA9+TLr18RNcs+vLzvorrcjRYqV85EBYGfcQ==\n-----END RSA PRIVATE KEY-----\n",
            "private_key_pem_pkcs8": "-----BEGIN PRIVATE KEY-----\nMIIEvgIBADANBgkqhkiG9w0BAQEFAASCBKgwggSkAgEAAoIBAQDQaNgnCWJXWJUF\nuuBGy/1iketVt0mO2xH7cRRtj3YmVOePGyOzmTM8X5PSitwzauG+jgWz3TCAIghK\nOuRPpXcXwRfD0lGfs6V9TVdw39Kt7yRSeUFS6YFLcUlG0QhCU7zwt6HG6xIHrZzs\nWZV/HtPUWTwI1zo1BmhhLgXM9k/aVlOxPioDiRxOJxZuUGvxGfoxvByz4p2/KBUz\nY9bLvAwj46Fet1cdEfN0cHjG2B4zGvKYcUC/lTCAbtqgLbK/Ck2IoG76wIigI/Q1\nLeeuk0AtzbagfPVjB55e5KA7uvvJWdAP67uiut7WdOHlu1pEUwPZuDkOGM7gg26v\n5A2UdUszAgMBAAECggEAVrqa4TvlgeXqNjU7qhqv+rowzj31TY7bH+FCGAnwqCkD\nKCmqJM5nZQN9V8vTsU4UXaFqvBwbV+dRvdpeMsrwEaGYizRWJXi0ML3j2qQ6X4m6\netvdFGz6EnQ1g1Pv9PI2GZLBry8aFLnqKO1q6jjg/GiaNC+lGHXvMCnf3hjOyFQO\nQgiiVpwPkTHEeRfCv0Lzk2pScnXgIzsDBmDcQ+yDcPBkzfWtobpRl2nnq7Mu/9zP\n8WAAGk1XLkP92FqmlIeY++AvBlS8IfGy3p+vQFu9HXH2gFaVwEBmhsG5lu5JSN43\nffL0rLwCnIuEkiyX3hMQHYL9WIia9ja3sv4HzdnNGQKBgQDqKjMvoA4p1i+ugRVv\nq33TqT2OVGnF4ejGkwSFpPNJrqG6oeiqXHCIXkManvYrBD1rL3n35TULr5Vql5Ft\nm5JY7vh+WNVkxVjzcim0XZadWiLe+jt0aOcTPEjHOHyMZ3u35MXVYVwOd37ckLjA\n3i/Mx0hW0sh8HqRBkDMpQIVDVwKBgQDj19WJbaRlht6Bqn1cAV9WIQlY6LgwBZ4X\nIR6gygmeDXsknrDPgdNQeASoTdV6Xjjthlixprn6aTXpwWY0O0ymf96ZUrnsAe/D\nNgP3itFQBEoAaZlaFwu1F3lUfKQ/zOERCualmBryHq44ysqUavaBThZ1jI4VD6IW\n2ihk7zbJhQKBgQC5smWNKxyQSO7fMDbTq+fI5rmOGZsX9iMm9ofrg/f7QqW235cn\nIs+LFVWZ0t3dFyutyKSs1fPPJJsVQMVvaqQQKtKdP81acLYtuSchheZfOo/UzBRC\nKL63HmOIuV7r6VTPbHkG0oKyZkkQmSQqrwixGIhhch7Tb2lLJROtbyE/WQKBgQCc\npnGvik3EbCUhm5mTH3Jv4kjt8xtoEQSvvFq1jBNusrAe7mh8UzN5mPsCyHjlKFEV\npg/nHM2ziJDDxe/CK584vqPKYOFpja9OVR4HHU9qJ3jFrdT85ulqudf2qbe4EeIQ\neKE560ljfIqmi28a+iu/nXO9oESz4Eq+UYICW6IcjQKBgBO30dZlDpUmBF+gac4I\n2tOCvubTaMD8qA53ZxZLDa0ezG+T+kD+LQQU4kss7NVaErN9br51S1xdHhncqbGO\nNa4j5yP1tOEwclxjHvytNwiSyn5evjlUg7R7KYzlT8AngGvo2Km0y8D35MuvXxE1\nyz68vO+iutyNFipXzkQFgZ9x\n-----END PRIVATE KEY-----\n",
            "public_key_fingerprint_md5": "1c:53:02:15:19:38:ec:1f:8d:2c:55:f3:26:fc:97:dd",
            "public_key_fingerprint_sha256": "SHA256:xwkY7J6hvE3TroVNFPOYM2DcZCCpBoYADWj8T0xxQu4",
            "public_key_openssh": "ssh-rsa AAAAB3NzaC1yc2EAAAADAQABAAABAQDQaNgnCWJXWJUFuuBGy/1iketVt0mO2xH7cRRtj3YmVOePGyOzmTM8X5PSitwzauG+jgWz3TCAIghKOuRPpXcXwRfD0lGfs6V9TVdw39Kt7yRSeUFS6YFLcUlG0QhCU7zwt6HG6xIHrZzsWZV/HtPUWTwI1zo1BmhhLgXM9k/aVlOxPioDiRxOJxZuUGvxGfoxvByz4p2/KBUzY9bLvAwj46Fet1cdEfN0cHjG2B4zGvKYcUC/lTCAbtqgLbK/Ck2IoG76wIigI/Q1Leeuk0AtzbagfPVjB55e5KA7uvvJWdAP67uiut7WdOHlu1pEUwPZuDkOGM7gg26v5A2UdUsz\n",
            "public_key_pem": "-----BEGIN PUBLIC KEY-----\nMIIBIjANBgkqhkiG9w0BAQEFAAOCAQ8AMIIBCgKCAQEA0GjYJwliV1iVBbrgRsv9\nYpHrVbdJjtsR+3EUbY92JlTnjxsjs5kzPF+T0orcM2rhvo4Fs90wgCIISjrkT6V3\nF8EXw9JRn7OlfU1XcN/Sre8kUnlBUumBS3FJRtEIQlO88LehxusSB62c7FmVfx7T\n1Fk8CNc6NQZoYS4FzPZP2lZTsT4qA4kcTicWblBr8Rn6Mbwcs+KdvygVM2PWy7wM\nI+OhXrdXHRHzdHB4xtgeMxrymHFAv5UwgG7aoC2yvwpNiKBu+sCIoCP0NS3nrpNA\nLc22oHz1YweeXuSgO7r7yVnQD+u7orre1nTh5btaRFMD2bg5DhjO4INur+QNlHVL\nMwIDAQAB\n-----END PUBLIC KEY-----\n",
            "rsa_bits": 2048
          },
          "sensitive_attributes": [
            [
              {
                "type": "get_attr",
                "value": "private_key_openssh"
              }
            ],
            [
              {
                "type": "get_attr",
                "value": "private_key_pem_pkcs8"
              }
            ],
            [
              {
                "type": "get_attr",
                "value": "private_key_pem"
              }
            ]
          ]
        }
      ]
    },
    {
      "module": "module.rds",
      "mode": "managed",
      "type": "aws_db_instance",
      "name": "this",
      "provider": "provider[\"registry.terraform.io/hashicorp/aws\"]",
      "instances": [
        {
          "schema_version": 2,
          "attributes": {
            "address": "mydatabase.ch64mwcw49o3.ap-northeast-2.rds.amazonaws.com",
            "allocated_storage": 20,
            "allow_major_version_upgrade": null,
            "apply_immediately": false,
            "arn": "arn:aws:rds:ap-northeast-2:108782082145:db:mydatabase",
            "auto_minor_version_upgrade": true,
            "availability_zone": "ap-northeast-2a",
            "backup_retention_period": 0,
            "backup_target": "region",
            "backup_window": "13:51-14:21",
            "blue_green_update": [],
            "ca_cert_identifier": "rds-ca-rsa2048-g1",
            "character_set_name": "",
            "copy_tags_to_snapshot": false,
            "custom_iam_instance_profile": "",
            "customer_owned_ip_enabled": false,
            "db_name": "",
            "db_subnet_group_name": "mydatabase-subnet-group",
            "dedicated_log_volume": false,
            "delete_automated_backups": true,
            "deletion_protection": false,
            "domain": "",
            "domain_auth_secret_arn": "",
            "domain_dns_ips": [],
            "domain_fqdn": "",
            "domain_iam_role_name": "",
            "domain_ou": "",
            "enabled_cloudwatch_logs_exports": [],
            "endpoint": "mydatabase.ch64mwcw49o3.ap-northeast-2.rds.amazonaws.com:5432",
            "engine": "postgres",
            "engine_lifecycle_support": "open-source-rds-extended-support",
            "engine_version": "16.3",
            "engine_version_actual": "16.3",
            "final_snapshot_identifier": "mydatabase-final-snapshot",
            "hosted_zone_id": "ZLA2NUCOLGUUR",
            "iam_database_authentication_enabled": false,
            "id": "db-5IQ3MZ27S4TQXJ3NYYSKLMKC6I",
            "identifier": "mydatabase",
            "identifier_prefix": "",
            "instance_class": "db.t3.micro",
            "iops": 0,
            "kms_key_id": "",
            "latest_restorable_time": "",
            "license_model": "postgresql-license",
            "listener_endpoint": [],
            "maintenance_window": "sun:15:49-sun:16:19",
            "manage_master_user_password": null,
            "master_user_secret": [],
            "master_user_secret_kms_key_id": null,
            "max_allocated_storage": 0,
            "monitoring_interval": 0,
            "monitoring_role_arn": "",
            "multi_az": false,
            "nchar_character_set_name": "",
            "network_type": "IPV4",
            "option_group_name": "default:postgres-16",
            "parameter_group_name": "default.postgres16",
            "password": "test1234",
            "performance_insights_enabled": false,
            "performance_insights_kms_key_id": "",
            "performance_insights_retention_period": 0,
            "port": 5432,
            "publicly_accessible": false,
            "replica_mode": "",
            "replicas": [],
            "replicate_source_db": "",
            "resource_id": "db-5IQ3MZ27S4TQXJ3NYYSKLMKC6I",
            "restore_to_point_in_time": [],
            "s3_import": [],
            "skip_final_snapshot": true,
            "snapshot_identifier": null,
            "status": "available",
            "storage_encrypted": false,
            "storage_throughput": 0,
            "storage_type": "gp2",
            "tags": {},
            "tags_all": {},
            "timeouts": null,
            "timezone": "",
            "upgrade_storage_config": null,
            "username": "postgres",
            "vpc_security_group_ids": [
              "sg-050e3b8787ece1d7c"
            ]
          },
          "sensitive_attributes": [
            [
              {
                "type": "get_attr",
                "value": "password"
              }
            ]
          ],
          "private": "eyJlMmJmYjczMC1lY2FhLTExZTYtOGY4OC0zNDM2M2JjN2M0YzAiOnsiY3JlYXRlIjoyNDAwMDAwMDAwMDAwLCJkZWxldGUiOjM2MDAwMDAwMDAwMDAsInVwZGF0ZSI6NDgwMDAwMDAwMDAwMH0sInNjaGVtYV92ZXJzaW9uIjoiMiJ9",
          "dependencies": [
            "module.rds.aws_db_subnet_group.this",
            "module.security-group.aws_security_group.allow_ssh",
            "module.subnet.aws_subnet.private1",
            "module.subnet.aws_subnet.private2",
            "module.vpc.aws_vpc.main"
          ]
        }
      ]
    },
    {
      "module": "module.rds",
      "mode": "managed",
      "type": "aws_db_subnet_group",
      "name": "this",
      "provider": "provider[\"registry.terraform.io/hashicorp/aws\"]",
      "instances": [
        {
          "schema_version": 0,
          "attributes": {
            "arn": "arn:aws:rds:ap-northeast-2:108782082145:subgrp:mydatabase-subnet-group",
            "description": "Managed by Terraform",
            "id": "mydatabase-subnet-group",
            "name": "mydatabase-subnet-group",
            "name_prefix": "",
            "subnet_ids": [
              "subnet-0463f14cfe3793832",
              "subnet-0eed477373495dc26"
            ],
            "supported_network_types": [
              "IPV4"
            ],
            "tags": {
              "Name": "mydatabase-subnet-group"
            },
            "tags_all": {
              "Name": "mydatabase-subnet-group"
            },
            "vpc_id": "vpc-0aec5281f939d7170"
          },
          "sensitive_attributes": [],
          "private": "bnVsbA==",
          "dependencies": [
            "module.subnet.aws_subnet.private1",
            "module.subnet.aws_subnet.private2",
            "module.vpc.aws_vpc.main"
          ]
        }
      ]
    },
    {
      "module": "module.s3",
      "mode": "managed",
      "type": "aws_s3_bucket",
      "name": "this",
      "provider": "provider[\"registry.terraform.io/hashicorp/aws\"]",
      "instances": [
        {
          "schema_version": 0,
          "attributes": {
            "acceleration_status": "",
            "acl": null,
            "arn": "arn:aws:s3:::my-unique-bucket-name-sionkim",
            "bucket": "my-unique-bucket-name-sionkim",
            "bucket_domain_name": "my-unique-bucket-name-sionkim.s3.amazonaws.com",
            "bucket_prefix": "",
            "bucket_regional_domain_name": "my-unique-bucket-name-sionkim.s3.ap-northeast-2.amazonaws.com",
            "cors_rule": [],
            "force_destroy": false,
            "grant": [
              {
                "id": "95ec31a8854d5399ae022127e1b0b8b1ffdc897795bdcb844be4a9569f304d0d",
                "permissions": [
                  "FULL_CONTROL"
                ],
                "type": "CanonicalUser",
                "uri": ""
              }
            ],
            "hosted_zone_id": "Z3W03O7B5YMIYP",
            "id": "my-unique-bucket-name-sionkim",
            "lifecycle_rule": [],
            "logging": [],
            "object_lock_configuration": [],
            "object_lock_enabled": false,
            "policy": "",
            "region": "ap-northeast-2",
            "replication_configuration": [],
            "request_payer": "BucketOwner",
            "server_side_encryption_configuration": [
              {
                "rule": [
                  {
                    "apply_server_side_encryption_by_default": [
                      {
                        "kms_master_key_id": "",
                        "sse_algorithm": "AES256"
                      }
                    ],
                    "bucket_key_enabled": false
                  }
                ]
              }
            ],
            "tags": {},
            "tags_all": {},
            "timeouts": null,
            "versioning": [
              {
                "enabled": false,
                "mfa_delete": false
              }
            ],
            "website": [],
            "website_domain": null,
            "website_endpoint": null
          },
          "sensitive_attributes": [],
          "private": "eyJlMmJmYjczMC1lY2FhLTExZTYtOGY4OC0zNDM2M2JjN2M0YzAiOnsiY3JlYXRlIjoxMjAwMDAwMDAwMDAwLCJkZWxldGUiOjM2MDAwMDAwMDAwMDAsInJlYWQiOjEyMDAwMDAwMDAwMDAsInVwZGF0ZSI6MTIwMDAwMDAwMDAwMH19"
        }
      ]
    },
    {
      "module": "module.security-group",
      "mode": "managed",
      "type": "aws_security_group",
      "name": "allow_ssh",
      "provider": "provider[\"registry.terraform.io/hashicorp/aws\"]",
      "instances": [
        {
          "schema_version": 1,
          "attributes": {
            "arn": "arn:aws:ec2:ap-northeast-2:108782082145:security-group/sg-050e3b8787ece1d7c",
            "description": "Allow SSH inbound traffic",
            "egress": [
              {
                "cidr_blocks": [
                  "0.0.0.0/0"
                ],
                "description": "",
                "from_port": 0,
                "ipv6_cidr_blocks": [],
                "prefix_list_ids": [],
                "protocol": "-1",
                "security_groups": [],
                "self": false,
                "to_port": 0
              }
            ],
            "id": "sg-050e3b8787ece1d7c",
            "ingress": [
              {
                "cidr_blocks": [
                  "0.0.0.0/0"
                ],
                "description": "",
                "from_port": 0,
                "ipv6_cidr_blocks": [],
                "prefix_list_ids": [],
                "protocol": "-1",
                "security_groups": [],
                "self": false,
                "to_port": 0
              },
              {
                "cidr_blocks": [
                  "0.0.0.0/0"
                ],
                "description": "",
                "from_port": 22,
                "ipv6_cidr_blocks": [],
                "prefix_list_ids": [],
                "protocol": "tcp",
                "security_groups": [],
                "self": false,
                "to_port": 22
              }
            ],
            "name": "allow_ssh",
            "name_prefix": "",
            "owner_id": "108782082145",
            "revoke_rules_on_delete": false,
            "tags": {
              "Name": "allow_ssh"
            },
            "tags_all": {
              "Name": "allow_ssh"
            },
            "timeouts": null,
            "vpc_id": "vpc-0aec5281f939d7170"
          },
          "sensitive_attributes": [],
          "private": "eyJlMmJmYjczMC1lY2FhLTExZTYtOGY4OC0zNDM2M2JjN2M0YzAiOnsiY3JlYXRlIjo2MDAwMDAwMDAwMDAsImRlbGV0ZSI6OTAwMDAwMDAwMDAwfSwic2NoZW1hX3ZlcnNpb24iOiIxIn0=",
          "dependencies": [
            "module.vpc.aws_vpc.main"
          ]
        }
      ]
    },
    {
      "module": "module.subnet",
      "mode": "managed",
      "type": "aws_route_table_association",
      "name": "private_1",
      "provider": "provider[\"registry.terraform.io/hashicorp/aws\"]",
      "instances": [
        {
          "schema_version": 0,
          "attributes": {
            "gateway_id": "",
            "id": "rtbassoc-03519e107095358ef",
            "route_table_id": "rtb-003a026a057bd0356",
            "subnet_id": "subnet-0eed477373495dc26",
            "timeouts": null
          },
          "sensitive_attributes": [],
          "private": "eyJlMmJmYjczMC1lY2FhLTExZTYtOGY4OC0zNDM2M2JjN2M0YzAiOnsiY3JlYXRlIjozMDAwMDAwMDAwMDAsImRlbGV0ZSI6MzAwMDAwMDAwMDAwLCJ1cGRhdGUiOjEyMDAwMDAwMDAwMH19",
          "dependencies": [
            "module.ec2.aws_instance.nat_instance",
            "module.key_pair.aws_key_pair.my_key",
            "module.key_pair.tls_private_key.example",
            "module.security-group.aws_security_group.allow_ssh",
            "module.subnet.aws_subnet.private1",
            "module.subnet.aws_subnet.public1",
            "module.subnet.aws_subnet.public2",
            "module.vpc.aws_route_table.main1",
            "module.vpc.aws_vpc.main"
          ]
        }
      ]
    },
    {
      "module": "module.subnet",
      "mode": "managed",
      "type": "aws_route_table_association",
      "name": "private_2",
      "provider": "provider[\"registry.terraform.io/hashicorp/aws\"]",
      "instances": [
        {
          "schema_version": 0,
          "attributes": {
            "gateway_id": "",
            "id": "rtbassoc-04c3bf33a33803a03",
            "route_table_id": "rtb-003a026a057bd0356",
            "subnet_id": "subnet-0463f14cfe3793832",
            "timeouts": null
          },
          "sensitive_attributes": [],
          "private": "eyJlMmJmYjczMC1lY2FhLTExZTYtOGY4OC0zNDM2M2JjN2M0YzAiOnsiY3JlYXRlIjozMDAwMDAwMDAwMDAsImRlbGV0ZSI6MzAwMDAwMDAwMDAwLCJ1cGRhdGUiOjEyMDAwMDAwMDAwMH19",
          "dependencies": [
            "module.ec2.aws_instance.nat_instance",
            "module.key_pair.aws_key_pair.my_key",
            "module.key_pair.tls_private_key.example",
            "module.security-group.aws_security_group.allow_ssh",
            "module.subnet.aws_subnet.private2",
            "module.subnet.aws_subnet.public1",
            "module.subnet.aws_subnet.public2",
            "module.vpc.aws_route_table.main1",
            "module.vpc.aws_vpc.main"
          ]
        }
      ]
    },
    {
      "module": "module.subnet",
      "mode": "managed",
      "type": "aws_route_table_association",
      "name": "public_1",
      "provider": "provider[\"registry.terraform.io/hashicorp/aws\"]",
      "instances": [
        {
          "schema_version": 0,
          "attributes": {
            "gateway_id": "",
            "id": "rtbassoc-07080ee2312f49a40",
            "route_table_id": "rtb-0025c1cd3a5fccdcb",
            "subnet_id": "subnet-026248e83318eeb20",
            "timeouts": null
          },
          "sensitive_attributes": [],
          "private": "eyJlMmJmYjczMC1lY2FhLTExZTYtOGY4OC0zNDM2M2JjN2M0YzAiOnsiY3JlYXRlIjozMDAwMDAwMDAwMDAsImRlbGV0ZSI6MzAwMDAwMDAwMDAwLCJ1cGRhdGUiOjEyMDAwMDAwMDAwMH19",
          "dependencies": [
            "module.subnet.aws_subnet.public1",
            "module.vpc.aws_internet_gateway.main",
            "module.vpc.aws_route_table.main",
            "module.vpc.aws_vpc.main"
          ]
        }
      ]
    },
    {
      "module": "module.subnet",
      "mode": "managed",
      "type": "aws_route_table_association",
      "name": "public_2",
      "provider": "provider[\"registry.terraform.io/hashicorp/aws\"]",
      "instances": [
        {
          "schema_version": 0,
          "attributes": {
            "gateway_id": "",
            "id": "rtbassoc-0a51f3c47999f21e1",
            "route_table_id": "rtb-0025c1cd3a5fccdcb",
            "subnet_id": "subnet-055bd8db97b2b105e",
            "timeouts": null
          },
          "sensitive_attributes": [],
          "private": "eyJlMmJmYjczMC1lY2FhLTExZTYtOGY4OC0zNDM2M2JjN2M0YzAiOnsiY3JlYXRlIjozMDAwMDAwMDAwMDAsImRlbGV0ZSI6MzAwMDAwMDAwMDAwLCJ1cGRhdGUiOjEyMDAwMDAwMDAwMH19",
          "dependencies": [
            "module.subnet.aws_subnet.public2",
            "module.vpc.aws_internet_gateway.main",
            "module.vpc.aws_route_table.main",
            "module.vpc.aws_vpc.main"
          ]
        }
      ]
    },
    {
      "module": "module.subnet",
      "mode": "managed",
      "type": "aws_subnet",
      "name": "private1",
      "provider": "provider[\"registry.terraform.io/hashicorp/aws\"]",
      "instances": [
        {
          "schema_version": 1,
          "attributes": {
            "arn": "arn:aws:ec2:ap-northeast-2:108782082145:subnet/subnet-0eed477373495dc26",
            "assign_ipv6_address_on_creation": false,
            "availability_zone": "ap-northeast-2a",
            "availability_zone_id": "apne2-az1",
            "cidr_block": "10.0.3.0/24",
            "customer_owned_ipv4_pool": "",
            "enable_dns64": false,
            "enable_lni_at_device_index": 0,
            "enable_resource_name_dns_a_record_on_launch": false,
            "enable_resource_name_dns_aaaa_record_on_launch": false,
            "id": "subnet-0eed477373495dc26",
            "ipv6_cidr_block": "",
            "ipv6_cidr_block_association_id": "",
            "ipv6_native": false,
            "map_customer_owned_ip_on_launch": false,
            "map_public_ip_on_launch": false,
            "outpost_arn": "",
            "owner_id": "108782082145",
            "private_dns_hostname_type_on_launch": "ip-name",
            "tags": {
              "Name": "private-subnet-1"
            },
            "tags_all": {
              "Name": "private-subnet-1"
            },
            "timeouts": null,
            "vpc_id": "vpc-0aec5281f939d7170"
          },
          "sensitive_attributes": [],
          "private": "eyJlMmJmYjczMC1lY2FhLTExZTYtOGY4OC0zNDM2M2JjN2M0YzAiOnsiY3JlYXRlIjo2MDAwMDAwMDAwMDAsImRlbGV0ZSI6MTIwMDAwMDAwMDAwMH0sInNjaGVtYV92ZXJzaW9uIjoiMSJ9",
          "dependencies": [
            "module.vpc.aws_vpc.main"
          ]
        }
      ]
    },
    {
      "module": "module.subnet",
      "mode": "managed",
      "type": "aws_subnet",
      "name": "private2",
      "provider": "provider[\"registry.terraform.io/hashicorp/aws\"]",
      "instances": [
        {
          "schema_version": 1,
          "attributes": {
            "arn": "arn:aws:ec2:ap-northeast-2:108782082145:subnet/subnet-0463f14cfe3793832",
            "assign_ipv6_address_on_creation": false,
            "availability_zone": "ap-northeast-2c",
            "availability_zone_id": "apne2-az3",
            "cidr_block": "10.0.4.0/24",
            "customer_owned_ipv4_pool": "",
            "enable_dns64": false,
            "enable_lni_at_device_index": 0,
            "enable_resource_name_dns_a_record_on_launch": false,
            "enable_resource_name_dns_aaaa_record_on_launch": false,
            "id": "subnet-0463f14cfe3793832",
            "ipv6_cidr_block": "",
            "ipv6_cidr_block_association_id": "",
            "ipv6_native": false,
            "map_customer_owned_ip_on_launch": false,
            "map_public_ip_on_launch": false,
            "outpost_arn": "",
            "owner_id": "108782082145",
            "private_dns_hostname_type_on_launch": "ip-name",
            "tags": {
              "Name": "private-subnet-2"
            },
            "tags_all": {
              "Name": "private-subnet-2"
            },
            "timeouts": null,
            "vpc_id": "vpc-0aec5281f939d7170"
          },
          "sensitive_attributes": [],
          "private": "eyJlMmJmYjczMC1lY2FhLTExZTYtOGY4OC0zNDM2M2JjN2M0YzAiOnsiY3JlYXRlIjo2MDAwMDAwMDAwMDAsImRlbGV0ZSI6MTIwMDAwMDAwMDAwMH0sInNjaGVtYV92ZXJzaW9uIjoiMSJ9",
          "dependencies": [
            "module.vpc.aws_vpc.main"
          ]
        }
      ]
    },
    {
      "module": "module.subnet",
      "mode": "managed",
      "type": "aws_subnet",
      "name": "public1",
      "provider": "provider[\"registry.terraform.io/hashicorp/aws\"]",
      "instances": [
        {
          "schema_version": 1,
          "attributes": {
            "arn": "arn:aws:ec2:ap-northeast-2:108782082145:subnet/subnet-026248e83318eeb20",
            "assign_ipv6_address_on_creation": false,
            "availability_zone": "ap-northeast-2a",
            "availability_zone_id": "apne2-az1",
            "cidr_block": "10.0.1.0/24",
            "customer_owned_ipv4_pool": "",
            "enable_dns64": false,
            "enable_lni_at_device_index": 0,
            "enable_resource_name_dns_a_record_on_launch": false,
            "enable_resource_name_dns_aaaa_record_on_launch": false,
            "id": "subnet-026248e83318eeb20",
            "ipv6_cidr_block": "",
            "ipv6_cidr_block_association_id": "",
            "ipv6_native": false,
            "map_customer_owned_ip_on_launch": false,
            "map_public_ip_on_launch": true,
            "outpost_arn": "",
            "owner_id": "108782082145",
            "private_dns_hostname_type_on_launch": "ip-name",
            "tags": {
              "Name": "public-subnet-1"
            },
            "tags_all": {
              "Name": "public-subnet-1"
            },
            "timeouts": null,
            "vpc_id": "vpc-0aec5281f939d7170"
          },
          "sensitive_attributes": [],
          "private": "eyJlMmJmYjczMC1lY2FhLTExZTYtOGY4OC0zNDM2M2JjN2M0YzAiOnsiY3JlYXRlIjo2MDAwMDAwMDAwMDAsImRlbGV0ZSI6MTIwMDAwMDAwMDAwMH0sInNjaGVtYV92ZXJzaW9uIjoiMSJ9",
          "dependencies": [
            "module.vpc.aws_vpc.main"
          ]
        }
      ]
    },
    {
      "module": "module.subnet",
      "mode": "managed",
      "type": "aws_subnet",
      "name": "public2",
      "provider": "provider[\"registry.terraform.io/hashicorp/aws\"]",
      "instances": [
        {
          "schema_version": 1,
          "attributes": {
            "arn": "arn:aws:ec2:ap-northeast-2:108782082145:subnet/subnet-055bd8db97b2b105e",
            "assign_ipv6_address_on_creation": false,
            "availability_zone": "ap-northeast-2c",
            "availability_zone_id": "apne2-az3",
            "cidr_block": "10.0.2.0/24",
            "customer_owned_ipv4_pool": "",
            "enable_dns64": false,
            "enable_lni_at_device_index": 0,
            "enable_resource_name_dns_a_record_on_launch": false,
            "enable_resource_name_dns_aaaa_record_on_launch": false,
            "id": "subnet-055bd8db97b2b105e",
            "ipv6_cidr_block": "",
            "ipv6_cidr_block_association_id": "",
            "ipv6_native": false,
            "map_customer_owned_ip_on_launch": false,
            "map_public_ip_on_launch": true,
            "outpost_arn": "",
            "owner_id": "108782082145",
            "private_dns_hostname_type_on_launch": "ip-name",
            "tags": {
              "Name": "public-subnet-2"
            },
            "tags_all": {
              "Name": "public-subnet-2"
            },
            "timeouts": null,
            "vpc_id": "vpc-0aec5281f939d7170"
          },
          "sensitive_attributes": [],
          "private": "eyJlMmJmYjczMC1lY2FhLTExZTYtOGY4OC0zNDM2M2JjN2M0YzAiOnsiY3JlYXRlIjo2MDAwMDAwMDAwMDAsImRlbGV0ZSI6MTIwMDAwMDAwMDAwMH0sInNjaGVtYV92ZXJzaW9uIjoiMSJ9",
          "dependencies": [
            "module.vpc.aws_vpc.main"
          ]
        }
      ]
    },
    {
      "module": "module.vpc",
      "mode": "managed",
      "type": "aws_internet_gateway",
      "name": "main",
      "provider": "provider[\"registry.terraform.io/hashicorp/aws\"]",
      "instances": [
        {
          "schema_version": 0,
          "attributes": {
            "arn": "arn:aws:ec2:ap-northeast-2:108782082145:internet-gateway/igw-0adeb927557b8b0e3",
            "id": "igw-0adeb927557b8b0e3",
            "owner_id": "108782082145",
            "tags": {
              "Name": "my-igw"
            },
            "tags_all": {
              "Name": "my-igw"
            },
            "timeouts": null,
            "vpc_id": "vpc-0aec5281f939d7170"
          },
          "sensitive_attributes": [],
          "private": "eyJlMmJmYjczMC1lY2FhLTExZTYtOGY4OC0zNDM2M2JjN2M0YzAiOnsiY3JlYXRlIjoxMjAwMDAwMDAwMDAwLCJkZWxldGUiOjEyMDAwMDAwMDAwMDAsInVwZGF0ZSI6MTIwMDAwMDAwMDAwMH19",
          "dependencies": [
            "module.vpc.aws_vpc.main"
          ]
        }
      ]
    },
    {
      "module": "module.vpc",
      "mode": "managed",
      "type": "aws_route_table",
      "name": "main",
      "provider": "provider[\"registry.terraform.io/hashicorp/aws\"]",
      "instances": [
        {
          "schema_version": 0,
          "attributes": {
            "arn": "arn:aws:ec2:ap-northeast-2:108782082145:route-table/rtb-0025c1cd3a5fccdcb",
            "id": "rtb-0025c1cd3a5fccdcb",
            "owner_id": "108782082145",
            "propagating_vgws": [],
            "route": [
              {
                "carrier_gateway_id": "",
                "cidr_block": "0.0.0.0/0",
                "core_network_arn": "",
                "destination_prefix_list_id": "",
                "egress_only_gateway_id": "",
                "gateway_id": "igw-0adeb927557b8b0e3",
                "ipv6_cidr_block": "",
                "local_gateway_id": "",
                "nat_gateway_id": "",
                "network_interface_id": "",
                "transit_gateway_id": "",
                "vpc_endpoint_id": "",
                "vpc_peering_connection_id": ""
              }
            ],
            "tags": {
              "Name": "my-route-table"
            },
            "tags_all": {
              "Name": "my-route-table"
            },
            "timeouts": null,
            "vpc_id": "vpc-0aec5281f939d7170"
          },
          "sensitive_attributes": [],
          "private": "eyJlMmJmYjczMC1lY2FhLTExZTYtOGY4OC0zNDM2M2JjN2M0YzAiOnsiY3JlYXRlIjozMDAwMDAwMDAwMDAsImRlbGV0ZSI6MzAwMDAwMDAwMDAwLCJ1cGRhdGUiOjEyMDAwMDAwMDAwMH19",
          "dependencies": [
            "module.vpc.aws_internet_gateway.main",
            "module.vpc.aws_vpc.main"
          ]
        }
      ]
    },
    {
      "module": "module.vpc",
      "mode": "managed",
      "type": "aws_route_table",
      "name": "main1",
      "provider": "provider[\"registry.terraform.io/hashicorp/aws\"]",
      "instances": [
        {
          "schema_version": 0,
          "attributes": {
            "arn": "arn:aws:ec2:ap-northeast-2:108782082145:route-table/rtb-003a026a057bd0356",
            "id": "rtb-003a026a057bd0356",
            "owner_id": "108782082145",
            "propagating_vgws": [],
            "route": [
              {
                "carrier_gateway_id": "",
                "cidr_block": "0.0.0.0/0",
                "core_network_arn": "",
                "destination_prefix_list_id": "",
                "egress_only_gateway_id": "",
                "gateway_id": "",
                "ipv6_cidr_block": "",
                "local_gateway_id": "",
                "nat_gateway_id": "",
                "network_interface_id": "eni-05064fe2cfa5f3ac7",
                "transit_gateway_id": "",
                "vpc_endpoint_id": "",
                "vpc_peering_connection_id": ""
              }
            ],
            "tags": {
              "Name": "my-route-table-nat"
            },
            "tags_all": {
              "Name": "my-route-table-nat"
            },
            "timeouts": null,
            "vpc_id": "vpc-0aec5281f939d7170"
          },
          "sensitive_attributes": [],
          "private": "eyJlMmJmYjczMC1lY2FhLTExZTYtOGY4OC0zNDM2M2JjN2M0YzAiOnsiY3JlYXRlIjozMDAwMDAwMDAwMDAsImRlbGV0ZSI6MzAwMDAwMDAwMDAwLCJ1cGRhdGUiOjEyMDAwMDAwMDAwMH19",
          "dependencies": [
            "module.ec2.aws_instance.nat_instance",
            "module.key_pair.aws_key_pair.my_key",
            "module.key_pair.tls_private_key.example",
            "module.security-group.aws_security_group.allow_ssh",
            "module.subnet.aws_subnet.public1",
            "module.subnet.aws_subnet.public2",
            "module.vpc.aws_vpc.main"
          ]
        }
      ]
    },
    {
      "module": "module.vpc",
      "mode": "managed",
      "type": "aws_vpc",
      "name": "main",
      "provider": "provider[\"registry.terraform.io/hashicorp/aws\"]",
      "instances": [
        {
          "schema_version": 1,
          "attributes": {
            "arn": "arn:aws:ec2:ap-northeast-2:108782082145:vpc/vpc-0aec5281f939d7170",
            "assign_generated_ipv6_cidr_block": false,
            "cidr_block": "10.0.0.0/16",
            "default_network_acl_id": "acl-0b5c9a755ef93d844",
            "default_route_table_id": "rtb-0d5c162518290d0f2",
            "default_security_group_id": "sg-0d9218d36935604bc",
            "dhcp_options_id": "dopt-0570a05bfbee7451a",
            "enable_dns_hostnames": false,
            "enable_dns_support": true,
            "enable_network_address_usage_metrics": false,
            "id": "vpc-0aec5281f939d7170",
            "instance_tenancy": "default",
            "ipv4_ipam_pool_id": null,
            "ipv4_netmask_length": null,
            "ipv6_association_id": "",
            "ipv6_cidr_block": "",
            "ipv6_cidr_block_network_border_group": "",
            "ipv6_ipam_pool_id": "",
            "ipv6_netmask_length": 0,
            "main_route_table_id": "rtb-0d5c162518290d0f2",
            "owner_id": "108782082145",
            "tags": {
              "Name": "my-vpc"
            },
            "tags_all": {
              "Name": "my-vpc"
            }
          },
          "sensitive_attributes": [],
          "private": "eyJzY2hlbWFfdmVyc2lvbiI6IjEifQ=="
        }
      ]
    }
  ],
  "check_results": null
}
