{
  "version": 4,
  "terraform_version": "1.9.4",
  "serial": 568,
  "lineage": "ef7229b9-195d-3a90-2670-656d79ec7e78",
  "outputs": {},
  "resources": [
    {
      "module": "module.key_pair",
      "mode": "managed",
      "type": "local_file",
      "name": "private_key",
      "provider": "provider[\"registry.terraform.io/hashicorp/local\"]",
      "instances": [
        {
          "schema_version": 0,
          "attributes": {
            "content": "-----BEGIN RSA PRIVATE KEY-----\nMIIEpQIBAAKCAQEAxHrB5s4i7JnOtJ8MBF0BjJUuVCX6me7gSaBgo/TWHXj/Gw9n\ni38DEZ3Z/UfCRdo0e5lZqiNcjOe9ICGZ8SxpN7v8aqVzfq4IXfPpMZ+fHA8R6GPt\n6e+mOmfQJBWEdEEx80ZaIp6ReOzQSUcjihTfuUkhjBerZfUMnV2V9hl4tQizKLG1\n9o6/lsd4Oiiw5F6cigtCBkcCkQH11P1SiP0cGERZvYboE4fBFiL/6aKjuJqYrgrI\nD9cOf7cKAbagitJCwPt3uYITGLYrleUpPakgzFjmfrKp9blBFqwYYl5m0cCxoPxR\n0fjgSummLoQkDHriiJxB9MsTmSGeOeUt54P+MwIDAQABAoIBAG23s1Hk6MHA/hoE\n+tvw5+2OXOmmr7OIHn1e7rh//5VDvQlqZ8MRMTCEOnfiu4zwVgBzWQvWZVdWDVnF\nCccQqszxz/np3H3wR0HX8++/GEW98J0aOIA7UFMrJ6MO1QFqaq9UKP9OFyQ08fcJ\nn8H6+Bfqy64EhbUQy3OREC32eV51u555WDV2g844W4m5fWXHiuu5rcqNtEbfWUz5\n/arRkFypIDtkAA/efT04G5RleVpnGkug/Pa6gwwjFmBSxbE2erm723PHHzzfzdWY\ngheqkK2dfD8PKqBF14iboVG2Q2S3ErUCCaNktDA/mVrFFBmwxdynkzqjoG36CPHZ\nxnJyMokCgYEA5//u9PnpE+2bMCVBCbG2Oqx5ON04Q9A+OJcT14F4/innraVmTv8h\n5yFZHU2AkZ3c7OkdW1+ggJWtUd3QfolzX0sZEi28TKHWJAvJNSgAhx1qnab5watj\nY1uR9+BeOTY7coPO3YZMU6VjjSTFSvQlGYdfFxQe1eDFdQrIreHrT38CgYEA2M4j\nrihMbpwAAt8ZK67wtPHNmHQclSfx8NJN4kWBT4SSUYguLBxchrIJ8qOf3ZJx7E0O\nqULOZ97J9I3aUzHvvmC/gPZd9CgMBEiyDoLKq8ylFrR1AhB0YVHYc054fH3Sr7pI\nUWam2e+VIEaCTJ0ou5lmhfzHuXIHJl2lDnf9a00CgYEAkb2zjW2ZQA2Z2crtanub\nMIy8sj42ZFNjYwV1T4JkUbZddjZbaPDZiWrnooLXa6Kx8JoY+Re/qkdc0/r2SSdr\ntMdmfocArVtVPNuykJQKkNan7VXBvCpAi2Aw+HiYeHRbL/shbwQ42qshOL+KuSVa\nUQk7cTIQlOdY48fcfW9Y9V0CgYEAnbjRUjh06h7JD024JQRejnQ+ioMl7AikRPrp\nuAuyd+PNAk1csbBsS30oKYGJooqQIEUqvk4glIYKS8QKqW1xqQD/MFWKoj2kCFXO\nWyohQPxeuXbMjJTl5YrCOZhDpOVwKXEOfVF9Xpyh01oYHp5SbK+7Www7TBi9RNbp\nZe46yR0CgYEA2SqO9LTvSX3mZ402rFLPr2EKXZg7E2r5P5XVeO8qU+HPZXGHzmSc\nLMlfWWNRIBDgjrfY5CKAf22aYIrI/f/RrOf51rsH5kcsELEvw0i1paU9Vy8IiffV\n8JDtw5nYtCrAjEtdU1vak/2OtACBcd77obdWQTytf8bytq2tjv6Up+o=\n-----END RSA PRIVATE KEY-----\n",
            "content_base64": null,
            "content_base64sha256": "kJt9FqLMwNZARk55cvNxr2M4pfaJ1TM/bn7n3S3Sy4c=",
            "content_base64sha512": "WlP6B1Uh5xf4i3F2uTIS/LmV9W7LokscXenUkYxlrWwbF1VSi3krtS73VRit1/6YjuRx8kQCOo4uPXnSSbEWfw==",
            "content_md5": "4e754a40e1469cc1289765db66f10de5",
            "content_sha1": "9233b207e53ed85671a4bfa50b914883e5d9aa57",
            "content_sha256": "909b7d16a2ccc0d640464e7972f371af6338a5f689d5333f6e7ee7dd2dd2cb87",
            "content_sha512": "5a53fa075521e717f88b7176b93212fcb995f56ecba24b1c5de9d4918c65ad6c1b1755528b792bb52ef75518add7fe988ee471f244023a8e2e3d79d249b1167f",
            "directory_permission": "0777",
            "file_permission": "0777",
            "filename": "modules/key-pair/my_key.pem",
            "id": "9233b207e53ed85671a4bfa50b914883e5d9aa57",
            "sensitive_content": null,
            "source": null
          },
          "sensitive_attributes": [
            [
              {
                "type": "get_attr",
                "value": "content"
              }
            ],
            [
              {
                "type": "get_attr",
                "value": "sensitive_content"
              }
            ]
          ],
          "dependencies": [
            "module.key_pair.tls_private_key.example"
          ]
        }
      ]
    },
    {
      "module": "module.key_pair",
      "mode": "managed",
      "type": "tls_private_key",
      "name": "example",
      "provider": "provider[\"registry.terraform.io/hashicorp/tls\"]",
      "instances": [
        {
          "schema_version": 1,
          "attributes": {
            "algorithm": "RSA",
            "ecdsa_curve": "P224",
            "id": "c0f62757d9829ba1d64f331310edd2db9e761103",
            "private_key_openssh": "-----BEGIN OPENSSH PRIVATE KEY-----\nb3BlbnNzaC1rZXktdjEAAAAABG5vbmUAAAAEbm9uZQAAAAAAAAABAAABFwAAAAdz\nc2gtcnNhAAAAAwEAAQAAAQEAxHrB5s4i7JnOtJ8MBF0BjJUuVCX6me7gSaBgo/TW\nHXj/Gw9ni38DEZ3Z/UfCRdo0e5lZqiNcjOe9ICGZ8SxpN7v8aqVzfq4IXfPpMZ+f\nHA8R6GPt6e+mOmfQJBWEdEEx80ZaIp6ReOzQSUcjihTfuUkhjBerZfUMnV2V9hl4\ntQizKLG19o6/lsd4Oiiw5F6cigtCBkcCkQH11P1SiP0cGERZvYboE4fBFiL/6aKj\nuJqYrgrID9cOf7cKAbagitJCwPt3uYITGLYrleUpPakgzFjmfrKp9blBFqwYYl5m\n0cCxoPxR0fjgSummLoQkDHriiJxB9MsTmSGeOeUt54P+MwAAA7hQWI3YUFiN2AAA\nAAdzc2gtcnNhAAABAQDEesHmziLsmc60nwwEXQGMlS5UJfqZ7uBJoGCj9NYdeP8b\nD2eLfwMRndn9R8JF2jR7mVmqI1yM570gIZnxLGk3u/xqpXN+rghd8+kxn58cDxHo\nY+3p76Y6Z9AkFYR0QTHzRloinpF47NBJRyOKFN+5SSGMF6tl9QydXZX2GXi1CLMo\nsbX2jr+Wx3g6KLDkXpyKC0IGRwKRAfXU/VKI/RwYRFm9hugTh8EWIv/poqO4mpiu\nCsgP1w5/twoBtqCK0kLA+3e5ghMYtiuV5Sk9qSDMWOZ+sqn1uUEWrBhiXmbRwLGg\n/FHR+OBK6aYuhCQMeuKInEH0yxOZIZ455S3ng/4zAAAAAwEAAQAAAQBtt7NR5OjB\nwP4aBPrb8Oftjlzppq+ziB59Xu64f/+VQ70JamfDETEwhDp34ruM8FYAc1kL1mVX\nVg1ZxQnHEKrM8c/56dx98EdB1/PvvxhFvfCdGjiAO1BTKyejDtUBamqvVCj/Thck\nNPH3CZ/B+vgX6suuBIW1EMtzkRAt9nledbueeVg1doPOOFuJuX1lx4rrua3KjbRG\n31lM+f2q0ZBcqSA7ZAAP3n09OBuUZXlaZxpLoPz2uoMMIxZgUsWxNnq5u9tzxx88\n383VmIIXqpCtnXw/DyqgRdeIm6FRtkNktxK1AgmjZLQwP5laxRQZsMXcp5M6o6Bt\n+gjx2cZycjKJAAAAgQDZKo70tO9JfeZnjTasUs+vYQpdmDsTavk/ldV47ypT4c9l\ncYfOZJwsyV9ZY1EgEOCOt9jkIoB/bZpgisj9/9Gs5/nWuwfmRywQsS/DSLWlpT1X\nLwiJ99XwkO3Dmdi0KsCMS11TW9qT/Y60AIFx3vuht1ZBPK1/xvK2ra2O/pSn6gAA\nAIEA5//u9PnpE+2bMCVBCbG2Oqx5ON04Q9A+OJcT14F4/innraVmTv8h5yFZHU2A\nkZ3c7OkdW1+ggJWtUd3QfolzX0sZEi28TKHWJAvJNSgAhx1qnab5watjY1uR9+Be\nOTY7coPO3YZMU6VjjSTFSvQlGYdfFxQe1eDFdQrIreHrT38AAACBANjOI64oTG6c\nAALfGSuu8LTxzZh0HJUn8fDSTeJFgU+EklGILiwcXIayCfKjn92ScexNDqlCzmfe\nyfSN2lMx775gv4D2XfQoDARIsg6CyqvMpRa0dQIQdGFR2HNOeHx90q+6SFFmptnv\nlSBGgkydKLuZZoX8x7lyByZdpQ53/WtNAAAAAAEC\n-----END OPENSSH PRIVATE KEY-----\n",
            "private_key_pem": "-----BEGIN RSA PRIVATE KEY-----\nMIIEpQIBAAKCAQEAxHrB5s4i7JnOtJ8MBF0BjJUuVCX6me7gSaBgo/TWHXj/Gw9n\ni38DEZ3Z/UfCRdo0e5lZqiNcjOe9ICGZ8SxpN7v8aqVzfq4IXfPpMZ+fHA8R6GPt\n6e+mOmfQJBWEdEEx80ZaIp6ReOzQSUcjihTfuUkhjBerZfUMnV2V9hl4tQizKLG1\n9o6/lsd4Oiiw5F6cigtCBkcCkQH11P1SiP0cGERZvYboE4fBFiL/6aKjuJqYrgrI\nD9cOf7cKAbagitJCwPt3uYITGLYrleUpPakgzFjmfrKp9blBFqwYYl5m0cCxoPxR\n0fjgSummLoQkDHriiJxB9MsTmSGeOeUt54P+MwIDAQABAoIBAG23s1Hk6MHA/hoE\n+tvw5+2OXOmmr7OIHn1e7rh//5VDvQlqZ8MRMTCEOnfiu4zwVgBzWQvWZVdWDVnF\nCccQqszxz/np3H3wR0HX8++/GEW98J0aOIA7UFMrJ6MO1QFqaq9UKP9OFyQ08fcJ\nn8H6+Bfqy64EhbUQy3OREC32eV51u555WDV2g844W4m5fWXHiuu5rcqNtEbfWUz5\n/arRkFypIDtkAA/efT04G5RleVpnGkug/Pa6gwwjFmBSxbE2erm723PHHzzfzdWY\ngheqkK2dfD8PKqBF14iboVG2Q2S3ErUCCaNktDA/mVrFFBmwxdynkzqjoG36CPHZ\nxnJyMokCgYEA5//u9PnpE+2bMCVBCbG2Oqx5ON04Q9A+OJcT14F4/innraVmTv8h\n5yFZHU2AkZ3c7OkdW1+ggJWtUd3QfolzX0sZEi28TKHWJAvJNSgAhx1qnab5watj\nY1uR9+BeOTY7coPO3YZMU6VjjSTFSvQlGYdfFxQe1eDFdQrIreHrT38CgYEA2M4j\nrihMbpwAAt8ZK67wtPHNmHQclSfx8NJN4kWBT4SSUYguLBxchrIJ8qOf3ZJx7E0O\nqULOZ97J9I3aUzHvvmC/gPZd9CgMBEiyDoLKq8ylFrR1AhB0YVHYc054fH3Sr7pI\nUWam2e+VIEaCTJ0ou5lmhfzHuXIHJl2lDnf9a00CgYEAkb2zjW2ZQA2Z2crtanub\nMIy8sj42ZFNjYwV1T4JkUbZddjZbaPDZiWrnooLXa6Kx8JoY+Re/qkdc0/r2SSdr\ntMdmfocArVtVPNuykJQKkNan7VXBvCpAi2Aw+HiYeHRbL/shbwQ42qshOL+KuSVa\nUQk7cTIQlOdY48fcfW9Y9V0CgYEAnbjRUjh06h7JD024JQRejnQ+ioMl7AikRPrp\nuAuyd+PNAk1csbBsS30oKYGJooqQIEUqvk4glIYKS8QKqW1xqQD/MFWKoj2kCFXO\nWyohQPxeuXbMjJTl5YrCOZhDpOVwKXEOfVF9Xpyh01oYHp5SbK+7Www7TBi9RNbp\nZe46yR0CgYEA2SqO9LTvSX3mZ402rFLPr2EKXZg7E2r5P5XVeO8qU+HPZXGHzmSc\nLMlfWWNRIBDgjrfY5CKAf22aYIrI/f/RrOf51rsH5kcsELEvw0i1paU9Vy8IiffV\n8JDtw5nYtCrAjEtdU1vak/2OtACBcd77obdWQTytf8bytq2tjv6Up+o=\n-----END RSA PRIVATE KEY-----\n",
            "private_key_pem_pkcs8": "-----BEGIN PRIVATE KEY-----\nMIIEvwIBADANBgkqhkiG9w0BAQEFAASCBKkwggSlAgEAAoIBAQDEesHmziLsmc60\nnwwEXQGMlS5UJfqZ7uBJoGCj9NYdeP8bD2eLfwMRndn9R8JF2jR7mVmqI1yM570g\nIZnxLGk3u/xqpXN+rghd8+kxn58cDxHoY+3p76Y6Z9AkFYR0QTHzRloinpF47NBJ\nRyOKFN+5SSGMF6tl9QydXZX2GXi1CLMosbX2jr+Wx3g6KLDkXpyKC0IGRwKRAfXU\n/VKI/RwYRFm9hugTh8EWIv/poqO4mpiuCsgP1w5/twoBtqCK0kLA+3e5ghMYtiuV\n5Sk9qSDMWOZ+sqn1uUEWrBhiXmbRwLGg/FHR+OBK6aYuhCQMeuKInEH0yxOZIZ45\n5S3ng/4zAgMBAAECggEAbbezUeTowcD+GgT62/Dn7Y5c6aavs4gefV7uuH//lUO9\nCWpnwxExMIQ6d+K7jPBWAHNZC9ZlV1YNWcUJxxCqzPHP+encffBHQdfz778YRb3w\nnRo4gDtQUysnow7VAWpqr1Qo/04XJDTx9wmfwfr4F+rLrgSFtRDLc5EQLfZ5XnW7\nnnlYNXaDzjhbibl9ZceK67mtyo20Rt9ZTPn9qtGQXKkgO2QAD959PTgblGV5Wmca\nS6D89rqDDCMWYFLFsTZ6ubvbc8cfPN/N1ZiCF6qQrZ18Pw8qoEXXiJuhUbZDZLcS\ntQIJo2S0MD+ZWsUUGbDF3KeTOqOgbfoI8dnGcnIyiQKBgQDn/+70+ekT7ZswJUEJ\nsbY6rHk43ThD0D44lxPXgXj+KeetpWZO/yHnIVkdTYCRndzs6R1bX6CAla1R3dB+\niXNfSxkSLbxModYkC8k1KACHHWqdpvnBq2NjW5H34F45Njtyg87dhkxTpWONJMVK\n9CUZh18XFB7V4MV1Csit4etPfwKBgQDYziOuKExunAAC3xkrrvC08c2YdByVJ/Hw\n0k3iRYFPhJJRiC4sHFyGsgnyo5/dknHsTQ6pQs5n3sn0jdpTMe++YL+A9l30KAwE\nSLIOgsqrzKUWtHUCEHRhUdhzTnh8fdKvukhRZqbZ75UgRoJMnSi7mWaF/Me5cgcm\nXaUOd/1rTQKBgQCRvbONbZlADZnZyu1qe5swjLyyPjZkU2NjBXVPgmRRtl12Nlto\n8NmJaueigtdrorHwmhj5F7+qR1zT+vZJJ2u0x2Z+hwCtW1U827KQlAqQ1qftVcG8\nKkCLYDD4eJh4dFsv+yFvBDjaqyE4v4q5JVpRCTtxMhCU51jjx9x9b1j1XQKBgQCd\nuNFSOHTqHskPTbglBF6OdD6KgyXsCKRE+um4C7J3480CTVyxsGxLfSgpgYmiipAg\nRSq+TiCUhgpLxAqpbXGpAP8wVYqiPaQIVc5bKiFA/F65dsyMlOXlisI5mEOk5XAp\ncQ59UX1enKHTWhgenlJsr7tbDDtMGL1E1ull7jrJHQKBgQDZKo70tO9JfeZnjTas\nUs+vYQpdmDsTavk/ldV47ypT4c9lcYfOZJwsyV9ZY1EgEOCOt9jkIoB/bZpgisj9\n/9Gs5/nWuwfmRywQsS/DSLWlpT1XLwiJ99XwkO3Dmdi0KsCMS11TW9qT/Y60AIFx\n3vuht1ZBPK1/xvK2ra2O/pSn6g==\n-----END PRIVATE KEY-----\n",
            "public_key_fingerprint_md5": "b0:d4:5b:a5:74:7a:46:7d:09:bd:ff:b3:70:a6:04:83",
            "public_key_fingerprint_sha256": "SHA256:A9aR+0QNnZkHG3aELOuC6sN50i7BG5FlUxVH2CJh3xQ",
            "public_key_openssh": "ssh-rsa AAAAB3NzaC1yc2EAAAADAQABAAABAQDEesHmziLsmc60nwwEXQGMlS5UJfqZ7uBJoGCj9NYdeP8bD2eLfwMRndn9R8JF2jR7mVmqI1yM570gIZnxLGk3u/xqpXN+rghd8+kxn58cDxHoY+3p76Y6Z9AkFYR0QTHzRloinpF47NBJRyOKFN+5SSGMF6tl9QydXZX2GXi1CLMosbX2jr+Wx3g6KLDkXpyKC0IGRwKRAfXU/VKI/RwYRFm9hugTh8EWIv/poqO4mpiuCsgP1w5/twoBtqCK0kLA+3e5ghMYtiuV5Sk9qSDMWOZ+sqn1uUEWrBhiXmbRwLGg/FHR+OBK6aYuhCQMeuKInEH0yxOZIZ455S3ng/4z\n",
            "public_key_pem": "-----BEGIN PUBLIC KEY-----\nMIIBIjANBgkqhkiG9w0BAQEFAAOCAQ8AMIIBCgKCAQEAxHrB5s4i7JnOtJ8MBF0B\njJUuVCX6me7gSaBgo/TWHXj/Gw9ni38DEZ3Z/UfCRdo0e5lZqiNcjOe9ICGZ8Sxp\nN7v8aqVzfq4IXfPpMZ+fHA8R6GPt6e+mOmfQJBWEdEEx80ZaIp6ReOzQSUcjihTf\nuUkhjBerZfUMnV2V9hl4tQizKLG19o6/lsd4Oiiw5F6cigtCBkcCkQH11P1SiP0c\nGERZvYboE4fBFiL/6aKjuJqYrgrID9cOf7cKAbagitJCwPt3uYITGLYrleUpPakg\nzFjmfrKp9blBFqwYYl5m0cCxoPxR0fjgSummLoQkDHriiJxB9MsTmSGeOeUt54P+\nMwIDAQAB\n-----END PUBLIC KEY-----\n",
            "rsa_bits": 2048
          },
          "sensitive_attributes": [
            [
              {
                "type": "get_attr",
                "value": "private_key_pem_pkcs8"
              }
            ],
            [
              {
                "type": "get_attr",
                "value": "private_key_pem"
              }
            ],
            [
              {
                "type": "get_attr",
                "value": "private_key_openssh"
              }
            ]
          ]
        }
      ]
    },
    {
      "module": "module.security-group",
      "mode": "managed",
      "type": "aws_security_group",
      "name": "allow_ssh",
      "provider": "provider[\"registry.terraform.io/hashicorp/aws\"]",
      "instances": [
        {
          "schema_version": 1,
          "attributes": {
            "arn": "arn:aws:ec2:ap-northeast-2:108782082145:security-group/sg-0c5e2125a53d40659",
            "description": "Allow SSH inbound traffic",
            "egress": [
              {
                "cidr_blocks": [
                  "0.0.0.0/0"
                ],
                "description": "",
                "from_port": 0,
                "ipv6_cidr_blocks": [],
                "prefix_list_ids": [],
                "protocol": "-1",
                "security_groups": [],
                "self": false,
                "to_port": 0
              }
            ],
            "id": "sg-0c5e2125a53d40659",
            "ingress": [
              {
                "cidr_blocks": [
                  "0.0.0.0/0"
                ],
                "description": "",
                "from_port": 0,
                "ipv6_cidr_blocks": [],
                "prefix_list_ids": [],
                "protocol": "-1",
                "security_groups": [],
                "self": false,
                "to_port": 0
              },
              {
                "cidr_blocks": [
                  "0.0.0.0/0"
                ],
                "description": "",
                "from_port": 22,
                "ipv6_cidr_blocks": [],
                "prefix_list_ids": [],
                "protocol": "tcp",
                "security_groups": [],
                "self": false,
                "to_port": 22
              }
            ],
            "name": "allow_ssh",
            "name_prefix": "",
            "owner_id": "108782082145",
            "revoke_rules_on_delete": false,
            "tags": {
              "Name": "allow_ssh"
            },
            "tags_all": {
              "Name": "allow_ssh"
            },
            "timeouts": null,
            "vpc_id": "vpc-0fa6164bda0244d78"
          },
          "sensitive_attributes": [],
          "private": "eyJlMmJmYjczMC1lY2FhLTExZTYtOGY4OC0zNDM2M2JjN2M0YzAiOnsiY3JlYXRlIjo2MDAwMDAwMDAwMDAsImRlbGV0ZSI6OTAwMDAwMDAwMDAwfSwic2NoZW1hX3ZlcnNpb24iOiIxIn0=",
          "dependencies": [
            "module.vpc.aws_vpc.main"
          ]
        }
      ]
    },
    {
      "module": "module.subnet",
      "mode": "managed",
      "type": "aws_route_table_association",
      "name": "public_1",
      "provider": "provider[\"registry.terraform.io/hashicorp/aws\"]",
      "instances": [
        {
          "schema_version": 0,
          "attributes": {
            "gateway_id": "",
            "id": "rtbassoc-00be55ac6a306e604",
            "route_table_id": "rtb-061345558f5b849e2",
            "subnet_id": "subnet-064eff9f1d7227aad",
            "timeouts": null
          },
          "sensitive_attributes": [],
          "private": "eyJlMmJmYjczMC1lY2FhLTExZTYtOGY4OC0zNDM2M2JjN2M0YzAiOnsiY3JlYXRlIjozMDAwMDAwMDAwMDAsImRlbGV0ZSI6MzAwMDAwMDAwMDAwLCJ1cGRhdGUiOjEyMDAwMDAwMDAwMH19",
          "dependencies": [
            "module.subnet.aws_subnet.public1",
            "module.vpc.aws_internet_gateway.main",
            "module.vpc.aws_route_table.main",
            "module.vpc.aws_vpc.main"
          ]
        }
      ]
    },
    {
      "module": "module.subnet",
      "mode": "managed",
      "type": "aws_route_table_association",
      "name": "public_2",
      "provider": "provider[\"registry.terraform.io/hashicorp/aws\"]",
      "instances": [
        {
          "schema_version": 0,
          "attributes": {
            "gateway_id": "",
            "id": "rtbassoc-0c3e73e4d5dd2798f",
            "route_table_id": "rtb-061345558f5b849e2",
            "subnet_id": "subnet-0af9c8b5902216a42",
            "timeouts": null
          },
          "sensitive_attributes": [],
          "private": "eyJlMmJmYjczMC1lY2FhLTExZTYtOGY4OC0zNDM2M2JjN2M0YzAiOnsiY3JlYXRlIjozMDAwMDAwMDAwMDAsImRlbGV0ZSI6MzAwMDAwMDAwMDAwLCJ1cGRhdGUiOjEyMDAwMDAwMDAwMH19",
          "dependencies": [
            "module.subnet.aws_subnet.public2",
            "module.vpc.aws_internet_gateway.main",
            "module.vpc.aws_route_table.main",
            "module.vpc.aws_vpc.main"
          ]
        }
      ]
    },
    {
      "module": "module.subnet",
      "mode": "managed",
      "type": "aws_subnet",
      "name": "private1",
      "provider": "provider[\"registry.terraform.io/hashicorp/aws\"]",
      "instances": [
        {
          "schema_version": 1,
          "attributes": {
            "arn": "arn:aws:ec2:ap-northeast-2:108782082145:subnet/subnet-0b295b8ec9ad13901",
            "assign_ipv6_address_on_creation": false,
            "availability_zone": "ap-northeast-2a",
            "availability_zone_id": "apne2-az1",
            "cidr_block": "10.0.3.0/24",
            "customer_owned_ipv4_pool": "",
            "enable_dns64": false,
            "enable_lni_at_device_index": 0,
            "enable_resource_name_dns_a_record_on_launch": false,
            "enable_resource_name_dns_aaaa_record_on_launch": false,
            "id": "subnet-0b295b8ec9ad13901",
            "ipv6_cidr_block": "",
            "ipv6_cidr_block_association_id": "",
            "ipv6_native": false,
            "map_customer_owned_ip_on_launch": false,
            "map_public_ip_on_launch": false,
            "outpost_arn": "",
            "owner_id": "108782082145",
            "private_dns_hostname_type_on_launch": "ip-name",
            "tags": {
              "Name": "private-subnet-1"
            },
            "tags_all": {
              "Name": "private-subnet-1"
            },
            "timeouts": null,
            "vpc_id": "vpc-0fa6164bda0244d78"
          },
          "sensitive_attributes": [],
          "private": "eyJlMmJmYjczMC1lY2FhLTExZTYtOGY4OC0zNDM2M2JjN2M0YzAiOnsiY3JlYXRlIjo2MDAwMDAwMDAwMDAsImRlbGV0ZSI6MTIwMDAwMDAwMDAwMH0sInNjaGVtYV92ZXJzaW9uIjoiMSJ9",
          "dependencies": [
            "module.vpc.aws_vpc.main"
          ]
        }
      ]
    },
    {
      "module": "module.subnet",
      "mode": "managed",
      "type": "aws_subnet",
      "name": "private2",
      "provider": "provider[\"registry.terraform.io/hashicorp/aws\"]",
      "instances": [
        {
          "schema_version": 1,
          "attributes": {
            "arn": "arn:aws:ec2:ap-northeast-2:108782082145:subnet/subnet-02f0a05be9769ada6",
            "assign_ipv6_address_on_creation": false,
            "availability_zone": "ap-northeast-2c",
            "availability_zone_id": "apne2-az3",
            "cidr_block": "10.0.4.0/24",
            "customer_owned_ipv4_pool": "",
            "enable_dns64": false,
            "enable_lni_at_device_index": 0,
            "enable_resource_name_dns_a_record_on_launch": false,
            "enable_resource_name_dns_aaaa_record_on_launch": false,
            "id": "subnet-02f0a05be9769ada6",
            "ipv6_cidr_block": "",
            "ipv6_cidr_block_association_id": "",
            "ipv6_native": false,
            "map_customer_owned_ip_on_launch": false,
            "map_public_ip_on_launch": false,
            "outpost_arn": "",
            "owner_id": "108782082145",
            "private_dns_hostname_type_on_launch": "ip-name",
            "tags": {
              "Name": "private-subnet-2"
            },
            "tags_all": {
              "Name": "private-subnet-2"
            },
            "timeouts": null,
            "vpc_id": "vpc-0fa6164bda0244d78"
          },
          "sensitive_attributes": [],
          "private": "eyJlMmJmYjczMC1lY2FhLTExZTYtOGY4OC0zNDM2M2JjN2M0YzAiOnsiY3JlYXRlIjo2MDAwMDAwMDAwMDAsImRlbGV0ZSI6MTIwMDAwMDAwMDAwMH0sInNjaGVtYV92ZXJzaW9uIjoiMSJ9",
          "dependencies": [
            "module.vpc.aws_vpc.main"
          ]
        }
      ]
    },
    {
      "module": "module.subnet",
      "mode": "managed",
      "type": "aws_subnet",
      "name": "public1",
      "provider": "provider[\"registry.terraform.io/hashicorp/aws\"]",
      "instances": [
        {
          "schema_version": 1,
          "attributes": {
            "arn": "arn:aws:ec2:ap-northeast-2:108782082145:subnet/subnet-064eff9f1d7227aad",
            "assign_ipv6_address_on_creation": false,
            "availability_zone": "ap-northeast-2a",
            "availability_zone_id": "apne2-az1",
            "cidr_block": "10.0.1.0/24",
            "customer_owned_ipv4_pool": "",
            "enable_dns64": false,
            "enable_lni_at_device_index": 0,
            "enable_resource_name_dns_a_record_on_launch": false,
            "enable_resource_name_dns_aaaa_record_on_launch": false,
            "id": "subnet-064eff9f1d7227aad",
            "ipv6_cidr_block": "",
            "ipv6_cidr_block_association_id": "",
            "ipv6_native": false,
            "map_customer_owned_ip_on_launch": false,
            "map_public_ip_on_launch": true,
            "outpost_arn": "",
            "owner_id": "108782082145",
            "private_dns_hostname_type_on_launch": "ip-name",
            "tags": {
              "Name": "public-subnet-1"
            },
            "tags_all": {
              "Name": "public-subnet-1"
            },
            "timeouts": null,
            "vpc_id": "vpc-0fa6164bda0244d78"
          },
          "sensitive_attributes": [],
          "private": "eyJlMmJmYjczMC1lY2FhLTExZTYtOGY4OC0zNDM2M2JjN2M0YzAiOnsiY3JlYXRlIjo2MDAwMDAwMDAwMDAsImRlbGV0ZSI6MTIwMDAwMDAwMDAwMH0sInNjaGVtYV92ZXJzaW9uIjoiMSJ9",
          "dependencies": [
            "module.vpc.aws_vpc.main"
          ]
        }
      ]
    },
    {
      "module": "module.subnet",
      "mode": "managed",
      "type": "aws_subnet",
      "name": "public2",
      "provider": "provider[\"registry.terraform.io/hashicorp/aws\"]",
      "instances": [
        {
          "schema_version": 1,
          "attributes": {
            "arn": "arn:aws:ec2:ap-northeast-2:108782082145:subnet/subnet-0af9c8b5902216a42",
            "assign_ipv6_address_on_creation": false,
            "availability_zone": "ap-northeast-2c",
            "availability_zone_id": "apne2-az3",
            "cidr_block": "10.0.2.0/24",
            "customer_owned_ipv4_pool": "",
            "enable_dns64": false,
            "enable_lni_at_device_index": 0,
            "enable_resource_name_dns_a_record_on_launch": false,
            "enable_resource_name_dns_aaaa_record_on_launch": false,
            "id": "subnet-0af9c8b5902216a42",
            "ipv6_cidr_block": "",
            "ipv6_cidr_block_association_id": "",
            "ipv6_native": false,
            "map_customer_owned_ip_on_launch": false,
            "map_public_ip_on_launch": true,
            "outpost_arn": "",
            "owner_id": "108782082145",
            "private_dns_hostname_type_on_launch": "ip-name",
            "tags": {
              "Name": "public-subnet-2"
            },
            "tags_all": {
              "Name": "public-subnet-2"
            },
            "timeouts": null,
            "vpc_id": "vpc-0fa6164bda0244d78"
          },
          "sensitive_attributes": [],
          "private": "eyJlMmJmYjczMC1lY2FhLTExZTYtOGY4OC0zNDM2M2JjN2M0YzAiOnsiY3JlYXRlIjo2MDAwMDAwMDAwMDAsImRlbGV0ZSI6MTIwMDAwMDAwMDAwMH0sInNjaGVtYV92ZXJzaW9uIjoiMSJ9",
          "dependencies": [
            "module.vpc.aws_vpc.main"
          ]
        }
      ]
    },
    {
      "module": "module.vpc",
      "mode": "managed",
      "type": "aws_internet_gateway",
      "name": "main",
      "provider": "provider[\"registry.terraform.io/hashicorp/aws\"]",
      "instances": [
        {
          "schema_version": 0,
          "attributes": {
            "arn": "arn:aws:ec2:ap-northeast-2:108782082145:internet-gateway/igw-0f2c450d3bb716635",
            "id": "igw-0f2c450d3bb716635",
            "owner_id": "108782082145",
            "tags": {
              "Name": "my-igw"
            },
            "tags_all": {
              "Name": "my-igw"
            },
            "timeouts": null,
            "vpc_id": "vpc-0fa6164bda0244d78"
          },
          "sensitive_attributes": [],
          "private": "eyJlMmJmYjczMC1lY2FhLTExZTYtOGY4OC0zNDM2M2JjN2M0YzAiOnsiY3JlYXRlIjoxMjAwMDAwMDAwMDAwLCJkZWxldGUiOjEyMDAwMDAwMDAwMDAsInVwZGF0ZSI6MTIwMDAwMDAwMDAwMH19",
          "dependencies": [
            "module.vpc.aws_vpc.main"
          ]
        }
      ]
    },
    {
      "module": "module.vpc",
      "mode": "managed",
      "type": "aws_route_table",
      "name": "main",
      "provider": "provider[\"registry.terraform.io/hashicorp/aws\"]",
      "instances": [
        {
          "schema_version": 0,
          "attributes": {
            "arn": "arn:aws:ec2:ap-northeast-2:108782082145:route-table/rtb-061345558f5b849e2",
            "id": "rtb-061345558f5b849e2",
            "owner_id": "108782082145",
            "propagating_vgws": [],
            "route": [
              {
                "carrier_gateway_id": "",
                "cidr_block": "0.0.0.0/0",
                "core_network_arn": "",
                "destination_prefix_list_id": "",
                "egress_only_gateway_id": "",
                "gateway_id": "igw-0f2c450d3bb716635",
                "ipv6_cidr_block": "",
                "local_gateway_id": "",
                "nat_gateway_id": "",
                "network_interface_id": "",
                "transit_gateway_id": "",
                "vpc_endpoint_id": "",
                "vpc_peering_connection_id": ""
              }
            ],
            "tags": {
              "Name": "my-route-table"
            },
            "tags_all": {
              "Name": "my-route-table"
            },
            "timeouts": null,
            "vpc_id": "vpc-0fa6164bda0244d78"
          },
          "sensitive_attributes": [],
          "private": "eyJlMmJmYjczMC1lY2FhLTExZTYtOGY4OC0zNDM2M2JjN2M0YzAiOnsiY3JlYXRlIjozMDAwMDAwMDAwMDAsImRlbGV0ZSI6MzAwMDAwMDAwMDAwLCJ1cGRhdGUiOjEyMDAwMDAwMDAwMH19",
          "dependencies": [
            "module.vpc.aws_internet_gateway.main",
            "module.vpc.aws_vpc.main"
          ]
        }
      ]
    },
    {
      "module": "module.vpc",
      "mode": "managed",
      "type": "aws_vpc",
      "name": "main",
      "provider": "provider[\"registry.terraform.io/hashicorp/aws\"]",
      "instances": [
        {
          "schema_version": 1,
          "attributes": {
            "arn": "arn:aws:ec2:ap-northeast-2:108782082145:vpc/vpc-0fa6164bda0244d78",
            "assign_generated_ipv6_cidr_block": false,
            "cidr_block": "10.0.0.0/16",
            "default_network_acl_id": "acl-065343430ceb617b2",
            "default_route_table_id": "rtb-08935238830505c97",
            "default_security_group_id": "sg-0ea0e98bd8f4a687e",
            "dhcp_options_id": "dopt-0570a05bfbee7451a",
            "enable_dns_hostnames": false,
            "enable_dns_support": true,
            "enable_network_address_usage_metrics": false,
            "id": "vpc-0fa6164bda0244d78",
            "instance_tenancy": "default",
            "ipv4_ipam_pool_id": null,
            "ipv4_netmask_length": null,
            "ipv6_association_id": "",
            "ipv6_cidr_block": "",
            "ipv6_cidr_block_network_border_group": "",
            "ipv6_ipam_pool_id": "",
            "ipv6_netmask_length": 0,
            "main_route_table_id": "rtb-08935238830505c97",
            "owner_id": "108782082145",
            "tags": {
              "Name": "my-vpc"
            },
            "tags_all": {
              "Name": "my-vpc"
            }
          },
          "sensitive_attributes": [],
          "private": "eyJzY2hlbWFfdmVyc2lvbiI6IjEifQ=="
        }
      ]
    }
  ],
  "check_results": null
}
