{
  "version": 4,
  "terraform_version": "1.9.4",
  "serial": 631,
  "lineage": "ef7229b9-195d-3a90-2670-656d79ec7e78",
  "outputs": {},
  "resources": [
    {
      "module": "module.autoscaling",
      "mode": "managed",
      "type": "aws_autoscaling_group",
      "name": "web1_asg",
      "provider": "provider[\"registry.terraform.io/hashicorp/aws\"]",
      "instances": [
        {
          "schema_version": 1,
          "attributes": {
            "arn": "arn:aws:autoscaling:ap-northeast-2:108782082145:autoScalingGroup:820cf760-3fb9-4d7e-b33b-37ea6d0400c3:autoScalingGroupName/web1-asg",
            "availability_zones": [
              "ap-northeast-2a",
              "ap-northeast-2c"
            ],
            "capacity_rebalance": false,
            "context": "",
            "default_cooldown": 300,
            "default_instance_warmup": 0,
            "desired_capacity": 1,
            "desired_capacity_type": "",
            "enabled_metrics": null,
            "force_delete": false,
            "force_delete_warm_pool": false,
            "health_check_grace_period": 300,
            "health_check_type": "EC2",
            "id": "web1-asg",
            "ignore_failed_scaling_activities": false,
            "initial_lifecycle_hook": [],
            "instance_maintenance_policy": [],
            "instance_refresh": [],
            "launch_configuration": "",
            "launch_template": [
              {
                "id": "lt-05b402b909ef984aa",
                "name": "web1-launch-template",
                "version": "$Latest"
              }
            ],
            "load_balancers": [],
            "max_instance_lifetime": 0,
            "max_size": 3,
            "metrics_granularity": "1Minute",
            "min_elb_capacity": null,
            "min_size": 1,
            "mixed_instances_policy": [],
            "name": "web1-asg",
            "name_prefix": "",
            "placement_group": "",
            "predicted_capacity": 0,
            "protect_from_scale_in": false,
            "service_linked_role_arn": "arn:aws:iam::108782082145:role/aws-service-role/autoscaling.amazonaws.com/AWSServiceRoleForAutoScaling",
            "suspended_processes": null,
            "tag": [
              {
                "key": "Name",
                "propagate_at_launch": true,
                "value": "web1-asg"
              }
            ],
            "target_group_arns": [],
            "termination_policies": null,
            "timeouts": null,
            "traffic_source": [],
            "vpc_zone_identifier": [
              "subnet-00f954e1fd69d15b8",
              "subnet-0255ad418e9327a90"
            ],
            "wait_for_capacity_timeout": "10m",
            "wait_for_elb_capacity": null,
            "warm_pool": [],
            "warm_pool_size": 0
          },
          "sensitive_attributes": [],
          "private": "eyJlMmJmYjczMC1lY2FhLTExZTYtOGY4OC0zNDM2M2JjN2M0YzAiOnsiZGVsZXRlIjo2MDAwMDAwMDAwMDAsInVwZGF0ZSI6NjAwMDAwMDAwMDAwfSwic2NoZW1hX3ZlcnNpb24iOiIxIn0=",
          "dependencies": [
            "module.ec2.aws_instance.web1",
            "module.key_pair.aws_key_pair.my_key",
            "module.key_pair.tls_private_key.example",
            "module.launch_template.aws_ami_from_instance.web1_ami",
            "module.launch_template.aws_launch_template.web1_launch_template",
            "module.security-group.aws_security_group.allow_ssh",
            "module.subnet.aws_subnet.private1",
            "module.subnet.aws_subnet.private2",
            "module.vpc.aws_vpc.main"
          ]
        }
      ]
    },
    {
      "module": "module.autoscaling",
      "mode": "managed",
      "type": "aws_autoscaling_policy",
      "name": "scale_down",
      "provider": "provider[\"registry.terraform.io/hashicorp/aws\"]",
      "instances": [
        {
          "schema_version": 0,
          "attributes": {
            "adjustment_type": "ChangeInCapacity",
            "arn": "arn:aws:autoscaling:ap-northeast-2:108782082145:scalingPolicy:950be248-4564-4072-9c21-830ad18d3856:autoScalingGroupName/web1-asg:policyName/scale_down",
            "autoscaling_group_name": "web1-asg",
            "cooldown": 300,
            "enabled": true,
            "estimated_instance_warmup": 0,
            "id": "scale_down",
            "metric_aggregation_type": "",
            "min_adjustment_magnitude": 0,
            "name": "scale_down",
            "policy_type": "SimpleScaling",
            "predictive_scaling_configuration": [],
            "scaling_adjustment": -2,
            "step_adjustment": [],
            "target_tracking_configuration": []
          },
          "sensitive_attributes": [],
          "private": "bnVsbA==",
          "dependencies": [
            "module.autoscaling.aws_autoscaling_group.web1_asg",
            "module.ec2.aws_instance.web1",
            "module.key_pair.aws_key_pair.my_key",
            "module.key_pair.tls_private_key.example",
            "module.launch_template.aws_ami_from_instance.web1_ami",
            "module.launch_template.aws_launch_template.web1_launch_template",
            "module.security-group.aws_security_group.allow_ssh",
            "module.subnet.aws_subnet.private1",
            "module.subnet.aws_subnet.private2",
            "module.vpc.aws_vpc.main"
          ]
        }
      ]
    },
    {
      "module": "module.autoscaling",
      "mode": "managed",
      "type": "aws_autoscaling_policy",
      "name": "scale_up",
      "provider": "provider[\"registry.terraform.io/hashicorp/aws\"]",
      "instances": [
        {
          "schema_version": 0,
          "attributes": {
            "adjustment_type": "ChangeInCapacity",
            "arn": "arn:aws:autoscaling:ap-northeast-2:108782082145:scalingPolicy:ed887928-2601-497e-9061-9e859777e1bd:autoScalingGroupName/web1-asg:policyName/scale_up",
            "autoscaling_group_name": "web1-asg",
            "cooldown": 300,
            "enabled": true,
            "estimated_instance_warmup": 0,
            "id": "scale_up",
            "metric_aggregation_type": "",
            "min_adjustment_magnitude": 0,
            "name": "scale_up",
            "policy_type": "SimpleScaling",
            "predictive_scaling_configuration": [],
            "scaling_adjustment": 2,
            "step_adjustment": [],
            "target_tracking_configuration": []
          },
          "sensitive_attributes": [],
          "private": "bnVsbA==",
          "dependencies": [
            "module.autoscaling.aws_autoscaling_group.web1_asg",
            "module.ec2.aws_instance.web1",
            "module.key_pair.aws_key_pair.my_key",
            "module.key_pair.tls_private_key.example",
            "module.launch_template.aws_ami_from_instance.web1_ami",
            "module.launch_template.aws_launch_template.web1_launch_template",
            "module.security-group.aws_security_group.allow_ssh",
            "module.subnet.aws_subnet.private1",
            "module.subnet.aws_subnet.private2",
            "module.vpc.aws_vpc.main"
          ]
        }
      ]
    },
    {
      "module": "module.autoscaling",
      "mode": "managed",
      "type": "aws_cloudwatch_metric_alarm",
      "name": "high_cpu",
      "provider": "provider[\"registry.terraform.io/hashicorp/aws\"]",
      "instances": [
        {
          "schema_version": 1,
          "attributes": {
            "actions_enabled": true,
            "alarm_actions": [
              "arn:aws:autoscaling:ap-northeast-2:108782082145:scalingPolicy:ed887928-2601-497e-9061-9e859777e1bd:autoScalingGroupName/web1-asg:policyName/scale_up"
            ],
            "alarm_description": "",
            "alarm_name": "high_cpu",
            "arn": "arn:aws:cloudwatch:ap-northeast-2:108782082145:alarm:high_cpu",
            "comparison_operator": "GreaterThanThreshold",
            "datapoints_to_alarm": 0,
            "dimensions": {
              "AutoScalingGroupName": "web1-asg"
            },
            "evaluate_low_sample_count_percentiles": "",
            "evaluation_periods": 2,
            "extended_statistic": "",
            "id": "high_cpu",
            "insufficient_data_actions": [],
            "metric_name": "CPUUtilization",
            "metric_query": [],
            "namespace": "AWS/EC2",
            "ok_actions": [],
            "period": 120,
            "statistic": "Average",
            "tags": {},
            "tags_all": {},
            "threshold": 10,
            "threshold_metric_id": "",
            "treat_missing_data": "missing",
            "unit": ""
          },
          "sensitive_attributes": [],
          "private": "eyJzY2hlbWFfdmVyc2lvbiI6IjEifQ==",
          "dependencies": [
            "module.autoscaling.aws_autoscaling_group.web1_asg",
            "module.autoscaling.aws_autoscaling_policy.scale_up",
            "module.ec2.aws_instance.web1",
            "module.key_pair.aws_key_pair.my_key",
            "module.key_pair.tls_private_key.example",
            "module.launch_template.aws_ami_from_instance.web1_ami",
            "module.launch_template.aws_launch_template.web1_launch_template",
            "module.security-group.aws_security_group.allow_ssh",
            "module.subnet.aws_subnet.private1",
            "module.subnet.aws_subnet.private2",
            "module.vpc.aws_vpc.main"
          ]
        }
      ]
    },
    {
      "module": "module.autoscaling",
      "mode": "managed",
      "type": "aws_cloudwatch_metric_alarm",
      "name": "low_cpu",
      "provider": "provider[\"registry.terraform.io/hashicorp/aws\"]",
      "instances": [
        {
          "schema_version": 1,
          "attributes": {
            "actions_enabled": true,
            "alarm_actions": [
              "arn:aws:autoscaling:ap-northeast-2:108782082145:scalingPolicy:950be248-4564-4072-9c21-830ad18d3856:autoScalingGroupName/web1-asg:policyName/scale_down"
            ],
            "alarm_description": "",
            "alarm_name": "low_cpu",
            "arn": "arn:aws:cloudwatch:ap-northeast-2:108782082145:alarm:low_cpu",
            "comparison_operator": "LessThanThreshold",
            "datapoints_to_alarm": 0,
            "dimensions": {
              "AutoScalingGroupName": "web1-asg"
            },
            "evaluate_low_sample_count_percentiles": "",
            "evaluation_periods": 2,
            "extended_statistic": "",
            "id": "low_cpu",
            "insufficient_data_actions": [],
            "metric_name": "CPUUtilization",
            "metric_query": [],
            "namespace": "AWS/EC2",
            "ok_actions": [],
            "period": 120,
            "statistic": "Average",
            "tags": {},
            "tags_all": {},
            "threshold": 5,
            "threshold_metric_id": "",
            "treat_missing_data": "missing",
            "unit": ""
          },
          "sensitive_attributes": [],
          "private": "eyJzY2hlbWFfdmVyc2lvbiI6IjEifQ==",
          "dependencies": [
            "module.autoscaling.aws_autoscaling_group.web1_asg",
            "module.autoscaling.aws_autoscaling_policy.scale_down",
            "module.ec2.aws_instance.web1",
            "module.key_pair.aws_key_pair.my_key",
            "module.key_pair.tls_private_key.example",
            "module.launch_template.aws_ami_from_instance.web1_ami",
            "module.launch_template.aws_launch_template.web1_launch_template",
            "module.security-group.aws_security_group.allow_ssh",
            "module.subnet.aws_subnet.private1",
            "module.subnet.aws_subnet.private2",
            "module.vpc.aws_vpc.main"
          ]
        }
      ]
    },
    {
      "module": "module.ec2",
      "mode": "managed",
      "type": "aws_instance",
      "name": "bastion_host",
      "provider": "provider[\"registry.terraform.io/hashicorp/aws\"]",
      "instances": [
        {
          "schema_version": 1,
          "attributes": {
            "ami": "ami-040c33c6a51fd5d96",
            "arn": "arn:aws:ec2:ap-northeast-2:108782082145:instance/i-05c7a787b255e904c",
            "associate_public_ip_address": true,
            "availability_zone": "ap-northeast-2a",
            "capacity_reservation_specification": [
              {
                "capacity_reservation_preference": "open",
                "capacity_reservation_target": []
              }
            ],
            "cpu_core_count": 1,
            "cpu_options": [
              {
                "amd_sev_snp": "",
                "core_count": 1,
                "threads_per_core": 1
              }
            ],
            "cpu_threads_per_core": 1,
            "credit_specification": [
              {
                "cpu_credits": "standard"
              }
            ],
            "disable_api_stop": false,
            "disable_api_termination": false,
            "ebs_block_device": [],
            "ebs_optimized": false,
            "enclave_options": [
              {
                "enabled": false
              }
            ],
            "ephemeral_block_device": [],
            "get_password_data": false,
            "hibernation": false,
            "host_id": "",
            "host_resource_group_arn": null,
            "iam_instance_profile": "",
            "id": "i-05c7a787b255e904c",
            "instance_initiated_shutdown_behavior": "stop",
            "instance_lifecycle": "",
            "instance_market_options": [],
            "instance_state": "running",
            "instance_type": "t2.micro",
            "ipv6_address_count": 0,
            "ipv6_addresses": [],
            "key_name": "my_key",
            "launch_template": [],
            "maintenance_options": [
              {
                "auto_recovery": "default"
              }
            ],
            "metadata_options": [
              {
                "http_endpoint": "enabled",
                "http_protocol_ipv6": "disabled",
                "http_put_response_hop_limit": 2,
                "http_tokens": "required",
                "instance_metadata_tags": "disabled"
              }
            ],
            "monitoring": false,
            "network_interface": [],
            "outpost_arn": "",
            "password_data": "",
            "placement_group": "",
            "placement_partition_number": 0,
            "primary_network_interface_id": "eni-0bc347ca97ad03242",
            "private_dns": "ip-10-0-1-103.ap-northeast-2.compute.internal",
            "private_dns_name_options": [
              {
                "enable_resource_name_dns_a_record": false,
                "enable_resource_name_dns_aaaa_record": false,
                "hostname_type": "ip-name"
              }
            ],
            "private_ip": "10.0.1.103",
            "public_dns": "",
            "public_ip": "13.124.126.100",
            "root_block_device": [
              {
                "delete_on_termination": true,
                "device_name": "/dev/sda1",
                "encrypted": false,
                "iops": 3000,
                "kms_key_id": "",
                "tags": {},
                "tags_all": {},
                "throughput": 125,
                "volume_id": "vol-01b37cc621e56f181",
                "volume_size": 8,
                "volume_type": "gp3"
              }
            ],
            "secondary_private_ips": [],
            "security_groups": [],
            "source_dest_check": true,
            "spot_instance_request_id": "",
            "subnet_id": "subnet-0fd78ed5225037b3a",
            "tags": {
              "Name": "bastion_host"
            },
            "tags_all": {
              "Name": "bastion_host"
            },
            "tenancy": "default",
            "timeouts": null,
            "user_data": null,
            "user_data_base64": null,
            "user_data_replace_on_change": false,
            "volume_tags": null,
            "vpc_security_group_ids": [
              "sg-01c36e5b3483d9136"
            ]
          },
          "sensitive_attributes": [],
          "private": "eyJlMmJmYjczMC1lY2FhLTExZTYtOGY4OC0zNDM2M2JjN2M0YzAiOnsiY3JlYXRlIjo2MDAwMDAwMDAwMDAsImRlbGV0ZSI6MTIwMDAwMDAwMDAwMCwicmVhZCI6OTAwMDAwMDAwMDAwLCJ1cGRhdGUiOjYwMDAwMDAwMDAwMH0sInNjaGVtYV92ZXJzaW9uIjoiMSJ9",
          "dependencies": [
            "module.key_pair.aws_key_pair.my_key",
            "module.key_pair.tls_private_key.example",
            "module.security-group.aws_security_group.allow_ssh",
            "module.subnet.aws_subnet.public1",
            "module.subnet.aws_subnet.public2",
            "module.vpc.aws_vpc.main"
          ]
        }
      ]
    },
    {
      "module": "module.ec2",
      "mode": "managed",
      "type": "aws_instance",
      "name": "nat_instance",
      "provider": "provider[\"registry.terraform.io/hashicorp/aws\"]",
      "instances": [
        {
          "schema_version": 1,
          "attributes": {
            "ami": "ami-0c2d3e23e757b5d84",
            "arn": "arn:aws:ec2:ap-northeast-2:108782082145:instance/i-0a30ad6166c68e992",
            "associate_public_ip_address": true,
            "availability_zone": "ap-northeast-2c",
            "capacity_reservation_specification": [
              {
                "capacity_reservation_preference": "open",
                "capacity_reservation_target": []
              }
            ],
            "cpu_core_count": 1,
            "cpu_options": [
              {
                "amd_sev_snp": "",
                "core_count": 1,
                "threads_per_core": 1
              }
            ],
            "cpu_threads_per_core": 1,
            "credit_specification": [
              {
                "cpu_credits": "standard"
              }
            ],
            "disable_api_stop": false,
            "disable_api_termination": false,
            "ebs_block_device": [],
            "ebs_optimized": false,
            "enclave_options": [
              {
                "enabled": false
              }
            ],
            "ephemeral_block_device": [],
            "get_password_data": false,
            "hibernation": false,
            "host_id": "",
            "host_resource_group_arn": null,
            "iam_instance_profile": "",
            "id": "i-0a30ad6166c68e992",
            "instance_initiated_shutdown_behavior": "stop",
            "instance_lifecycle": "",
            "instance_market_options": [],
            "instance_state": "running",
            "instance_type": "t2.micro",
            "ipv6_address_count": 0,
            "ipv6_addresses": [],
            "key_name": "my_key",
            "launch_template": [],
            "maintenance_options": [
              {
                "auto_recovery": "default"
              }
            ],
            "metadata_options": [
              {
                "http_endpoint": "enabled",
                "http_protocol_ipv6": "disabled",
                "http_put_response_hop_limit": 1,
                "http_tokens": "optional",
                "instance_metadata_tags": "disabled"
              }
            ],
            "monitoring": false,
            "network_interface": [],
            "outpost_arn": "",
            "password_data": "",
            "placement_group": "",
            "placement_partition_number": 0,
            "primary_network_interface_id": "eni-0f6154448b2c37f79",
            "private_dns": "ip-10-0-2-221.ap-northeast-2.compute.internal",
            "private_dns_name_options": [
              {
                "enable_resource_name_dns_a_record": false,
                "enable_resource_name_dns_aaaa_record": false,
                "hostname_type": "ip-name"
              }
            ],
            "private_ip": "10.0.2.221",
            "public_dns": "",
            "public_ip": "3.34.45.84",
            "root_block_device": [
              {
                "delete_on_termination": true,
                "device_name": "/dev/xvda",
                "encrypted": false,
                "iops": 0,
                "kms_key_id": "",
                "tags": {},
                "tags_all": {},
                "throughput": 0,
                "volume_id": "vol-0d7d368fd4feff6fb",
                "volume_size": 8,
                "volume_type": "standard"
              }
            ],
            "secondary_private_ips": [],
            "security_groups": [],
            "source_dest_check": false,
            "spot_instance_request_id": "",
            "subnet_id": "subnet-0feb70cf80d8a7151",
            "tags": {
              "Name": "nat_instance"
            },
            "tags_all": {
              "Name": "nat_instance"
            },
            "tenancy": "default",
            "timeouts": null,
            "user_data": null,
            "user_data_base64": null,
            "user_data_replace_on_change": false,
            "volume_tags": null,
            "vpc_security_group_ids": [
              "sg-01c36e5b3483d9136"
            ]
          },
          "sensitive_attributes": [],
          "private": "eyJlMmJmYjczMC1lY2FhLTExZTYtOGY4OC0zNDM2M2JjN2M0YzAiOnsiY3JlYXRlIjo2MDAwMDAwMDAwMDAsImRlbGV0ZSI6MTIwMDAwMDAwMDAwMCwicmVhZCI6OTAwMDAwMDAwMDAwLCJ1cGRhdGUiOjYwMDAwMDAwMDAwMH0sInNjaGVtYV92ZXJzaW9uIjoiMSJ9",
          "dependencies": [
            "module.key_pair.aws_key_pair.my_key",
            "module.key_pair.tls_private_key.example",
            "module.security-group.aws_security_group.allow_ssh",
            "module.subnet.aws_subnet.public1",
            "module.subnet.aws_subnet.public2",
            "module.vpc.aws_vpc.main"
          ]
        }
      ]
    },
    {
      "module": "module.ec2",
      "mode": "managed",
      "type": "aws_instance",
      "name": "web1",
      "provider": "provider[\"registry.terraform.io/hashicorp/aws\"]",
      "instances": [
        {
          "schema_version": 1,
          "attributes": {
            "ami": "ami-040c33c6a51fd5d96",
            "arn": "arn:aws:ec2:ap-northeast-2:108782082145:instance/i-0305ca32166af6a80",
            "associate_public_ip_address": false,
            "availability_zone": "ap-northeast-2a",
            "capacity_reservation_specification": [
              {
                "capacity_reservation_preference": "open",
                "capacity_reservation_target": []
              }
            ],
            "cpu_core_count": 1,
            "cpu_options": [
              {
                "amd_sev_snp": "",
                "core_count": 1,
                "threads_per_core": 1
              }
            ],
            "cpu_threads_per_core": 1,
            "credit_specification": [
              {
                "cpu_credits": "standard"
              }
            ],
            "disable_api_stop": false,
            "disable_api_termination": false,
            "ebs_block_device": [],
            "ebs_optimized": false,
            "enclave_options": [
              {
                "enabled": false
              }
            ],
            "ephemeral_block_device": [],
            "get_password_data": false,
            "hibernation": false,
            "host_id": "",
            "host_resource_group_arn": null,
            "iam_instance_profile": "",
            "id": "i-0305ca32166af6a80",
            "instance_initiated_shutdown_behavior": "stop",
            "instance_lifecycle": "",
            "instance_market_options": [],
            "instance_state": "running",
            "instance_type": "t2.micro",
            "ipv6_address_count": 0,
            "ipv6_addresses": [],
            "key_name": "my_key",
            "launch_template": [],
            "maintenance_options": [
              {
                "auto_recovery": "default"
              }
            ],
            "metadata_options": [
              {
                "http_endpoint": "enabled",
                "http_protocol_ipv6": "disabled",
                "http_put_response_hop_limit": 2,
                "http_tokens": "required",
                "instance_metadata_tags": "disabled"
              }
            ],
            "monitoring": false,
            "network_interface": [],
            "outpost_arn": "",
            "password_data": "",
            "placement_group": "",
            "placement_partition_number": 0,
            "primary_network_interface_id": "eni-0e628cc796347ac05",
            "private_dns": "ip-10-0-3-254.ap-northeast-2.compute.internal",
            "private_dns_name_options": [
              {
                "enable_resource_name_dns_a_record": false,
                "enable_resource_name_dns_aaaa_record": false,
                "hostname_type": "ip-name"
              }
            ],
            "private_ip": "10.0.3.254",
            "public_dns": "",
            "public_ip": "",
            "root_block_device": [
              {
                "delete_on_termination": true,
                "device_name": "/dev/sda1",
                "encrypted": false,
                "iops": 3000,
                "kms_key_id": "",
                "tags": {},
                "tags_all": {},
                "throughput": 125,
                "volume_id": "vol-054979aa490a732ec",
                "volume_size": 8,
                "volume_type": "gp3"
              }
            ],
            "secondary_private_ips": [],
            "security_groups": [],
            "source_dest_check": true,
            "spot_instance_request_id": "",
            "subnet_id": "subnet-0255ad418e9327a90",
            "tags": {
              "Name": "web1"
            },
            "tags_all": {
              "Name": "web1"
            },
            "tenancy": "default",
            "timeouts": null,
            "user_data": null,
            "user_data_base64": null,
            "user_data_replace_on_change": false,
            "volume_tags": null,
            "vpc_security_group_ids": [
              "sg-01c36e5b3483d9136"
            ]
          },
          "sensitive_attributes": [],
          "private": "eyJlMmJmYjczMC1lY2FhLTExZTYtOGY4OC0zNDM2M2JjN2M0YzAiOnsiY3JlYXRlIjo2MDAwMDAwMDAwMDAsImRlbGV0ZSI6MTIwMDAwMDAwMDAwMCwicmVhZCI6OTAwMDAwMDAwMDAwLCJ1cGRhdGUiOjYwMDAwMDAwMDAwMH0sInNjaGVtYV92ZXJzaW9uIjoiMSJ9",
          "dependencies": [
            "module.key_pair.aws_key_pair.my_key",
            "module.key_pair.tls_private_key.example",
            "module.security-group.aws_security_group.allow_ssh",
            "module.subnet.aws_subnet.private1",
            "module.subnet.aws_subnet.private2",
            "module.vpc.aws_vpc.main"
          ],
          "create_before_destroy": true
        }
      ]
    },
    {
      "module": "module.ec2",
      "mode": "managed",
      "type": "aws_instance",
      "name": "web2",
      "provider": "provider[\"registry.terraform.io/hashicorp/aws\"]",
      "instances": [
        {
          "schema_version": 1,
          "attributes": {
            "ami": "ami-040c33c6a51fd5d96",
            "arn": "arn:aws:ec2:ap-northeast-2:108782082145:instance/i-06fd11f4272aad014",
            "associate_public_ip_address": false,
            "availability_zone": "ap-northeast-2c",
            "capacity_reservation_specification": [
              {
                "capacity_reservation_preference": "open",
                "capacity_reservation_target": []
              }
            ],
            "cpu_core_count": 1,
            "cpu_options": [
              {
                "amd_sev_snp": "",
                "core_count": 1,
                "threads_per_core": 1
              }
            ],
            "cpu_threads_per_core": 1,
            "credit_specification": [
              {
                "cpu_credits": "standard"
              }
            ],
            "disable_api_stop": false,
            "disable_api_termination": false,
            "ebs_block_device": [],
            "ebs_optimized": false,
            "enclave_options": [
              {
                "enabled": false
              }
            ],
            "ephemeral_block_device": [],
            "get_password_data": false,
            "hibernation": false,
            "host_id": "",
            "host_resource_group_arn": null,
            "iam_instance_profile": "",
            "id": "i-06fd11f4272aad014",
            "instance_initiated_shutdown_behavior": "stop",
            "instance_lifecycle": "",
            "instance_market_options": [],
            "instance_state": "running",
            "instance_type": "t2.micro",
            "ipv6_address_count": 0,
            "ipv6_addresses": [],
            "key_name": "my_key",
            "launch_template": [],
            "maintenance_options": [
              {
                "auto_recovery": "default"
              }
            ],
            "metadata_options": [
              {
                "http_endpoint": "enabled",
                "http_protocol_ipv6": "disabled",
                "http_put_response_hop_limit": 2,
                "http_tokens": "required",
                "instance_metadata_tags": "disabled"
              }
            ],
            "monitoring": false,
            "network_interface": [],
            "outpost_arn": "",
            "password_data": "",
            "placement_group": "",
            "placement_partition_number": 0,
            "primary_network_interface_id": "eni-045dd62b895e5da42",
            "private_dns": "ip-10-0-4-68.ap-northeast-2.compute.internal",
            "private_dns_name_options": [
              {
                "enable_resource_name_dns_a_record": false,
                "enable_resource_name_dns_aaaa_record": false,
                "hostname_type": "ip-name"
              }
            ],
            "private_ip": "10.0.4.68",
            "public_dns": "",
            "public_ip": "",
            "root_block_device": [
              {
                "delete_on_termination": true,
                "device_name": "/dev/sda1",
                "encrypted": false,
                "iops": 3000,
                "kms_key_id": "",
                "tags": {},
                "tags_all": {},
                "throughput": 125,
                "volume_id": "vol-01a940fe0095e05a2",
                "volume_size": 8,
                "volume_type": "gp3"
              }
            ],
            "secondary_private_ips": [],
            "security_groups": [],
            "source_dest_check": true,
            "spot_instance_request_id": "",
            "subnet_id": "subnet-00f954e1fd69d15b8",
            "tags": {
              "Name": "web2"
            },
            "tags_all": {
              "Name": "web2"
            },
            "tenancy": "default",
            "timeouts": null,
            "user_data": null,
            "user_data_base64": null,
            "user_data_replace_on_change": false,
            "volume_tags": null,
            "vpc_security_group_ids": [
              "sg-01c36e5b3483d9136"
            ]
          },
          "sensitive_attributes": [],
          "private": "eyJlMmJmYjczMC1lY2FhLTExZTYtOGY4OC0zNDM2M2JjN2M0YzAiOnsiY3JlYXRlIjo2MDAwMDAwMDAwMDAsImRlbGV0ZSI6MTIwMDAwMDAwMDAwMCwicmVhZCI6OTAwMDAwMDAwMDAwLCJ1cGRhdGUiOjYwMDAwMDAwMDAwMH0sInNjaGVtYV92ZXJzaW9uIjoiMSJ9",
          "dependencies": [
            "module.key_pair.aws_key_pair.my_key",
            "module.key_pair.tls_private_key.example",
            "module.security-group.aws_security_group.allow_ssh",
            "module.subnet.aws_subnet.private1",
            "module.subnet.aws_subnet.private2",
            "module.vpc.aws_vpc.main"
          ]
        }
      ]
    },
    {
      "module": "module.key_pair",
      "mode": "managed",
      "type": "aws_key_pair",
      "name": "my_key",
      "provider": "provider[\"registry.terraform.io/hashicorp/aws\"]",
      "instances": [
        {
          "schema_version": 1,
          "attributes": {
            "arn": "arn:aws:ec2:ap-northeast-2:108782082145:key-pair/my_key",
            "fingerprint": "7e:5b:c2:22:a4:3a:d4:c4:92:80:a3:d0:68:6f:92:bf",
            "id": "my_key",
            "key_name": "my_key",
            "key_name_prefix": "",
            "key_pair_id": "key-0715019b8c2f8b734",
            "key_type": "rsa",
            "public_key": "ssh-rsa AAAAB3NzaC1yc2EAAAADAQABAAABAQDJpWR+AauNvZicYiVCS2N1/e+eSkYTu2cAtz46WX2CiGDdqGcGgq4qVlxVF/N6SrSqJV1FgL24zEo+V34xI0yXoymVlDe67YQMoZ80N1HtQgU4vvTmpVyulBkEQh6V9mRQx+6UgEqKDL7zD5BhTZhN62RvAiE30fvJ47WAzfX+Og+NmSttJuR+mCk1lNN7sIzaCvWzQnpltFhbwYAhG9nfEr24lClSNpniqbYgu1IL1jzKxSGUE3QqJd0cNBfClbuWzfnwnt8zlevxycc73p3vXb+D59Me/BcRozeHhP9OELEYWJWXkieDPEZtJ9c1T/gQnhcAWYFonrrXaBEG9uaR",
            "tags": {},
            "tags_all": {}
          },
          "sensitive_attributes": [],
          "private": "eyJzY2hlbWFfdmVyc2lvbiI6IjEifQ==",
          "dependencies": [
            "module.key_pair.tls_private_key.example"
          ],
          "create_before_destroy": true
        }
      ]
    },
    {
      "module": "module.key_pair",
      "mode": "managed",
      "type": "local_file",
      "name": "private_key",
      "provider": "provider[\"registry.terraform.io/hashicorp/local\"]",
      "instances": [
        {
          "schema_version": 0,
          "attributes": {
            "content": "-----BEGIN RSA PRIVATE KEY-----\nMIIEowIBAAKCAQEAyaVkfgGrjb2YnGIlQktjdf3vnkpGE7tnALc+Oll9gohg3ahn\nBoKuKlZcVRfzekq0qiVdRYC9uMxKPld+MSNMl6MplZQ3uu2EDKGfNDdR7UIFOL70\n5qVcrpQZBEIelfZkUMfulIBKigy+8w+QYU2YTetkbwIhN9H7yeO1gM31/joPjZkr\nbSbkfpgpNZTTe7CM2gr1s0J6ZbRYW8GAIRvZ3xK9uJQpUjaZ4qm2ILtSC9Y8ysUh\nlBN0KiXdHDQXwpW7ls358J7fM5Xr8cnHO96d712/g+fTHvwXEaM3h4T/ThCxGFiV\nl5IngzxGbSfXNU/4EJ4XAFmBaJ6612gRBvbmkQIDAQABAoIBADndq6v5YLjJOt1N\n0PFoXv+CQtxC5j9NXS64ZzQpcDogVuPlKsOUhtSBefe1atqiS5w0IsMKQeehQIEJ\nbJ4/SgCOAyX4pdGPzYAudVhvs6QJeSQisHbr51/2AgPV0Z8pWPpRlaap9joNlFJ+\nGenCcb2Smny8uLmjGcWDAhgXgstUbWNzwWjH6I/n3gPfFKWNmEXCCSu8f5X6DZAu\nVAhLj1GeTd+iFCFqDvvNmfg8L1uFXCEUjhudLhLoq21kYW4XnRNZZfllDzxaAcxC\nxjN7dbILvtF5RqX7cc39DuwylghYjNIKzzTdPjDSL3712mO+4G6YRXjAVD0DzVr5\n5HBKA70CgYEA1DZQuCHKkwsTPh1fjFOV1m0wCVYSIYYkbtUbH0GsdvugRCKJ2fqf\njdFdzvKTHKIwLdzBqWxBFGNrZHA97tuztvcfhX1+x1swEGJQ/K99DS5VIsgGJhfA\nRW7X+M0ynkwKGcuRzM+N5HwCa+CnnU79XXOQxU8jfx0Oj2uAAyt+xL8CgYEA80Dx\nnyGUyhwxVBLRBNSh76Ui6vqMK0RLp48sJ14PHTvSM3xCh8+5/0muz4LnKaRxSh9E\nEbIybJ/wFZNr/Lz/kTxZPVnxWs9+C0fBm96Wm9rBFVG4fAWO4cYXcin1yYxzjWxV\nhA8bEyB8ElCk9cb/eS0VijH0ngZcBGYoqhfDmK8CgYAJTmB30rOJg0DSxoL8KmY1\nwxAKOMYOxk0utxW7ZyvjA+HhWwpkjsMUewv8GVMuPEaUnEu53E92T23UN7/fi67z\n5R5ywjAfGfafoVAf5Ko9O7zsC42Jeh0qblP2SzlfC8Kdovm/25JDZNTOWkm/cklW\nIc1FedT6rBGJZJN2kB+9DQKBgQDAMRu2ow2v8j53Mra6nlWjxlGkXnjI5pjvtoso\nP4SpkE4wJ4lZTKKkNU9M3RxPJoHsEm/xm12DvYovQd8cPSefVJMdiibLnQz1VKh/\nwoo0cc4ETiD4vFt7vstfhA+SQso5ftLCGD1IC257+gObvLK0xw4xte6TvGqPfze5\nzDTaOQKBgBAPxx21tT/RGlyo14ECLJFkIwymPDq10nhe8+9LznYsFpoIu5IgcnrN\nyKZA7h3j+1qwxFsvKPyHItfcfJCKqBERQsf0FO136CE605rv+Sq2C/j1SEZvzJX1\nLlbzu3NxKMTz6p5otK5Mecm/TA+TJRhdqOUKMLgn02ezzgTIv9AZ\n-----END RSA PRIVATE KEY-----\n",
            "content_base64": null,
            "content_base64sha256": "JEWnx/SWjK81eRh7l6OYHwPcZqddN7d94vBWA5gJJvg=",
            "content_base64sha512": "/f444SLDPXUpxDvYUmSi2aXqVuiCuQqPRe06x3RLO8NUXO7VD9nFT8VOcOjOm5FzbrpEBX4Yuhc3mdR3jIRgJQ==",
            "content_md5": "10d6415e265bb90a3370ebf2ed3ff631",
            "content_sha1": "b4a3fa3231be044c8acefb2421109ad9ffe4b9ee",
            "content_sha256": "2445a7c7f4968caf3579187b97a3981f03dc66a75d37b77de2f05603980926f8",
            "content_sha512": "fdfe38e122c33d7529c43bd85264a2d9a5ea56e882b90a8f45ed3ac7744b3bc3545ceed50fd9c54fc54e70e8ce9b91736eba44057e18ba173799d4778c846025",
            "directory_permission": "0777",
            "file_permission": "0777",
            "filename": "modules/key-pair/my_key.pem",
            "id": "b4a3fa3231be044c8acefb2421109ad9ffe4b9ee",
            "sensitive_content": null,
            "source": null
          },
          "sensitive_attributes": [
            [
              {
                "type": "get_attr",
                "value": "sensitive_content"
              }
            ],
            [
              {
                "type": "get_attr",
                "value": "content"
              }
            ]
          ],
          "dependencies": [
            "module.key_pair.tls_private_key.example"
          ]
        }
      ]
    },
    {
      "module": "module.key_pair",
      "mode": "managed",
      "type": "tls_private_key",
      "name": "example",
      "provider": "provider[\"registry.terraform.io/hashicorp/tls\"]",
      "instances": [
        {
          "schema_version": 1,
          "attributes": {
            "algorithm": "RSA",
            "ecdsa_curve": "P224",
            "id": "f1b4fc74453b518f5c41542b5863e22c86e7ac03",
            "private_key_openssh": "-----BEGIN OPENSSH PRIVATE KEY-----\nb3BlbnNzaC1rZXktdjEAAAAABG5vbmUAAAAEbm9uZQAAAAAAAAABAAABFwAAAAdz\nc2gtcnNhAAAAAwEAAQAAAQEAyaVkfgGrjb2YnGIlQktjdf3vnkpGE7tnALc+Oll9\ngohg3ahnBoKuKlZcVRfzekq0qiVdRYC9uMxKPld+MSNMl6MplZQ3uu2EDKGfNDdR\n7UIFOL705qVcrpQZBEIelfZkUMfulIBKigy+8w+QYU2YTetkbwIhN9H7yeO1gM31\n/joPjZkrbSbkfpgpNZTTe7CM2gr1s0J6ZbRYW8GAIRvZ3xK9uJQpUjaZ4qm2ILtS\nC9Y8ysUhlBN0KiXdHDQXwpW7ls358J7fM5Xr8cnHO96d712/g+fTHvwXEaM3h4T/\nThCxGFiVl5IngzxGbSfXNU/4EJ4XAFmBaJ6612gRBvbmkQAAA7g53+JpOd/iaQAA\nAAdzc2gtcnNhAAABAQDJpWR+AauNvZicYiVCS2N1/e+eSkYTu2cAtz46WX2CiGDd\nqGcGgq4qVlxVF/N6SrSqJV1FgL24zEo+V34xI0yXoymVlDe67YQMoZ80N1HtQgU4\nvvTmpVyulBkEQh6V9mRQx+6UgEqKDL7zD5BhTZhN62RvAiE30fvJ47WAzfX+Og+N\nmSttJuR+mCk1lNN7sIzaCvWzQnpltFhbwYAhG9nfEr24lClSNpniqbYgu1IL1jzK\nxSGUE3QqJd0cNBfClbuWzfnwnt8zlevxycc73p3vXb+D59Me/BcRozeHhP9OELEY\nWJWXkieDPEZtJ9c1T/gQnhcAWYFonrrXaBEG9uaRAAAAAwEAAQAAAQA53aur+WC4\nyTrdTdDxaF7/gkLcQuY/TV0uuGc0KXA6IFbj5SrDlIbUgXn3tWraokucNCLDCkHn\noUCBCWyeP0oAjgMl+KXRj82ALnVYb7OkCXkkIrB26+df9gID1dGfKVj6UZWmqfY6\nDZRSfhnpwnG9kpp8vLi5oxnFgwIYF4LLVG1jc8Fox+iP594D3xSljZhFwgkrvH+V\n+g2QLlQIS49Rnk3fohQhag77zZn4PC9bhVwhFI4bnS4S6KttZGFuF50TWWX5ZQ88\nWgHMQsYze3WyC77ReUal+3HN/Q7sMpYIWIzSCs803T4w0i9+9dpjvuBumEV4wFQ9\nA81a+eRwSgO9AAAAgBAPxx21tT/RGlyo14ECLJFkIwymPDq10nhe8+9LznYsFpoI\nu5IgcnrNyKZA7h3j+1qwxFsvKPyHItfcfJCKqBERQsf0FO136CE605rv+Sq2C/j1\nSEZvzJX1Llbzu3NxKMTz6p5otK5Mecm/TA+TJRhdqOUKMLgn02ezzgTIv9AZAAAA\ngQDUNlC4IcqTCxM+HV+MU5XWbTAJVhIhhiRu1RsfQax2+6BEIonZ+p+N0V3O8pMc\nojAt3MGpbEEUY2tkcD3u27O29x+FfX7HWzAQYlD8r30NLlUiyAYmF8BFbtf4zTKe\nTAoZy5HMz43kfAJr4KedTv1dc5DFTyN/HQ6Pa4ADK37EvwAAAIEA80DxnyGUyhwx\nVBLRBNSh76Ui6vqMK0RLp48sJ14PHTvSM3xCh8+5/0muz4LnKaRxSh9EEbIybJ/w\nFZNr/Lz/kTxZPVnxWs9+C0fBm96Wm9rBFVG4fAWO4cYXcin1yYxzjWxVhA8bEyB8\nElCk9cb/eS0VijH0ngZcBGYoqhfDmK8AAAAAAQID\n-----END OPENSSH PRIVATE KEY-----\n",
            "private_key_pem": "-----BEGIN RSA PRIVATE KEY-----\nMIIEowIBAAKCAQEAyaVkfgGrjb2YnGIlQktjdf3vnkpGE7tnALc+Oll9gohg3ahn\nBoKuKlZcVRfzekq0qiVdRYC9uMxKPld+MSNMl6MplZQ3uu2EDKGfNDdR7UIFOL70\n5qVcrpQZBEIelfZkUMfulIBKigy+8w+QYU2YTetkbwIhN9H7yeO1gM31/joPjZkr\nbSbkfpgpNZTTe7CM2gr1s0J6ZbRYW8GAIRvZ3xK9uJQpUjaZ4qm2ILtSC9Y8ysUh\nlBN0KiXdHDQXwpW7ls358J7fM5Xr8cnHO96d712/g+fTHvwXEaM3h4T/ThCxGFiV\nl5IngzxGbSfXNU/4EJ4XAFmBaJ6612gRBvbmkQIDAQABAoIBADndq6v5YLjJOt1N\n0PFoXv+CQtxC5j9NXS64ZzQpcDogVuPlKsOUhtSBefe1atqiS5w0IsMKQeehQIEJ\nbJ4/SgCOAyX4pdGPzYAudVhvs6QJeSQisHbr51/2AgPV0Z8pWPpRlaap9joNlFJ+\nGenCcb2Smny8uLmjGcWDAhgXgstUbWNzwWjH6I/n3gPfFKWNmEXCCSu8f5X6DZAu\nVAhLj1GeTd+iFCFqDvvNmfg8L1uFXCEUjhudLhLoq21kYW4XnRNZZfllDzxaAcxC\nxjN7dbILvtF5RqX7cc39DuwylghYjNIKzzTdPjDSL3712mO+4G6YRXjAVD0DzVr5\n5HBKA70CgYEA1DZQuCHKkwsTPh1fjFOV1m0wCVYSIYYkbtUbH0GsdvugRCKJ2fqf\njdFdzvKTHKIwLdzBqWxBFGNrZHA97tuztvcfhX1+x1swEGJQ/K99DS5VIsgGJhfA\nRW7X+M0ynkwKGcuRzM+N5HwCa+CnnU79XXOQxU8jfx0Oj2uAAyt+xL8CgYEA80Dx\nnyGUyhwxVBLRBNSh76Ui6vqMK0RLp48sJ14PHTvSM3xCh8+5/0muz4LnKaRxSh9E\nEbIybJ/wFZNr/Lz/kTxZPVnxWs9+C0fBm96Wm9rBFVG4fAWO4cYXcin1yYxzjWxV\nhA8bEyB8ElCk9cb/eS0VijH0ngZcBGYoqhfDmK8CgYAJTmB30rOJg0DSxoL8KmY1\nwxAKOMYOxk0utxW7ZyvjA+HhWwpkjsMUewv8GVMuPEaUnEu53E92T23UN7/fi67z\n5R5ywjAfGfafoVAf5Ko9O7zsC42Jeh0qblP2SzlfC8Kdovm/25JDZNTOWkm/cklW\nIc1FedT6rBGJZJN2kB+9DQKBgQDAMRu2ow2v8j53Mra6nlWjxlGkXnjI5pjvtoso\nP4SpkE4wJ4lZTKKkNU9M3RxPJoHsEm/xm12DvYovQd8cPSefVJMdiibLnQz1VKh/\nwoo0cc4ETiD4vFt7vstfhA+SQso5ftLCGD1IC257+gObvLK0xw4xte6TvGqPfze5\nzDTaOQKBgBAPxx21tT/RGlyo14ECLJFkIwymPDq10nhe8+9LznYsFpoIu5IgcnrN\nyKZA7h3j+1qwxFsvKPyHItfcfJCKqBERQsf0FO136CE605rv+Sq2C/j1SEZvzJX1\nLlbzu3NxKMTz6p5otK5Mecm/TA+TJRhdqOUKMLgn02ezzgTIv9AZ\n-----END RSA PRIVATE KEY-----\n",
            "private_key_pem_pkcs8": "-----BEGIN PRIVATE KEY-----\nMIIEvQIBADANBgkqhkiG9w0BAQEFAASCBKcwggSjAgEAAoIBAQDJpWR+AauNvZic\nYiVCS2N1/e+eSkYTu2cAtz46WX2CiGDdqGcGgq4qVlxVF/N6SrSqJV1FgL24zEo+\nV34xI0yXoymVlDe67YQMoZ80N1HtQgU4vvTmpVyulBkEQh6V9mRQx+6UgEqKDL7z\nD5BhTZhN62RvAiE30fvJ47WAzfX+Og+NmSttJuR+mCk1lNN7sIzaCvWzQnpltFhb\nwYAhG9nfEr24lClSNpniqbYgu1IL1jzKxSGUE3QqJd0cNBfClbuWzfnwnt8zlevx\nycc73p3vXb+D59Me/BcRozeHhP9OELEYWJWXkieDPEZtJ9c1T/gQnhcAWYFonrrX\naBEG9uaRAgMBAAECggEAOd2rq/lguMk63U3Q8Whe/4JC3ELmP01dLrhnNClwOiBW\n4+Uqw5SG1IF597Vq2qJLnDQiwwpB56FAgQlsnj9KAI4DJfil0Y/NgC51WG+zpAl5\nJCKwduvnX/YCA9XRnylY+lGVpqn2Og2UUn4Z6cJxvZKafLy4uaMZxYMCGBeCy1Rt\nY3PBaMfoj+feA98UpY2YRcIJK7x/lfoNkC5UCEuPUZ5N36IUIWoO+82Z+DwvW4Vc\nIRSOG50uEuirbWRhbhedE1ll+WUPPFoBzELGM3t1sgu+0XlGpftxzf0O7DKWCFiM\n0grPNN0+MNIvfvXaY77gbphFeMBUPQPNWvnkcEoDvQKBgQDUNlC4IcqTCxM+HV+M\nU5XWbTAJVhIhhiRu1RsfQax2+6BEIonZ+p+N0V3O8pMcojAt3MGpbEEUY2tkcD3u\n27O29x+FfX7HWzAQYlD8r30NLlUiyAYmF8BFbtf4zTKeTAoZy5HMz43kfAJr4Ked\nTv1dc5DFTyN/HQ6Pa4ADK37EvwKBgQDzQPGfIZTKHDFUEtEE1KHvpSLq+owrREun\njywnXg8dO9IzfEKHz7n/Sa7PgucppHFKH0QRsjJsn/AVk2v8vP+RPFk9WfFaz34L\nR8Gb3pab2sEVUbh8BY7hxhdyKfXJjHONbFWEDxsTIHwSUKT1xv95LRWKMfSeBlwE\nZiiqF8OYrwKBgAlOYHfSs4mDQNLGgvwqZjXDEAo4xg7GTS63FbtnK+MD4eFbCmSO\nwxR7C/wZUy48RpScS7ncT3ZPbdQ3v9+LrvPlHnLCMB8Z9p+hUB/kqj07vOwLjYl6\nHSpuU/ZLOV8Lwp2i+b/bkkNk1M5aSb9ySVYhzUV51PqsEYlkk3aQH70NAoGBAMAx\nG7ajDa/yPncytrqeVaPGUaReeMjmmO+2iyg/hKmQTjAniVlMoqQ1T0zdHE8mgewS\nb/GbXYO9ii9B3xw9J59Ukx2KJsudDPVUqH/CijRxzgROIPi8W3u+y1+ED5JCyjl+\n0sIYPUgLbnv6A5u8srTHDjG17pO8ao9/N7nMNNo5AoGAEA/HHbW1P9EaXKjXgQIs\nkWQjDKY8OrXSeF7z70vOdiwWmgi7kiByes3IpkDuHeP7WrDEWy8o/Ici19x8kIqo\nERFCx/QU7XfoITrTmu/5KrYL+PVIRm/MlfUuVvO7c3EoxPPqnmi0rkx5yb9MD5Ml\nGF2o5QowuCfTZ7POBMi/0Bk=\n-----END PRIVATE KEY-----\n",
            "public_key_fingerprint_md5": "18:75:75:44:51:1e:c8:88:36:85:6b:4d:b4:2e:a0:d7",
            "public_key_fingerprint_sha256": "SHA256:xDjZ8fOMW4gcNq9qmfsKbWZZ+WK1sTrmffiCmOma9v8",
            "public_key_openssh": "ssh-rsa AAAAB3NzaC1yc2EAAAADAQABAAABAQDJpWR+AauNvZicYiVCS2N1/e+eSkYTu2cAtz46WX2CiGDdqGcGgq4qVlxVF/N6SrSqJV1FgL24zEo+V34xI0yXoymVlDe67YQMoZ80N1HtQgU4vvTmpVyulBkEQh6V9mRQx+6UgEqKDL7zD5BhTZhN62RvAiE30fvJ47WAzfX+Og+NmSttJuR+mCk1lNN7sIzaCvWzQnpltFhbwYAhG9nfEr24lClSNpniqbYgu1IL1jzKxSGUE3QqJd0cNBfClbuWzfnwnt8zlevxycc73p3vXb+D59Me/BcRozeHhP9OELEYWJWXkieDPEZtJ9c1T/gQnhcAWYFonrrXaBEG9uaR\n",
            "public_key_pem": "-----BEGIN PUBLIC KEY-----\nMIIBIjANBgkqhkiG9w0BAQEFAAOCAQ8AMIIBCgKCAQEAyaVkfgGrjb2YnGIlQktj\ndf3vnkpGE7tnALc+Oll9gohg3ahnBoKuKlZcVRfzekq0qiVdRYC9uMxKPld+MSNM\nl6MplZQ3uu2EDKGfNDdR7UIFOL705qVcrpQZBEIelfZkUMfulIBKigy+8w+QYU2Y\nTetkbwIhN9H7yeO1gM31/joPjZkrbSbkfpgpNZTTe7CM2gr1s0J6ZbRYW8GAIRvZ\n3xK9uJQpUjaZ4qm2ILtSC9Y8ysUhlBN0KiXdHDQXwpW7ls358J7fM5Xr8cnHO96d\n712/g+fTHvwXEaM3h4T/ThCxGFiVl5IngzxGbSfXNU/4EJ4XAFmBaJ6612gRBvbm\nkQIDAQAB\n-----END PUBLIC KEY-----\n",
            "rsa_bits": 2048
          },
          "sensitive_attributes": [
            [
              {
                "type": "get_attr",
                "value": "private_key_pem_pkcs8"
              }
            ],
            [
              {
                "type": "get_attr",
                "value": "private_key_openssh"
              }
            ],
            [
              {
                "type": "get_attr",
                "value": "private_key_pem"
              }
            ]
          ],
          "create_before_destroy": true
        }
      ]
    },
    {
      "module": "module.launch_template",
      "mode": "managed",
      "type": "aws_ami_from_instance",
      "name": "web1_ami",
      "provider": "provider[\"registry.terraform.io/hashicorp/aws\"]",
      "instances": [
        {
          "schema_version": 0,
          "attributes": {
            "architecture": "x86_64",
            "arn": "arn:aws:ec2:ap-northeast-2::image/ami-047404ead9b624031",
            "boot_mode": "uefi-preferred",
            "deprecation_time": "",
            "description": "",
            "ebs_block_device": [
              {
                "delete_on_termination": true,
                "device_name": "/dev/sda1",
                "encrypted": false,
                "iops": 3000,
                "outpost_arn": "",
                "snapshot_id": "snap-07206c07ce7b1e247",
                "throughput": 125,
                "volume_size": 8,
                "volume_type": "gp3"
              }
            ],
            "ena_support": true,
            "ephemeral_block_device": [
              {
                "device_name": "/dev/sdb",
                "virtual_name": "ephemeral0"
              },
              {
                "device_name": "/dev/sdc",
                "virtual_name": "ephemeral1"
              }
            ],
            "hypervisor": "xen",
            "id": "ami-047404ead9b624031",
            "image_location": "108782082145/web1-ami",
            "image_owner_alias": "",
            "image_type": "machine",
            "imds_support": "v2.0",
            "kernel_id": "",
            "manage_ebs_snapshots": true,
            "name": "web1-ami",
            "owner_id": "108782082145",
            "platform": "",
            "platform_details": "Linux/UNIX",
            "public": false,
            "ramdisk_id": "",
            "root_device_name": "/dev/sda1",
            "root_snapshot_id": "snap-07206c07ce7b1e247",
            "snapshot_without_reboot": null,
            "source_instance_id": "i-0305ca32166af6a80",
            "sriov_net_support": "simple",
            "tags": {},
            "tags_all": {},
            "timeouts": null,
            "tpm_support": "",
            "usage_operation": "RunInstances",
            "virtualization_type": "hvm"
          },
          "sensitive_attributes": [],
          "private": "eyJlMmJmYjczMC1lY2FhLTExZTYtOGY4OC0zNDM2M2JjN2M0YzAiOnsiY3JlYXRlIjoyNDAwMDAwMDAwMDAwLCJkZWxldGUiOjU0MDAwMDAwMDAwMDAsInVwZGF0ZSI6MjQwMDAwMDAwMDAwMH19",
          "dependencies": [
            "module.ec2.aws_instance.web1",
            "module.key_pair.aws_key_pair.my_key",
            "module.key_pair.tls_private_key.example",
            "module.security-group.aws_security_group.allow_ssh",
            "module.subnet.aws_subnet.private1",
            "module.subnet.aws_subnet.private2",
            "module.vpc.aws_vpc.main"
          ],
          "create_before_destroy": true
        }
      ]
    },
    {
      "module": "module.launch_template",
      "mode": "managed",
      "type": "aws_launch_template",
      "name": "web1_launch_template",
      "provider": "provider[\"registry.terraform.io/hashicorp/aws\"]",
      "instances": [
        {
          "schema_version": 0,
          "attributes": {
            "arn": "arn:aws:ec2:ap-northeast-2:108782082145:launch-template/lt-05b402b909ef984aa",
            "block_device_mappings": [],
            "capacity_reservation_specification": [],
            "cpu_options": [],
            "credit_specification": [],
            "default_version": 1,
            "description": "",
            "disable_api_stop": false,
            "disable_api_termination": false,
            "ebs_optimized": "",
            "elastic_gpu_specifications": [],
            "elastic_inference_accelerator": [],
            "enclave_options": [],
            "hibernation_options": [],
            "iam_instance_profile": [],
            "id": "lt-05b402b909ef984aa",
            "image_id": "ami-047404ead9b624031",
            "instance_initiated_shutdown_behavior": "",
            "instance_market_options": [],
            "instance_requirements": [],
            "instance_type": "t2.micro",
            "kernel_id": "",
            "key_name": "",
            "latest_version": 1,
            "license_specification": [],
            "maintenance_options": [],
            "metadata_options": [],
            "monitoring": [],
            "name": "web1-launch-template",
            "name_prefix": "",
            "network_interfaces": [],
            "placement": [],
            "private_dns_name_options": [],
            "ram_disk_id": "",
            "security_group_names": [],
            "tag_specifications": [],
            "tags": {},
            "tags_all": {},
            "update_default_version": null,
            "user_data": "",
            "vpc_security_group_ids": []
          },
          "sensitive_attributes": [],
          "private": "bnVsbA==",
          "dependencies": [
            "module.ec2.aws_instance.web1",
            "module.key_pair.aws_key_pair.my_key",
            "module.key_pair.tls_private_key.example",
            "module.launch_template.aws_ami_from_instance.web1_ami",
            "module.security-group.aws_security_group.allow_ssh",
            "module.subnet.aws_subnet.private1",
            "module.subnet.aws_subnet.private2",
            "module.vpc.aws_vpc.main"
          ],
          "create_before_destroy": true
        }
      ]
    },
    {
      "module": "module.security-group",
      "mode": "managed",
      "type": "aws_security_group",
      "name": "allow_ssh",
      "provider": "provider[\"registry.terraform.io/hashicorp/aws\"]",
      "instances": [
        {
          "schema_version": 1,
          "attributes": {
            "arn": "arn:aws:ec2:ap-northeast-2:108782082145:security-group/sg-01c36e5b3483d9136",
            "description": "Allow SSH inbound traffic",
            "egress": [
              {
                "cidr_blocks": [
                  "0.0.0.0/0"
                ],
                "description": "",
                "from_port": 0,
                "ipv6_cidr_blocks": [],
                "prefix_list_ids": [],
                "protocol": "-1",
                "security_groups": [],
                "self": false,
                "to_port": 0
              }
            ],
            "id": "sg-01c36e5b3483d9136",
            "ingress": [
              {
                "cidr_blocks": [
                  "0.0.0.0/0"
                ],
                "description": "",
                "from_port": 0,
                "ipv6_cidr_blocks": [],
                "prefix_list_ids": [],
                "protocol": "-1",
                "security_groups": [],
                "self": false,
                "to_port": 0
              },
              {
                "cidr_blocks": [
                  "0.0.0.0/0"
                ],
                "description": "",
                "from_port": 22,
                "ipv6_cidr_blocks": [],
                "prefix_list_ids": [],
                "protocol": "tcp",
                "security_groups": [],
                "self": false,
                "to_port": 22
              }
            ],
            "name": "allow_ssh",
            "name_prefix": "",
            "owner_id": "108782082145",
            "revoke_rules_on_delete": false,
            "tags": {
              "Name": "allow_ssh"
            },
            "tags_all": {
              "Name": "allow_ssh"
            },
            "timeouts": null,
            "vpc_id": "vpc-069fcd2f78d6462e0"
          },
          "sensitive_attributes": [],
          "private": "eyJlMmJmYjczMC1lY2FhLTExZTYtOGY4OC0zNDM2M2JjN2M0YzAiOnsiY3JlYXRlIjo2MDAwMDAwMDAwMDAsImRlbGV0ZSI6OTAwMDAwMDAwMDAwfSwic2NoZW1hX3ZlcnNpb24iOiIxIn0=",
          "dependencies": [
            "module.vpc.aws_vpc.main"
          ],
          "create_before_destroy": true
        }
      ]
    },
    {
      "module": "module.subnet",
      "mode": "managed",
      "type": "aws_route_table_association",
      "name": "private_1",
      "provider": "provider[\"registry.terraform.io/hashicorp/aws\"]",
      "instances": [
        {
          "schema_version": 0,
          "attributes": {
            "gateway_id": "",
            "id": "rtbassoc-071234ae7e50165d4",
            "route_table_id": "rtb-071fce5d5591afdac",
            "subnet_id": "subnet-0255ad418e9327a90",
            "timeouts": null
          },
          "sensitive_attributes": [],
          "private": "eyJlMmJmYjczMC1lY2FhLTExZTYtOGY4OC0zNDM2M2JjN2M0YzAiOnsiY3JlYXRlIjozMDAwMDAwMDAwMDAsImRlbGV0ZSI6MzAwMDAwMDAwMDAwLCJ1cGRhdGUiOjEyMDAwMDAwMDAwMH19",
          "dependencies": [
            "module.ec2.aws_instance.nat_instance",
            "module.key_pair.aws_key_pair.my_key",
            "module.key_pair.tls_private_key.example",
            "module.security-group.aws_security_group.allow_ssh",
            "module.subnet.aws_subnet.private1",
            "module.subnet.aws_subnet.public1",
            "module.subnet.aws_subnet.public2",
            "module.vpc.aws_route_table.main1",
            "module.vpc.aws_vpc.main"
          ]
        }
      ]
    },
    {
      "module": "module.subnet",
      "mode": "managed",
      "type": "aws_route_table_association",
      "name": "private_2",
      "provider": "provider[\"registry.terraform.io/hashicorp/aws\"]",
      "instances": [
        {
          "schema_version": 0,
          "attributes": {
            "gateway_id": "",
            "id": "rtbassoc-03a339e076b84f891",
            "route_table_id": "rtb-071fce5d5591afdac",
            "subnet_id": "subnet-00f954e1fd69d15b8",
            "timeouts": null
          },
          "sensitive_attributes": [],
          "private": "eyJlMmJmYjczMC1lY2FhLTExZTYtOGY4OC0zNDM2M2JjN2M0YzAiOnsiY3JlYXRlIjozMDAwMDAwMDAwMDAsImRlbGV0ZSI6MzAwMDAwMDAwMDAwLCJ1cGRhdGUiOjEyMDAwMDAwMDAwMH19",
          "dependencies": [
            "module.ec2.aws_instance.nat_instance",
            "module.key_pair.aws_key_pair.my_key",
            "module.key_pair.tls_private_key.example",
            "module.security-group.aws_security_group.allow_ssh",
            "module.subnet.aws_subnet.private2",
            "module.subnet.aws_subnet.public1",
            "module.subnet.aws_subnet.public2",
            "module.vpc.aws_route_table.main1",
            "module.vpc.aws_vpc.main"
          ]
        }
      ]
    },
    {
      "module": "module.subnet",
      "mode": "managed",
      "type": "aws_route_table_association",
      "name": "public_1",
      "provider": "provider[\"registry.terraform.io/hashicorp/aws\"]",
      "instances": [
        {
          "schema_version": 0,
          "attributes": {
            "gateway_id": "",
            "id": "rtbassoc-0f9e1c3737362d576",
            "route_table_id": "rtb-000ce0d7b4e95e2d5",
            "subnet_id": "subnet-0fd78ed5225037b3a",
            "timeouts": null
          },
          "sensitive_attributes": [],
          "private": "eyJlMmJmYjczMC1lY2FhLTExZTYtOGY4OC0zNDM2M2JjN2M0YzAiOnsiY3JlYXRlIjozMDAwMDAwMDAwMDAsImRlbGV0ZSI6MzAwMDAwMDAwMDAwLCJ1cGRhdGUiOjEyMDAwMDAwMDAwMH19",
          "dependencies": [
            "module.subnet.aws_subnet.public1",
            "module.vpc.aws_internet_gateway.main",
            "module.vpc.aws_route_table.main",
            "module.vpc.aws_vpc.main"
          ]
        }
      ]
    },
    {
      "module": "module.subnet",
      "mode": "managed",
      "type": "aws_route_table_association",
      "name": "public_2",
      "provider": "provider[\"registry.terraform.io/hashicorp/aws\"]",
      "instances": [
        {
          "schema_version": 0,
          "attributes": {
            "gateway_id": "",
            "id": "rtbassoc-061ea23ebfa57165c",
            "route_table_id": "rtb-000ce0d7b4e95e2d5",
            "subnet_id": "subnet-0feb70cf80d8a7151",
            "timeouts": null
          },
          "sensitive_attributes": [],
          "private": "eyJlMmJmYjczMC1lY2FhLTExZTYtOGY4OC0zNDM2M2JjN2M0YzAiOnsiY3JlYXRlIjozMDAwMDAwMDAwMDAsImRlbGV0ZSI6MzAwMDAwMDAwMDAwLCJ1cGRhdGUiOjEyMDAwMDAwMDAwMH19",
          "dependencies": [
            "module.subnet.aws_subnet.public2",
            "module.vpc.aws_internet_gateway.main",
            "module.vpc.aws_route_table.main",
            "module.vpc.aws_vpc.main"
          ]
        }
      ]
    },
    {
      "module": "module.subnet",
      "mode": "managed",
      "type": "aws_subnet",
      "name": "private1",
      "provider": "provider[\"registry.terraform.io/hashicorp/aws\"]",
      "instances": [
        {
          "schema_version": 1,
          "attributes": {
            "arn": "arn:aws:ec2:ap-northeast-2:108782082145:subnet/subnet-0255ad418e9327a90",
            "assign_ipv6_address_on_creation": false,
            "availability_zone": "ap-northeast-2a",
            "availability_zone_id": "apne2-az1",
            "cidr_block": "10.0.3.0/24",
            "customer_owned_ipv4_pool": "",
            "enable_dns64": false,
            "enable_lni_at_device_index": 0,
            "enable_resource_name_dns_a_record_on_launch": false,
            "enable_resource_name_dns_aaaa_record_on_launch": false,
            "id": "subnet-0255ad418e9327a90",
            "ipv6_cidr_block": "",
            "ipv6_cidr_block_association_id": "",
            "ipv6_native": false,
            "map_customer_owned_ip_on_launch": false,
            "map_public_ip_on_launch": false,
            "outpost_arn": "",
            "owner_id": "108782082145",
            "private_dns_hostname_type_on_launch": "ip-name",
            "tags": {
              "Name": "private-subnet-1"
            },
            "tags_all": {
              "Name": "private-subnet-1"
            },
            "timeouts": null,
            "vpc_id": "vpc-069fcd2f78d6462e0"
          },
          "sensitive_attributes": [],
          "private": "eyJlMmJmYjczMC1lY2FhLTExZTYtOGY4OC0zNDM2M2JjN2M0YzAiOnsiY3JlYXRlIjo2MDAwMDAwMDAwMDAsImRlbGV0ZSI6MTIwMDAwMDAwMDAwMH0sInNjaGVtYV92ZXJzaW9uIjoiMSJ9",
          "dependencies": [
            "module.vpc.aws_vpc.main"
          ],
          "create_before_destroy": true
        }
      ]
    },
    {
      "module": "module.subnet",
      "mode": "managed",
      "type": "aws_subnet",
      "name": "private2",
      "provider": "provider[\"registry.terraform.io/hashicorp/aws\"]",
      "instances": [
        {
          "schema_version": 1,
          "attributes": {
            "arn": "arn:aws:ec2:ap-northeast-2:108782082145:subnet/subnet-00f954e1fd69d15b8",
            "assign_ipv6_address_on_creation": false,
            "availability_zone": "ap-northeast-2c",
            "availability_zone_id": "apne2-az3",
            "cidr_block": "10.0.4.0/24",
            "customer_owned_ipv4_pool": "",
            "enable_dns64": false,
            "enable_lni_at_device_index": 0,
            "enable_resource_name_dns_a_record_on_launch": false,
            "enable_resource_name_dns_aaaa_record_on_launch": false,
            "id": "subnet-00f954e1fd69d15b8",
            "ipv6_cidr_block": "",
            "ipv6_cidr_block_association_id": "",
            "ipv6_native": false,
            "map_customer_owned_ip_on_launch": false,
            "map_public_ip_on_launch": false,
            "outpost_arn": "",
            "owner_id": "108782082145",
            "private_dns_hostname_type_on_launch": "ip-name",
            "tags": {
              "Name": "private-subnet-2"
            },
            "tags_all": {
              "Name": "private-subnet-2"
            },
            "timeouts": null,
            "vpc_id": "vpc-069fcd2f78d6462e0"
          },
          "sensitive_attributes": [],
          "private": "eyJlMmJmYjczMC1lY2FhLTExZTYtOGY4OC0zNDM2M2JjN2M0YzAiOnsiY3JlYXRlIjo2MDAwMDAwMDAwMDAsImRlbGV0ZSI6MTIwMDAwMDAwMDAwMH0sInNjaGVtYV92ZXJzaW9uIjoiMSJ9",
          "dependencies": [
            "module.vpc.aws_vpc.main"
          ],
          "create_before_destroy": true
        }
      ]
    },
    {
      "module": "module.subnet",
      "mode": "managed",
      "type": "aws_subnet",
      "name": "public1",
      "provider": "provider[\"registry.terraform.io/hashicorp/aws\"]",
      "instances": [
        {
          "schema_version": 1,
          "attributes": {
            "arn": "arn:aws:ec2:ap-northeast-2:108782082145:subnet/subnet-0fd78ed5225037b3a",
            "assign_ipv6_address_on_creation": false,
            "availability_zone": "ap-northeast-2a",
            "availability_zone_id": "apne2-az1",
            "cidr_block": "10.0.1.0/24",
            "customer_owned_ipv4_pool": "",
            "enable_dns64": false,
            "enable_lni_at_device_index": 0,
            "enable_resource_name_dns_a_record_on_launch": false,
            "enable_resource_name_dns_aaaa_record_on_launch": false,
            "id": "subnet-0fd78ed5225037b3a",
            "ipv6_cidr_block": "",
            "ipv6_cidr_block_association_id": "",
            "ipv6_native": false,
            "map_customer_owned_ip_on_launch": false,
            "map_public_ip_on_launch": true,
            "outpost_arn": "",
            "owner_id": "108782082145",
            "private_dns_hostname_type_on_launch": "ip-name",
            "tags": {
              "Name": "public-subnet-1"
            },
            "tags_all": {
              "Name": "public-subnet-1"
            },
            "timeouts": null,
            "vpc_id": "vpc-069fcd2f78d6462e0"
          },
          "sensitive_attributes": [],
          "private": "eyJlMmJmYjczMC1lY2FhLTExZTYtOGY4OC0zNDM2M2JjN2M0YzAiOnsiY3JlYXRlIjo2MDAwMDAwMDAwMDAsImRlbGV0ZSI6MTIwMDAwMDAwMDAwMH0sInNjaGVtYV92ZXJzaW9uIjoiMSJ9",
          "dependencies": [
            "module.vpc.aws_vpc.main"
          ]
        }
      ]
    },
    {
      "module": "module.subnet",
      "mode": "managed",
      "type": "aws_subnet",
      "name": "public2",
      "provider": "provider[\"registry.terraform.io/hashicorp/aws\"]",
      "instances": [
        {
          "schema_version": 1,
          "attributes": {
            "arn": "arn:aws:ec2:ap-northeast-2:108782082145:subnet/subnet-0feb70cf80d8a7151",
            "assign_ipv6_address_on_creation": false,
            "availability_zone": "ap-northeast-2c",
            "availability_zone_id": "apne2-az3",
            "cidr_block": "10.0.2.0/24",
            "customer_owned_ipv4_pool": "",
            "enable_dns64": false,
            "enable_lni_at_device_index": 0,
            "enable_resource_name_dns_a_record_on_launch": false,
            "enable_resource_name_dns_aaaa_record_on_launch": false,
            "id": "subnet-0feb70cf80d8a7151",
            "ipv6_cidr_block": "",
            "ipv6_cidr_block_association_id": "",
            "ipv6_native": false,
            "map_customer_owned_ip_on_launch": false,
            "map_public_ip_on_launch": true,
            "outpost_arn": "",
            "owner_id": "108782082145",
            "private_dns_hostname_type_on_launch": "ip-name",
            "tags": {
              "Name": "public-subnet-2"
            },
            "tags_all": {
              "Name": "public-subnet-2"
            },
            "timeouts": null,
            "vpc_id": "vpc-069fcd2f78d6462e0"
          },
          "sensitive_attributes": [],
          "private": "eyJlMmJmYjczMC1lY2FhLTExZTYtOGY4OC0zNDM2M2JjN2M0YzAiOnsiY3JlYXRlIjo2MDAwMDAwMDAwMDAsImRlbGV0ZSI6MTIwMDAwMDAwMDAwMH0sInNjaGVtYV92ZXJzaW9uIjoiMSJ9",
          "dependencies": [
            "module.vpc.aws_vpc.main"
          ]
        }
      ]
    },
    {
      "module": "module.vpc",
      "mode": "managed",
      "type": "aws_internet_gateway",
      "name": "main",
      "provider": "provider[\"registry.terraform.io/hashicorp/aws\"]",
      "instances": [
        {
          "schema_version": 0,
          "attributes": {
            "arn": "arn:aws:ec2:ap-northeast-2:108782082145:internet-gateway/igw-09b6b837c9ee65da9",
            "id": "igw-09b6b837c9ee65da9",
            "owner_id": "108782082145",
            "tags": {
              "Name": "my-igw"
            },
            "tags_all": {
              "Name": "my-igw"
            },
            "timeouts": null,
            "vpc_id": "vpc-069fcd2f78d6462e0"
          },
          "sensitive_attributes": [],
          "private": "eyJlMmJmYjczMC1lY2FhLTExZTYtOGY4OC0zNDM2M2JjN2M0YzAiOnsiY3JlYXRlIjoxMjAwMDAwMDAwMDAwLCJkZWxldGUiOjEyMDAwMDAwMDAwMDAsInVwZGF0ZSI6MTIwMDAwMDAwMDAwMH19",
          "dependencies": [
            "module.vpc.aws_vpc.main"
          ]
        }
      ]
    },
    {
      "module": "module.vpc",
      "mode": "managed",
      "type": "aws_route_table",
      "name": "main",
      "provider": "provider[\"registry.terraform.io/hashicorp/aws\"]",
      "instances": [
        {
          "schema_version": 0,
          "attributes": {
            "arn": "arn:aws:ec2:ap-northeast-2:108782082145:route-table/rtb-000ce0d7b4e95e2d5",
            "id": "rtb-000ce0d7b4e95e2d5",
            "owner_id": "108782082145",
            "propagating_vgws": [],
            "route": [
              {
                "carrier_gateway_id": "",
                "cidr_block": "0.0.0.0/0",
                "core_network_arn": "",
                "destination_prefix_list_id": "",
                "egress_only_gateway_id": "",
                "gateway_id": "igw-09b6b837c9ee65da9",
                "ipv6_cidr_block": "",
                "local_gateway_id": "",
                "nat_gateway_id": "",
                "network_interface_id": "",
                "transit_gateway_id": "",
                "vpc_endpoint_id": "",
                "vpc_peering_connection_id": ""
              }
            ],
            "tags": {
              "Name": "my-route-table"
            },
            "tags_all": {
              "Name": "my-route-table"
            },
            "timeouts": null,
            "vpc_id": "vpc-069fcd2f78d6462e0"
          },
          "sensitive_attributes": [],
          "private": "eyJlMmJmYjczMC1lY2FhLTExZTYtOGY4OC0zNDM2M2JjN2M0YzAiOnsiY3JlYXRlIjozMDAwMDAwMDAwMDAsImRlbGV0ZSI6MzAwMDAwMDAwMDAwLCJ1cGRhdGUiOjEyMDAwMDAwMDAwMH19",
          "dependencies": [
            "module.vpc.aws_internet_gateway.main",
            "module.vpc.aws_vpc.main"
          ]
        }
      ]
    },
    {
      "module": "module.vpc",
      "mode": "managed",
      "type": "aws_route_table",
      "name": "main1",
      "provider": "provider[\"registry.terraform.io/hashicorp/aws\"]",
      "instances": [
        {
          "schema_version": 0,
          "attributes": {
            "arn": "arn:aws:ec2:ap-northeast-2:108782082145:route-table/rtb-071fce5d5591afdac",
            "id": "rtb-071fce5d5591afdac",
            "owner_id": "108782082145",
            "propagating_vgws": [],
            "route": [
              {
                "carrier_gateway_id": "",
                "cidr_block": "0.0.0.0/0",
                "core_network_arn": "",
                "destination_prefix_list_id": "",
                "egress_only_gateway_id": "",
                "gateway_id": "",
                "ipv6_cidr_block": "",
                "local_gateway_id": "",
                "nat_gateway_id": "",
                "network_interface_id": "eni-0f6154448b2c37f79",
                "transit_gateway_id": "",
                "vpc_endpoint_id": "",
                "vpc_peering_connection_id": ""
              }
            ],
            "tags": {
              "Name": "my-route-table-nat"
            },
            "tags_all": {
              "Name": "my-route-table-nat"
            },
            "timeouts": null,
            "vpc_id": "vpc-069fcd2f78d6462e0"
          },
          "sensitive_attributes": [],
          "private": "eyJlMmJmYjczMC1lY2FhLTExZTYtOGY4OC0zNDM2M2JjN2M0YzAiOnsiY3JlYXRlIjozMDAwMDAwMDAwMDAsImRlbGV0ZSI6MzAwMDAwMDAwMDAwLCJ1cGRhdGUiOjEyMDAwMDAwMDAwMH19",
          "dependencies": [
            "module.ec2.aws_instance.nat_instance",
            "module.key_pair.aws_key_pair.my_key",
            "module.key_pair.tls_private_key.example",
            "module.security-group.aws_security_group.allow_ssh",
            "module.subnet.aws_subnet.public1",
            "module.subnet.aws_subnet.public2",
            "module.vpc.aws_vpc.main"
          ]
        }
      ]
    },
    {
      "module": "module.vpc",
      "mode": "managed",
      "type": "aws_vpc",
      "name": "main",
      "provider": "provider[\"registry.terraform.io/hashicorp/aws\"]",
      "instances": [
        {
          "schema_version": 1,
          "attributes": {
            "arn": "arn:aws:ec2:ap-northeast-2:108782082145:vpc/vpc-069fcd2f78d6462e0",
            "assign_generated_ipv6_cidr_block": false,
            "cidr_block": "10.0.0.0/16",
            "default_network_acl_id": "acl-0feba89f205d4c007",
            "default_route_table_id": "rtb-082f92620b76d207c",
            "default_security_group_id": "sg-0d702ba93ad17e73d",
            "dhcp_options_id": "dopt-0570a05bfbee7451a",
            "enable_dns_hostnames": false,
            "enable_dns_support": true,
            "enable_network_address_usage_metrics": false,
            "id": "vpc-069fcd2f78d6462e0",
            "instance_tenancy": "default",
            "ipv4_ipam_pool_id": null,
            "ipv4_netmask_length": null,
            "ipv6_association_id": "",
            "ipv6_cidr_block": "",
            "ipv6_cidr_block_network_border_group": "",
            "ipv6_ipam_pool_id": "",
            "ipv6_netmask_length": 0,
            "main_route_table_id": "rtb-082f92620b76d207c",
            "owner_id": "108782082145",
            "tags": {
              "Name": "my-vpc"
            },
            "tags_all": {
              "Name": "my-vpc"
            }
          },
          "sensitive_attributes": [],
          "private": "eyJzY2hlbWFfdmVyc2lvbiI6IjEifQ==",
          "create_before_destroy": true
        }
      ]
    }
  ],
  "check_results": null
}
