{
  "version": 4,
  "terraform_version": "1.9.4",
  "serial": 752,
  "lineage": "ef7229b9-195d-3a90-2670-656d79ec7e78",
  "outputs": {},
  "resources": [
    {
      "module": "module.alb",
      "mode": "managed",
      "type": "aws_lb",
      "name": "this",
      "provider": "provider[\"registry.terraform.io/hashicorp/aws\"]",
      "instances": [
        {
          "schema_version": 0,
          "attributes": {
            "access_logs": [
              {
                "bucket": "",
                "enabled": false,
                "prefix": ""
              }
            ],
            "arn": "arn:aws:elasticloadbalancing:ap-northeast-2:108782082145:loadbalancer/app/my-alb/03cb78bc75133af4",
            "arn_suffix": "app/my-alb/03cb78bc75133af4",
            "client_keep_alive": 3600,
            "connection_logs": [
              {
                "bucket": "",
                "enabled": false,
                "prefix": ""
              }
            ],
            "customer_owned_ipv4_pool": "",
            "desync_mitigation_mode": "defensive",
            "dns_name": "my-alb-920079984.ap-northeast-2.elb.amazonaws.com",
            "dns_record_client_routing_policy": null,
            "drop_invalid_header_fields": false,
            "enable_cross_zone_load_balancing": true,
            "enable_deletion_protection": false,
            "enable_http2": true,
            "enable_tls_version_and_cipher_suite_headers": false,
            "enable_waf_fail_open": false,
            "enable_xff_client_port": false,
            "enforce_security_group_inbound_rules_on_private_link_traffic": "",
            "id": "arn:aws:elasticloadbalancing:ap-northeast-2:108782082145:loadbalancer/app/my-alb/03cb78bc75133af4",
            "idle_timeout": 60,
            "internal": false,
            "ip_address_type": "ipv4",
            "load_balancer_type": "application",
            "name": "my-alb",
            "name_prefix": "",
            "preserve_host_header": false,
            "security_groups": [
              "sg-04e5c57b1505cc2dc"
            ],
            "subnet_mapping": [
              {
                "allocation_id": "",
                "ipv6_address": "",
                "outpost_id": "",
                "private_ipv4_address": "",
                "subnet_id": "subnet-04bae6af185e02da9"
              },
              {
                "allocation_id": "",
                "ipv6_address": "",
                "outpost_id": "",
                "private_ipv4_address": "",
                "subnet_id": "subnet-0ce5adfe0964bba5b"
              }
            ],
            "subnets": [
              "subnet-04bae6af185e02da9",
              "subnet-0ce5adfe0964bba5b"
            ],
            "tags": {},
            "tags_all": {},
            "timeouts": null,
            "vpc_id": "vpc-01a1d0ec728506f36",
            "xff_header_processing_mode": "append",
            "zone_id": "ZWKZPGTI48KDX"
          },
          "sensitive_attributes": [],
          "private": "eyJlMmJmYjczMC1lY2FhLTExZTYtOGY4OC0zNDM2M2JjN2M0YzAiOnsiY3JlYXRlIjo2MDAwMDAwMDAwMDAsImRlbGV0ZSI6NjAwMDAwMDAwMDAwLCJ1cGRhdGUiOjYwMDAwMDAwMDAwMH19",
          "dependencies": [
            "module.security-group.aws_security_group.allow_ssh",
            "module.subnet.aws_subnet.public1",
            "module.subnet.aws_subnet.public2",
            "module.vpc.aws_vpc.main"
          ]
        }
      ]
    },
    {
      "module": "module.alb",
      "mode": "managed",
      "type": "aws_lb_listener",
      "name": "this",
      "provider": "provider[\"registry.terraform.io/hashicorp/aws\"]",
      "instances": [
        {
          "schema_version": 0,
          "attributes": {
            "alpn_policy": null,
            "arn": "arn:aws:elasticloadbalancing:ap-northeast-2:108782082145:listener/app/my-alb/03cb78bc75133af4/fa14de60315e0ddd",
            "certificate_arn": null,
            "default_action": [
              {
                "authenticate_cognito": [],
                "authenticate_oidc": [],
                "fixed_response": [],
                "forward": [],
                "order": 1,
                "redirect": [],
                "target_group_arn": "arn:aws:elasticloadbalancing:ap-northeast-2:108782082145:targetgroup/my-target-group/e077855abed185d8",
                "type": "forward"
              }
            ],
            "id": "arn:aws:elasticloadbalancing:ap-northeast-2:108782082145:listener/app/my-alb/03cb78bc75133af4/fa14de60315e0ddd",
            "load_balancer_arn": "arn:aws:elasticloadbalancing:ap-northeast-2:108782082145:loadbalancer/app/my-alb/03cb78bc75133af4",
            "mutual_authentication": [],
            "port": 8080,
            "protocol": "HTTP",
            "ssl_policy": "",
            "tags": {},
            "tags_all": {},
            "timeouts": null
          },
          "sensitive_attributes": [],
          "private": "eyJlMmJmYjczMC1lY2FhLTExZTYtOGY4OC0zNDM2M2JjN2M0YzAiOnsiY3JlYXRlIjozMDAwMDAwMDAwMDAsInVwZGF0ZSI6MzAwMDAwMDAwMDAwfX0=",
          "dependencies": [
            "module.alb.aws_lb.this",
            "module.alb.aws_lb_target_group.this",
            "module.security-group.aws_security_group.allow_ssh",
            "module.subnet.aws_subnet.public1",
            "module.subnet.aws_subnet.public2",
            "module.vpc.aws_vpc.main"
          ]
        }
      ]
    },
    {
      "module": "module.alb",
      "mode": "managed",
      "type": "aws_lb_target_group",
      "name": "this",
      "provider": "provider[\"registry.terraform.io/hashicorp/aws\"]",
      "instances": [
        {
          "schema_version": 0,
          "attributes": {
            "arn": "arn:aws:elasticloadbalancing:ap-northeast-2:108782082145:targetgroup/my-target-group/e077855abed185d8",
            "arn_suffix": "targetgroup/my-target-group/e077855abed185d8",
            "connection_termination": null,
            "deregistration_delay": "300",
            "health_check": [
              {
                "enabled": true,
                "healthy_threshold": 2,
                "interval": 30,
                "matcher": "200",
                "path": "/",
                "port": "traffic-port",
                "protocol": "HTTP",
                "timeout": 5,
                "unhealthy_threshold": 2
              }
            ],
            "id": "arn:aws:elasticloadbalancing:ap-northeast-2:108782082145:targetgroup/my-target-group/e077855abed185d8",
            "ip_address_type": "ipv4",
            "lambda_multi_value_headers_enabled": false,
            "load_balancer_arns": [
              "arn:aws:elasticloadbalancing:ap-northeast-2:108782082145:loadbalancer/app/my-alb/03cb78bc75133af4"
            ],
            "load_balancing_algorithm_type": "round_robin",
            "load_balancing_anomaly_mitigation": "off",
            "load_balancing_cross_zone_enabled": "use_load_balancer_configuration",
            "name": "my-target-group",
            "name_prefix": "",
            "port": 8080,
            "preserve_client_ip": null,
            "protocol": "HTTP",
            "protocol_version": "HTTP1",
            "proxy_protocol_v2": false,
            "slow_start": 0,
            "stickiness": [
              {
                "cookie_duration": 86400,
                "cookie_name": "",
                "enabled": true,
                "type": "lb_cookie"
              }
            ],
            "tags": {},
            "tags_all": {},
            "target_failover": [
              {
                "on_deregistration": null,
                "on_unhealthy": null
              }
            ],
            "target_group_health": [
              {
                "dns_failover": [
                  {
                    "minimum_healthy_targets_count": "1",
                    "minimum_healthy_targets_percentage": "off"
                  }
                ],
                "unhealthy_state_routing": [
                  {
                    "minimum_healthy_targets_count": 1,
                    "minimum_healthy_targets_percentage": "off"
                  }
                ]
              }
            ],
            "target_health_state": [
              {
                "enable_unhealthy_connection_termination": null,
                "unhealthy_draining_interval": null
              }
            ],
            "target_type": "instance",
            "vpc_id": "vpc-01a1d0ec728506f36"
          },
          "sensitive_attributes": [],
          "private": "bnVsbA==",
          "dependencies": [
            "module.vpc.aws_vpc.main"
          ]
        }
      ]
    },
    {
      "module": "module.alb",
      "mode": "managed",
      "type": "aws_lb_target_group_attachment",
      "name": "web1",
      "provider": "provider[\"registry.terraform.io/hashicorp/aws\"]",
      "instances": [
        {
          "schema_version": 0,
          "attributes": {
            "availability_zone": null,
            "id": "arn:aws:elasticloadbalancing:ap-northeast-2:108782082145:targetgroup/my-target-group/e077855abed185d8-20241029050156596200000007",
            "port": 8080,
            "target_group_arn": "arn:aws:elasticloadbalancing:ap-northeast-2:108782082145:targetgroup/my-target-group/e077855abed185d8",
            "target_id": "i-0b217d538c1f9c6a0"
          },
          "sensitive_attributes": [],
          "private": "bnVsbA==",
          "dependencies": [
            "module.alb.aws_lb_target_group.this",
            "module.ec2.aws_instance.web1",
            "module.ec2.aws_instance.web2",
            "module.key_pair.aws_key_pair.my_key",
            "module.key_pair.tls_private_key.example",
            "module.security-group.aws_security_group.allow_ssh",
            "module.subnet.aws_subnet.private1",
            "module.subnet.aws_subnet.private2",
            "module.vpc.aws_vpc.main"
          ]
        }
      ]
    },
    {
      "module": "module.alb",
      "mode": "managed",
      "type": "aws_lb_target_group_attachment",
      "name": "web2",
      "provider": "provider[\"registry.terraform.io/hashicorp/aws\"]",
      "instances": [
        {
          "schema_version": 0,
          "attributes": {
            "availability_zone": null,
            "id": "arn:aws:elasticloadbalancing:ap-northeast-2:108782082145:targetgroup/my-target-group/e077855abed185d8-20241029050156661800000008",
            "port": 8080,
            "target_group_arn": "arn:aws:elasticloadbalancing:ap-northeast-2:108782082145:targetgroup/my-target-group/e077855abed185d8",
            "target_id": "i-0d210687f468c69f3"
          },
          "sensitive_attributes": [],
          "private": "bnVsbA==",
          "dependencies": [
            "module.alb.aws_lb_target_group.this",
            "module.ec2.aws_instance.web1",
            "module.ec2.aws_instance.web2",
            "module.key_pair.aws_key_pair.my_key",
            "module.key_pair.tls_private_key.example",
            "module.security-group.aws_security_group.allow_ssh",
            "module.subnet.aws_subnet.private1",
            "module.subnet.aws_subnet.private2",
            "module.vpc.aws_vpc.main"
          ]
        }
      ]
    },
    {
      "module": "module.autoscaling",
      "mode": "managed",
      "type": "aws_autoscaling_group",
      "name": "web1_asg",
      "provider": "provider[\"registry.terraform.io/hashicorp/aws\"]",
      "instances": [
        {
          "schema_version": 1,
          "attributes": {
            "arn": "arn:aws:autoscaling:ap-northeast-2:108782082145:autoScalingGroup:b4401be1-f3a4-4021-8b9e-fd5138b7d31b:autoScalingGroupName/web1-asg",
            "availability_zones": [
              "ap-northeast-2a",
              "ap-northeast-2c"
            ],
            "capacity_rebalance": false,
            "context": "",
            "default_cooldown": 300,
            "default_instance_warmup": 0,
            "desired_capacity": 1,
            "desired_capacity_type": "",
            "enabled_metrics": null,
            "force_delete": false,
            "force_delete_warm_pool": false,
            "health_check_grace_period": 300,
            "health_check_type": "EC2",
            "id": "web1-asg",
            "ignore_failed_scaling_activities": false,
            "initial_lifecycle_hook": [],
            "instance_maintenance_policy": [],
            "instance_refresh": [],
            "launch_configuration": "",
            "launch_template": [
              {
                "id": "lt-03fa7a820ae287add",
                "name": "web1-launch-template",
                "version": "$Latest"
              }
            ],
            "load_balancers": [],
            "max_instance_lifetime": 0,
            "max_size": 2,
            "metrics_granularity": "1Minute",
            "min_elb_capacity": null,
            "min_size": 1,
            "mixed_instances_policy": [],
            "name": "web1-asg",
            "name_prefix": "",
            "placement_group": "",
            "predicted_capacity": 0,
            "protect_from_scale_in": false,
            "service_linked_role_arn": "arn:aws:iam::108782082145:role/aws-service-role/autoscaling.amazonaws.com/AWSServiceRoleForAutoScaling",
            "suspended_processes": null,
            "tag": [
              {
                "key": "Name",
                "propagate_at_launch": true,
                "value": "web1-asg"
              }
            ],
            "target_group_arns": [],
            "termination_policies": null,
            "timeouts": null,
            "traffic_source": [],
            "vpc_zone_identifier": [
              "subnet-04504c7a22f4c1dd0",
              "subnet-0d7637bada00c340d"
            ],
            "wait_for_capacity_timeout": "10m",
            "wait_for_elb_capacity": null,
            "warm_pool": [],
            "warm_pool_size": 0
          },
          "sensitive_attributes": [],
          "private": "eyJlMmJmYjczMC1lY2FhLTExZTYtOGY4OC0zNDM2M2JjN2M0YzAiOnsiZGVsZXRlIjo2MDAwMDAwMDAwMDAsInVwZGF0ZSI6NjAwMDAwMDAwMDAwfSwic2NoZW1hX3ZlcnNpb24iOiIxIn0=",
          "dependencies": [
            "module.ec2.aws_instance.web1",
            "module.key_pair.aws_key_pair.my_key",
            "module.key_pair.tls_private_key.example",
            "module.launch_template.aws_ami_from_instance.web1_ami",
            "module.launch_template.aws_launch_template.web1_launch_template",
            "module.security-group.aws_security_group.allow_ssh",
            "module.subnet.aws_subnet.private1",
            "module.subnet.aws_subnet.private2",
            "module.vpc.aws_vpc.main"
          ]
        }
      ]
    },
    {
      "module": "module.autoscaling",
      "mode": "managed",
      "type": "aws_autoscaling_policy",
      "name": "scale_down",
      "provider": "provider[\"registry.terraform.io/hashicorp/aws\"]",
      "instances": [
        {
          "schema_version": 0,
          "attributes": {
            "adjustment_type": "ChangeInCapacity",
            "arn": "arn:aws:autoscaling:ap-northeast-2:108782082145:scalingPolicy:01055899-c05e-464c-8952-2c417ea108a4:autoScalingGroupName/web1-asg:policyName/scale_down",
            "autoscaling_group_name": "web1-asg",
            "cooldown": 300,
            "enabled": true,
            "estimated_instance_warmup": 0,
            "id": "scale_down",
            "metric_aggregation_type": "",
            "min_adjustment_magnitude": 0,
            "name": "scale_down",
            "policy_type": "SimpleScaling",
            "predictive_scaling_configuration": [],
            "scaling_adjustment": -2,
            "step_adjustment": [],
            "target_tracking_configuration": []
          },
          "sensitive_attributes": [],
          "private": "bnVsbA==",
          "dependencies": [
            "module.autoscaling.aws_autoscaling_group.web1_asg",
            "module.ec2.aws_instance.web1",
            "module.key_pair.aws_key_pair.my_key",
            "module.key_pair.tls_private_key.example",
            "module.launch_template.aws_ami_from_instance.web1_ami",
            "module.launch_template.aws_launch_template.web1_launch_template",
            "module.security-group.aws_security_group.allow_ssh",
            "module.subnet.aws_subnet.private1",
            "module.subnet.aws_subnet.private2",
            "module.vpc.aws_vpc.main"
          ]
        }
      ]
    },
    {
      "module": "module.autoscaling",
      "mode": "managed",
      "type": "aws_autoscaling_policy",
      "name": "scale_up",
      "provider": "provider[\"registry.terraform.io/hashicorp/aws\"]",
      "instances": [
        {
          "schema_version": 0,
          "attributes": {
            "adjustment_type": "ChangeInCapacity",
            "arn": "arn:aws:autoscaling:ap-northeast-2:108782082145:scalingPolicy:59b1fe00-f024-498d-9ba4-716baa67c520:autoScalingGroupName/web1-asg:policyName/scale_up",
            "autoscaling_group_name": "web1-asg",
            "cooldown": 300,
            "enabled": true,
            "estimated_instance_warmup": 0,
            "id": "scale_up",
            "metric_aggregation_type": "",
            "min_adjustment_magnitude": 0,
            "name": "scale_up",
            "policy_type": "SimpleScaling",
            "predictive_scaling_configuration": [],
            "scaling_adjustment": 2,
            "step_adjustment": [],
            "target_tracking_configuration": []
          },
          "sensitive_attributes": [],
          "private": "bnVsbA==",
          "dependencies": [
            "module.autoscaling.aws_autoscaling_group.web1_asg",
            "module.ec2.aws_instance.web1",
            "module.key_pair.aws_key_pair.my_key",
            "module.key_pair.tls_private_key.example",
            "module.launch_template.aws_ami_from_instance.web1_ami",
            "module.launch_template.aws_launch_template.web1_launch_template",
            "module.security-group.aws_security_group.allow_ssh",
            "module.subnet.aws_subnet.private1",
            "module.subnet.aws_subnet.private2",
            "module.vpc.aws_vpc.main"
          ]
        }
      ]
    },
    {
      "module": "module.autoscaling",
      "mode": "managed",
      "type": "aws_cloudwatch_metric_alarm",
      "name": "high_cpu",
      "provider": "provider[\"registry.terraform.io/hashicorp/aws\"]",
      "instances": [
        {
          "schema_version": 1,
          "attributes": {
            "actions_enabled": true,
            "alarm_actions": [
              "arn:aws:autoscaling:ap-northeast-2:108782082145:scalingPolicy:59b1fe00-f024-498d-9ba4-716baa67c520:autoScalingGroupName/web1-asg:policyName/scale_up"
            ],
            "alarm_description": "",
            "alarm_name": "high_cpu",
            "arn": "arn:aws:cloudwatch:ap-northeast-2:108782082145:alarm:high_cpu",
            "comparison_operator": "GreaterThanThreshold",
            "datapoints_to_alarm": 0,
            "dimensions": {
              "AutoScalingGroupName": "web1-asg"
            },
            "evaluate_low_sample_count_percentiles": "",
            "evaluation_periods": 2,
            "extended_statistic": "",
            "id": "high_cpu",
            "insufficient_data_actions": null,
            "metric_name": "CPUUtilization",
            "metric_query": [],
            "namespace": "AWS/EC2",
            "ok_actions": null,
            "period": 120,
            "statistic": "Average",
            "tags": null,
            "tags_all": {},
            "threshold": 10,
            "threshold_metric_id": "",
            "treat_missing_data": "missing",
            "unit": ""
          },
          "sensitive_attributes": [],
          "private": "eyJzY2hlbWFfdmVyc2lvbiI6IjEifQ==",
          "dependencies": [
            "module.autoscaling.aws_autoscaling_group.web1_asg",
            "module.autoscaling.aws_autoscaling_policy.scale_up",
            "module.ec2.aws_instance.web1",
            "module.key_pair.aws_key_pair.my_key",
            "module.key_pair.tls_private_key.example",
            "module.launch_template.aws_ami_from_instance.web1_ami",
            "module.launch_template.aws_launch_template.web1_launch_template",
            "module.security-group.aws_security_group.allow_ssh",
            "module.subnet.aws_subnet.private1",
            "module.subnet.aws_subnet.private2",
            "module.vpc.aws_vpc.main"
          ]
        }
      ]
    },
    {
      "module": "module.autoscaling",
      "mode": "managed",
      "type": "aws_cloudwatch_metric_alarm",
      "name": "low_cpu",
      "provider": "provider[\"registry.terraform.io/hashicorp/aws\"]",
      "instances": [
        {
          "schema_version": 1,
          "attributes": {
            "actions_enabled": true,
            "alarm_actions": [
              "arn:aws:autoscaling:ap-northeast-2:108782082145:scalingPolicy:01055899-c05e-464c-8952-2c417ea108a4:autoScalingGroupName/web1-asg:policyName/scale_down"
            ],
            "alarm_description": "",
            "alarm_name": "low_cpu",
            "arn": "arn:aws:cloudwatch:ap-northeast-2:108782082145:alarm:low_cpu",
            "comparison_operator": "LessThanThreshold",
            "datapoints_to_alarm": 0,
            "dimensions": {
              "AutoScalingGroupName": "web1-asg"
            },
            "evaluate_low_sample_count_percentiles": "",
            "evaluation_periods": 2,
            "extended_statistic": "",
            "id": "low_cpu",
            "insufficient_data_actions": null,
            "metric_name": "CPUUtilization",
            "metric_query": [],
            "namespace": "AWS/EC2",
            "ok_actions": null,
            "period": 120,
            "statistic": "Average",
            "tags": null,
            "tags_all": {},
            "threshold": 5,
            "threshold_metric_id": "",
            "treat_missing_data": "missing",
            "unit": ""
          },
          "sensitive_attributes": [],
          "private": "eyJzY2hlbWFfdmVyc2lvbiI6IjEifQ==",
          "dependencies": [
            "module.autoscaling.aws_autoscaling_group.web1_asg",
            "module.autoscaling.aws_autoscaling_policy.scale_down",
            "module.ec2.aws_instance.web1",
            "module.key_pair.aws_key_pair.my_key",
            "module.key_pair.tls_private_key.example",
            "module.launch_template.aws_ami_from_instance.web1_ami",
            "module.launch_template.aws_launch_template.web1_launch_template",
            "module.security-group.aws_security_group.allow_ssh",
            "module.subnet.aws_subnet.private1",
            "module.subnet.aws_subnet.private2",
            "module.vpc.aws_vpc.main"
          ]
        }
      ]
    },
    {
      "module": "module.ec2",
      "mode": "managed",
      "type": "aws_instance",
      "name": "bastion_host",
      "provider": "provider[\"registry.terraform.io/hashicorp/aws\"]",
      "instances": [
        {
          "schema_version": 1,
          "attributes": {
            "ami": "ami-040c33c6a51fd5d96",
            "arn": "arn:aws:ec2:ap-northeast-2:108782082145:instance/i-0f74562444afd74f2",
            "associate_public_ip_address": true,
            "availability_zone": "ap-northeast-2a",
            "capacity_reservation_specification": [
              {
                "capacity_reservation_preference": "open",
                "capacity_reservation_target": []
              }
            ],
            "cpu_core_count": 1,
            "cpu_options": [
              {
                "amd_sev_snp": "",
                "core_count": 1,
                "threads_per_core": 1
              }
            ],
            "cpu_threads_per_core": 1,
            "credit_specification": [
              {
                "cpu_credits": "standard"
              }
            ],
            "disable_api_stop": false,
            "disable_api_termination": false,
            "ebs_block_device": [],
            "ebs_optimized": false,
            "enclave_options": [
              {
                "enabled": false
              }
            ],
            "ephemeral_block_device": [],
            "get_password_data": false,
            "hibernation": false,
            "host_id": "",
            "host_resource_group_arn": null,
            "iam_instance_profile": "",
            "id": "i-0f74562444afd74f2",
            "instance_initiated_shutdown_behavior": "stop",
            "instance_lifecycle": "",
            "instance_market_options": [],
            "instance_state": "running",
            "instance_type": "t2.micro",
            "ipv6_address_count": 0,
            "ipv6_addresses": [],
            "key_name": "my_key",
            "launch_template": [],
            "maintenance_options": [
              {
                "auto_recovery": "default"
              }
            ],
            "metadata_options": [
              {
                "http_endpoint": "enabled",
                "http_protocol_ipv6": "disabled",
                "http_put_response_hop_limit": 2,
                "http_tokens": "required",
                "instance_metadata_tags": "disabled"
              }
            ],
            "monitoring": false,
            "network_interface": [],
            "outpost_arn": "",
            "password_data": "",
            "placement_group": "",
            "placement_partition_number": 0,
            "primary_network_interface_id": "eni-01f5168eec3135501",
            "private_dns": "ip-10-0-1-183.ap-northeast-2.compute.internal",
            "private_dns_name_options": [
              {
                "enable_resource_name_dns_a_record": false,
                "enable_resource_name_dns_aaaa_record": false,
                "hostname_type": "ip-name"
              }
            ],
            "private_ip": "10.0.1.183",
            "public_dns": "",
            "public_ip": "13.124.241.226",
            "root_block_device": [
              {
                "delete_on_termination": true,
                "device_name": "/dev/sda1",
                "encrypted": false,
                "iops": 3000,
                "kms_key_id": "",
                "tags": {},
                "tags_all": {},
                "throughput": 125,
                "volume_id": "vol-027356ed491c132f4",
                "volume_size": 8,
                "volume_type": "gp3"
              }
            ],
            "secondary_private_ips": [],
            "security_groups": [],
            "source_dest_check": true,
            "spot_instance_request_id": "",
            "subnet_id": "subnet-04bae6af185e02da9",
            "tags": {
              "Name": "bastion_host"
            },
            "tags_all": {
              "Name": "bastion_host"
            },
            "tenancy": "default",
            "timeouts": null,
            "user_data": null,
            "user_data_base64": null,
            "user_data_replace_on_change": false,
            "volume_tags": null,
            "vpc_security_group_ids": [
              "sg-04e5c57b1505cc2dc"
            ]
          },
          "sensitive_attributes": [],
          "private": "eyJlMmJmYjczMC1lY2FhLTExZTYtOGY4OC0zNDM2M2JjN2M0YzAiOnsiY3JlYXRlIjo2MDAwMDAwMDAwMDAsImRlbGV0ZSI6MTIwMDAwMDAwMDAwMCwicmVhZCI6OTAwMDAwMDAwMDAwLCJ1cGRhdGUiOjYwMDAwMDAwMDAwMH0sInNjaGVtYV92ZXJzaW9uIjoiMSJ9",
          "dependencies": [
            "module.key_pair.aws_key_pair.my_key",
            "module.key_pair.tls_private_key.example",
            "module.security-group.aws_security_group.allow_ssh",
            "module.subnet.aws_subnet.public1",
            "module.subnet.aws_subnet.public2",
            "module.vpc.aws_vpc.main"
          ]
        }
      ]
    },
    {
      "module": "module.ec2",
      "mode": "managed",
      "type": "aws_instance",
      "name": "nat_instance",
      "provider": "provider[\"registry.terraform.io/hashicorp/aws\"]",
      "instances": [
        {
          "schema_version": 1,
          "attributes": {
            "ami": "ami-0c2d3e23e757b5d84",
            "arn": "arn:aws:ec2:ap-northeast-2:108782082145:instance/i-09b04d27fc4873441",
            "associate_public_ip_address": true,
            "availability_zone": "ap-northeast-2c",
            "capacity_reservation_specification": [
              {
                "capacity_reservation_preference": "open",
                "capacity_reservation_target": []
              }
            ],
            "cpu_core_count": 1,
            "cpu_options": [
              {
                "amd_sev_snp": "",
                "core_count": 1,
                "threads_per_core": 1
              }
            ],
            "cpu_threads_per_core": 1,
            "credit_specification": [
              {
                "cpu_credits": "standard"
              }
            ],
            "disable_api_stop": false,
            "disable_api_termination": false,
            "ebs_block_device": [],
            "ebs_optimized": false,
            "enclave_options": [
              {
                "enabled": false
              }
            ],
            "ephemeral_block_device": [],
            "get_password_data": false,
            "hibernation": false,
            "host_id": "",
            "host_resource_group_arn": null,
            "iam_instance_profile": "",
            "id": "i-09b04d27fc4873441",
            "instance_initiated_shutdown_behavior": "stop",
            "instance_lifecycle": "",
            "instance_market_options": [],
            "instance_state": "running",
            "instance_type": "t2.micro",
            "ipv6_address_count": 0,
            "ipv6_addresses": [],
            "key_name": "my_key",
            "launch_template": [],
            "maintenance_options": [
              {
                "auto_recovery": "default"
              }
            ],
            "metadata_options": [
              {
                "http_endpoint": "enabled",
                "http_protocol_ipv6": "disabled",
                "http_put_response_hop_limit": 1,
                "http_tokens": "optional",
                "instance_metadata_tags": "disabled"
              }
            ],
            "monitoring": false,
            "network_interface": [],
            "outpost_arn": "",
            "password_data": "",
            "placement_group": "",
            "placement_partition_number": 0,
            "primary_network_interface_id": "eni-017aa96edb0219dd9",
            "private_dns": "ip-10-0-2-63.ap-northeast-2.compute.internal",
            "private_dns_name_options": [
              {
                "enable_resource_name_dns_a_record": false,
                "enable_resource_name_dns_aaaa_record": false,
                "hostname_type": "ip-name"
              }
            ],
            "private_ip": "10.0.2.63",
            "public_dns": "",
            "public_ip": "13.125.188.244",
            "root_block_device": [
              {
                "delete_on_termination": true,
                "device_name": "/dev/xvda",
                "encrypted": false,
                "iops": 0,
                "kms_key_id": "",
                "tags": {},
                "tags_all": {},
                "throughput": 0,
                "volume_id": "vol-0ecdb5089bc60afbe",
                "volume_size": 8,
                "volume_type": "standard"
              }
            ],
            "secondary_private_ips": [],
            "security_groups": [],
            "source_dest_check": false,
            "spot_instance_request_id": "",
            "subnet_id": "subnet-0ce5adfe0964bba5b",
            "tags": {
              "Name": "nat_instance"
            },
            "tags_all": {
              "Name": "nat_instance"
            },
            "tenancy": "default",
            "timeouts": null,
            "user_data": null,
            "user_data_base64": null,
            "user_data_replace_on_change": false,
            "volume_tags": null,
            "vpc_security_group_ids": [
              "sg-04e5c57b1505cc2dc"
            ]
          },
          "sensitive_attributes": [],
          "private": "eyJlMmJmYjczMC1lY2FhLTExZTYtOGY4OC0zNDM2M2JjN2M0YzAiOnsiY3JlYXRlIjo2MDAwMDAwMDAwMDAsImRlbGV0ZSI6MTIwMDAwMDAwMDAwMCwicmVhZCI6OTAwMDAwMDAwMDAwLCJ1cGRhdGUiOjYwMDAwMDAwMDAwMH0sInNjaGVtYV92ZXJzaW9uIjoiMSJ9",
          "dependencies": [
            "module.key_pair.aws_key_pair.my_key",
            "module.key_pair.tls_private_key.example",
            "module.security-group.aws_security_group.allow_ssh",
            "module.subnet.aws_subnet.public1",
            "module.subnet.aws_subnet.public2",
            "module.vpc.aws_vpc.main"
          ]
        }
      ]
    },
    {
      "module": "module.ec2",
      "mode": "managed",
      "type": "aws_instance",
      "name": "web1",
      "provider": "provider[\"registry.terraform.io/hashicorp/aws\"]",
      "instances": [
        {
          "schema_version": 1,
          "attributes": {
            "ami": "ami-040c33c6a51fd5d96",
            "arn": "arn:aws:ec2:ap-northeast-2:108782082145:instance/i-0b217d538c1f9c6a0",
            "associate_public_ip_address": false,
            "availability_zone": "ap-northeast-2a",
            "capacity_reservation_specification": [
              {
                "capacity_reservation_preference": "open",
                "capacity_reservation_target": []
              }
            ],
            "cpu_core_count": 1,
            "cpu_options": [
              {
                "amd_sev_snp": "",
                "core_count": 1,
                "threads_per_core": 1
              }
            ],
            "cpu_threads_per_core": 1,
            "credit_specification": [
              {
                "cpu_credits": "standard"
              }
            ],
            "disable_api_stop": false,
            "disable_api_termination": false,
            "ebs_block_device": [],
            "ebs_optimized": false,
            "enclave_options": [
              {
                "enabled": false
              }
            ],
            "ephemeral_block_device": [],
            "get_password_data": false,
            "hibernation": false,
            "host_id": "",
            "host_resource_group_arn": null,
            "iam_instance_profile": "",
            "id": "i-0b217d538c1f9c6a0",
            "instance_initiated_shutdown_behavior": "stop",
            "instance_lifecycle": "",
            "instance_market_options": [],
            "instance_state": "running",
            "instance_type": "t2.micro",
            "ipv6_address_count": 0,
            "ipv6_addresses": [],
            "key_name": "my_key",
            "launch_template": [],
            "maintenance_options": [
              {
                "auto_recovery": "default"
              }
            ],
            "metadata_options": [
              {
                "http_endpoint": "enabled",
                "http_protocol_ipv6": "disabled",
                "http_put_response_hop_limit": 2,
                "http_tokens": "required",
                "instance_metadata_tags": "disabled"
              }
            ],
            "monitoring": false,
            "network_interface": [],
            "outpost_arn": "",
            "password_data": "",
            "placement_group": "",
            "placement_partition_number": 0,
            "primary_network_interface_id": "eni-08141e66fbb55971d",
            "private_dns": "ip-10-0-3-149.ap-northeast-2.compute.internal",
            "private_dns_name_options": [
              {
                "enable_resource_name_dns_a_record": false,
                "enable_resource_name_dns_aaaa_record": false,
                "hostname_type": "ip-name"
              }
            ],
            "private_ip": "10.0.3.149",
            "public_dns": "",
            "public_ip": "",
            "root_block_device": [
              {
                "delete_on_termination": true,
                "device_name": "/dev/sda1",
                "encrypted": false,
                "iops": 3000,
                "kms_key_id": "",
                "tags": {},
                "tags_all": {},
                "throughput": 125,
                "volume_id": "vol-00a65f9387abac075",
                "volume_size": 8,
                "volume_type": "gp3"
              }
            ],
            "secondary_private_ips": [],
            "security_groups": [],
            "source_dest_check": true,
            "spot_instance_request_id": "",
            "subnet_id": "subnet-0d7637bada00c340d",
            "tags": {
              "Name": "web1"
            },
            "tags_all": {
              "Name": "web1"
            },
            "tenancy": "default",
            "timeouts": null,
            "user_data": null,
            "user_data_base64": null,
            "user_data_replace_on_change": false,
            "volume_tags": null,
            "vpc_security_group_ids": [
              "sg-04e5c57b1505cc2dc"
            ]
          },
          "sensitive_attributes": [],
          "private": "eyJlMmJmYjczMC1lY2FhLTExZTYtOGY4OC0zNDM2M2JjN2M0YzAiOnsiY3JlYXRlIjo2MDAwMDAwMDAwMDAsImRlbGV0ZSI6MTIwMDAwMDAwMDAwMCwicmVhZCI6OTAwMDAwMDAwMDAwLCJ1cGRhdGUiOjYwMDAwMDAwMDAwMH0sInNjaGVtYV92ZXJzaW9uIjoiMSJ9",
          "dependencies": [
            "module.key_pair.aws_key_pair.my_key",
            "module.key_pair.tls_private_key.example",
            "module.security-group.aws_security_group.allow_ssh",
            "module.subnet.aws_subnet.private1",
            "module.subnet.aws_subnet.private2",
            "module.vpc.aws_vpc.main"
          ],
          "create_before_destroy": true
        }
      ]
    },
    {
      "module": "module.ec2",
      "mode": "managed",
      "type": "aws_instance",
      "name": "web2",
      "provider": "provider[\"registry.terraform.io/hashicorp/aws\"]",
      "instances": [
        {
          "schema_version": 1,
          "attributes": {
            "ami": "ami-040c33c6a51fd5d96",
            "arn": "arn:aws:ec2:ap-northeast-2:108782082145:instance/i-0d210687f468c69f3",
            "associate_public_ip_address": false,
            "availability_zone": "ap-northeast-2c",
            "capacity_reservation_specification": [
              {
                "capacity_reservation_preference": "open",
                "capacity_reservation_target": []
              }
            ],
            "cpu_core_count": 1,
            "cpu_options": [
              {
                "amd_sev_snp": "",
                "core_count": 1,
                "threads_per_core": 1
              }
            ],
            "cpu_threads_per_core": 1,
            "credit_specification": [
              {
                "cpu_credits": "standard"
              }
            ],
            "disable_api_stop": false,
            "disable_api_termination": false,
            "ebs_block_device": [],
            "ebs_optimized": false,
            "enclave_options": [
              {
                "enabled": false
              }
            ],
            "ephemeral_block_device": [],
            "get_password_data": false,
            "hibernation": false,
            "host_id": "",
            "host_resource_group_arn": null,
            "iam_instance_profile": "",
            "id": "i-0d210687f468c69f3",
            "instance_initiated_shutdown_behavior": "stop",
            "instance_lifecycle": "",
            "instance_market_options": [],
            "instance_state": "running",
            "instance_type": "t2.micro",
            "ipv6_address_count": 0,
            "ipv6_addresses": [],
            "key_name": "my_key",
            "launch_template": [],
            "maintenance_options": [
              {
                "auto_recovery": "default"
              }
            ],
            "metadata_options": [
              {
                "http_endpoint": "enabled",
                "http_protocol_ipv6": "disabled",
                "http_put_response_hop_limit": 2,
                "http_tokens": "required",
                "instance_metadata_tags": "disabled"
              }
            ],
            "monitoring": false,
            "network_interface": [],
            "outpost_arn": "",
            "password_data": "",
            "placement_group": "",
            "placement_partition_number": 0,
            "primary_network_interface_id": "eni-00576840493751570",
            "private_dns": "ip-10-0-4-188.ap-northeast-2.compute.internal",
            "private_dns_name_options": [
              {
                "enable_resource_name_dns_a_record": false,
                "enable_resource_name_dns_aaaa_record": false,
                "hostname_type": "ip-name"
              }
            ],
            "private_ip": "10.0.4.188",
            "public_dns": "",
            "public_ip": "",
            "root_block_device": [
              {
                "delete_on_termination": true,
                "device_name": "/dev/sda1",
                "encrypted": false,
                "iops": 3000,
                "kms_key_id": "",
                "tags": {},
                "tags_all": {},
                "throughput": 125,
                "volume_id": "vol-03f03fb4dcc1bafcf",
                "volume_size": 8,
                "volume_type": "gp3"
              }
            ],
            "secondary_private_ips": [],
            "security_groups": [],
            "source_dest_check": true,
            "spot_instance_request_id": "",
            "subnet_id": "subnet-04504c7a22f4c1dd0",
            "tags": {
              "Name": "web2"
            },
            "tags_all": {
              "Name": "web2"
            },
            "tenancy": "default",
            "timeouts": null,
            "user_data": null,
            "user_data_base64": null,
            "user_data_replace_on_change": false,
            "volume_tags": null,
            "vpc_security_group_ids": [
              "sg-04e5c57b1505cc2dc"
            ]
          },
          "sensitive_attributes": [],
          "private": "eyJlMmJmYjczMC1lY2FhLTExZTYtOGY4OC0zNDM2M2JjN2M0YzAiOnsiY3JlYXRlIjo2MDAwMDAwMDAwMDAsImRlbGV0ZSI6MTIwMDAwMDAwMDAwMCwicmVhZCI6OTAwMDAwMDAwMDAwLCJ1cGRhdGUiOjYwMDAwMDAwMDAwMH0sInNjaGVtYV92ZXJzaW9uIjoiMSJ9",
          "dependencies": [
            "module.key_pair.aws_key_pair.my_key",
            "module.key_pair.tls_private_key.example",
            "module.security-group.aws_security_group.allow_ssh",
            "module.subnet.aws_subnet.private1",
            "module.subnet.aws_subnet.private2",
            "module.vpc.aws_vpc.main"
          ]
        }
      ]
    },
    {
      "module": "module.key_pair",
      "mode": "managed",
      "type": "aws_key_pair",
      "name": "my_key",
      "provider": "provider[\"registry.terraform.io/hashicorp/aws\"]",
      "instances": [
        {
          "schema_version": 1,
          "attributes": {
            "arn": "arn:aws:ec2:ap-northeast-2:108782082145:key-pair/my_key",
            "fingerprint": "29:ed:1c:4f:2a:b0:1a:fa:fa:68:5a:93:b5:61:0f:12",
            "id": "my_key",
            "key_name": "my_key",
            "key_name_prefix": "",
            "key_pair_id": "key-0bb146c8b2938dd1a",
            "key_type": "rsa",
            "public_key": "ssh-rsa AAAAB3NzaC1yc2EAAAADAQABAAABAQC3+Yj/5wQILXeyCO8O4As9LhHCgrjaBKWImVS+7G5Q+0mZ5Ob91OTHAOwz1TnttELFShfrVYgaUJD4VY2VHrgteF7e6WJW97kHAPOz+cpL6cj9yrOih7ztQnI0TUbVEJgFWcnU9DwncJSnVKKuJRdUBqFBxJIj+TERd5qSMPG9zf9qpP+WDqt6nXVShJYUnM3sQdhAo2A2t1EywRKfHTFd901YFtHBZh/5W8D6ypLgw6nmNXc6N1voSG1YqktIIlPnvvXLO6TPaEY61VR0cVP2Khr8KQe7ubuywOg8sLauaGQh7xi8r6UcCar21WNgm5xuqkZlOWqWsue9UXk8xF51",
            "tags": {},
            "tags_all": {}
          },
          "sensitive_attributes": [],
          "private": "eyJzY2hlbWFfdmVyc2lvbiI6IjEifQ==",
          "dependencies": [
            "module.key_pair.tls_private_key.example"
          ],
          "create_before_destroy": true
        }
      ]
    },
    {
      "module": "module.key_pair",
      "mode": "managed",
      "type": "local_file",
      "name": "private_key",
      "provider": "provider[\"registry.terraform.io/hashicorp/local\"]",
      "instances": [
        {
          "schema_version": 0,
          "attributes": {
            "content": "-----BEGIN RSA PRIVATE KEY-----\nMIIEpQIBAAKCAQEAt/mI/+cECC13sgjvDuALPS4RwoK42gSliJlUvuxuUPtJmeTm\n/dTkxwDsM9U57bRCxUoX61WIGlCQ+FWNlR64LXhe3uliVve5BwDzs/nKS+nI/cqz\nooe87UJyNE1G1RCYBVnJ1PQ8J3CUp1SiriUXVAahQcSSI/kxEXeakjDxvc3/aqT/\nlg6rep11UoSWFJzN7EHYQKNgNrdRMsESnx0xXfdNWBbRwWYf+VvA+sqS4MOp5jV3\nOjdb6EhtWKpLSCJT5771yzukz2hGOtVUdHFT9ioa/CkHu7m7ssDoPLC2rmhkIe8Y\nvK+lHAmq9tVjYJucbqpGZTlqlrLnvVF5PMRedQIDAQABAoIBAQCL9fj1xghZOE3x\nUb6csHGcb6nvMofyxMoyK4Q/Y5thXGrX+z6IKSiLBPatUDAr2JFbiky8KmvKqTRA\n2MVHhwFTBloWd7Lqurc2ztCYQRZXvlm8SjNzGJTwYzaC969FdMRSfcaAjfYdgxZ0\nXn0MwwcGU6zmXedYGsHrqfQb98RRQlYsRgGlPPEAiCuHb1nM2XhHpu/81qJQZD0t\ng56Bh2mNnYERNCD7D1hIf7gMtWHP8MmksJ1aliFRRXnY/UX5GeM1cF5JyhYiJhvL\nEZ7ZcQ+2byX1PO2YaRt6k5ZewcPgOyjJv4iJC7K0qIcP3SN9Kn4MRhB5m7rHDA+G\nu1WOhD6ZAoGBANvfmd06LHNFpvlQlXTPkGpBAyutAZJDVizJNlON9porLDkuWYs6\n4BIma+25pxUaw7sNJU7NGOx7J/Sj2yZXuQcom1VX7RT0jJJd/bmjSOjr2LXkDCWK\n6nBrXq23vRARJLOGTf47tLTfc/7iyPNoxbNYUAL4r/9SZW+Sxk7EhUPjAoGBANYz\n8yVXQnC9yH0OmgsowBVpgXIymHQhnmElN5YotWiaGHv1yrJDcZyJDNfScKFuc7hP\noSsm1EBVwAnOo/+ju3D1jCCOs/2pcRaivgZRx5WRR/nfMlJATWPDHIRCrINZmxiE\nVlJv3t/DWdCNaJX+RkJabSJehLF2e9TsaScnTlPHAoGBAK6g6eBl+rXW5SXwlbN/\nw1BQsEb5El1rc78AVFCKWQjbLzV/FYlaSmq/70qRAB3n8vrWFwJ+LMRtkC9iEIVk\neMUxwCVJPzg8foUld4YAJMExyB22sNsEeOyuqjTI0LU5GHApRDqeiwh4zPTsg/On\nDBZEFtA1WfssIvo5lZ0rwjhHAoGBANHEhjTnQ1WNRa3SguCyw4k0jWP8UHhKBAQ2\noj0XGLCbV6btidcRXU1imYUxvMMam5C/yqGroOhwEWSJTOmouoNgtB2eIn4jVXBJ\nZ7ZgmAfNAqOdBHawKhmslVygvrjTI6Pa1X5dt/GCKY6nLOjW3o9UZtPlpCT2V0ap\nTkDdqUM5AoGAKiczbcUWDxB92UWREy44upQVHnDS/OmdLtDoGQ+JJHjwCf1AVTYZ\nUKEGs2hVA2yoLhIe6VNiFGlJ1O80C5A75pTM/gMwMjk9RcHDTUFRQT2pWIHIxS+y\nR6kvnJOUZ7WO4Ael+Y/fgfScVQqT5i0h8JJ3KN80zwlBvrR+poZnn8o=\n-----END RSA PRIVATE KEY-----\n",
            "content_base64": null,
            "content_base64sha256": "5l/dddYqLZzT0pZEqv1KEUdBmPzmA3pt4ctOy0NW+po=",
            "content_base64sha512": "R4r8+xfUC0oN50mGuPEv7Tuz7ENtxU0gb+B6vshS3h2eN+c/wcmnsqd53mVdB64MDoCgV43izOQy/dMmhge2sg==",
            "content_md5": "2fb81a5b522e9c2018476f68b4d7dac9",
            "content_sha1": "e8b8c7aed5db28fff904987c49545b8522cb6331",
            "content_sha256": "e65fdd75d62a2d9cd3d29644aafd4a11474198fce6037a6de1cb4ecb4356fa9a",
            "content_sha512": "478afcfb17d40b4a0de74986b8f12fed3bb3ec436dc54d206fe07abec852de1d9e37e73fc1c9a7b2a779de655d07ae0c0e80a0578de2cce432fdd3268607b6b2",
            "directory_permission": "0777",
            "file_permission": "0777",
            "filename": "modules/key-pair/my_key.pem",
            "id": "e8b8c7aed5db28fff904987c49545b8522cb6331",
            "sensitive_content": null,
            "source": null
          },
          "sensitive_attributes": [
            [
              {
                "type": "get_attr",
                "value": "content"
              }
            ],
            [
              {
                "type": "get_attr",
                "value": "sensitive_content"
              }
            ]
          ],
          "dependencies": [
            "module.key_pair.tls_private_key.example"
          ]
        }
      ]
    },
    {
      "module": "module.key_pair",
      "mode": "managed",
      "type": "tls_private_key",
      "name": "example",
      "provider": "provider[\"registry.terraform.io/hashicorp/tls\"]",
      "instances": [
        {
          "schema_version": 1,
          "attributes": {
            "algorithm": "RSA",
            "ecdsa_curve": "P224",
            "id": "97345d7150b4893cafae44edda2376584b11ba70",
            "private_key_openssh": "-----BEGIN OPENSSH PRIVATE KEY-----\nb3BlbnNzaC1rZXktdjEAAAAABG5vbmUAAAAEbm9uZQAAAAAAAAABAAABFwAAAAdz\nc2gtcnNhAAAAAwEAAQAAAQEAt/mI/+cECC13sgjvDuALPS4RwoK42gSliJlUvuxu\nUPtJmeTm/dTkxwDsM9U57bRCxUoX61WIGlCQ+FWNlR64LXhe3uliVve5BwDzs/nK\nS+nI/cqzooe87UJyNE1G1RCYBVnJ1PQ8J3CUp1SiriUXVAahQcSSI/kxEXeakjDx\nvc3/aqT/lg6rep11UoSWFJzN7EHYQKNgNrdRMsESnx0xXfdNWBbRwWYf+VvA+sqS\n4MOp5jV3Ojdb6EhtWKpLSCJT5771yzukz2hGOtVUdHFT9ioa/CkHu7m7ssDoPLC2\nrmhkIe8YvK+lHAmq9tVjYJucbqpGZTlqlrLnvVF5PMRedQAAA7huRSQebkUkHgAA\nAAdzc2gtcnNhAAABAQC3+Yj/5wQILXeyCO8O4As9LhHCgrjaBKWImVS+7G5Q+0mZ\n5Ob91OTHAOwz1TnttELFShfrVYgaUJD4VY2VHrgteF7e6WJW97kHAPOz+cpL6cj9\nyrOih7ztQnI0TUbVEJgFWcnU9DwncJSnVKKuJRdUBqFBxJIj+TERd5qSMPG9zf9q\npP+WDqt6nXVShJYUnM3sQdhAo2A2t1EywRKfHTFd901YFtHBZh/5W8D6ypLgw6nm\nNXc6N1voSG1YqktIIlPnvvXLO6TPaEY61VR0cVP2Khr8KQe7ubuywOg8sLauaGQh\n7xi8r6UcCar21WNgm5xuqkZlOWqWsue9UXk8xF51AAAAAwEAAQAAAQEAi/X49cYI\nWThN8VG+nLBxnG+p7zKH8sTKMiuEP2ObYVxq1/s+iCkoiwT2rVAwK9iRW4pMvCpr\nyqk0QNjFR4cBUwZaFney6rq3Ns7QmEEWV75ZvEozcxiU8GM2gvevRXTEUn3GgI32\nHYMWdF59DMMHBlOs5l3nWBrB66n0G/fEUUJWLEYBpTzxAIgrh29ZzNl4R6bv/Nai\nUGQ9LYOegYdpjZ2BETQg+w9YSH+4DLVhz/DJpLCdWpYhUUV52P1F+RnjNXBeScoW\nIiYbyxGe2XEPtm8l9TztmGkbepOWXsHD4Dsoyb+IiQuytKiHD90jfSp+DEYQeZu6\nxwwPhrtVjoQ+mQAAAIAqJzNtxRYPEH3ZRZETLji6lBUecNL86Z0u0OgZD4kkePAJ\n/UBVNhlQoQazaFUDbKguEh7pU2IUaUnU7zQLkDvmlMz+AzAyOT1FwcNNQVFBPalY\ngcjFL7JHqS+ck5RntY7gB6X5j9+B9JxVCpPmLSHwknco3zTPCUG+tH6mhmefygAA\nAIEA29+Z3Tosc0Wm+VCVdM+QakEDK60BkkNWLMk2U432missOS5ZizrgEiZr7bmn\nFRrDuw0lTs0Y7Hsn9KPbJle5ByibVVftFPSMkl39uaNI6OvYteQMJYrqcGterbe9\nEBEks4ZN/ju0tN9z/uLI82jFs1hQAviv/1Jlb5LGTsSFQ+MAAACBANYz8yVXQnC9\nyH0OmgsowBVpgXIymHQhnmElN5YotWiaGHv1yrJDcZyJDNfScKFuc7hPoSsm1EBV\nwAnOo/+ju3D1jCCOs/2pcRaivgZRx5WRR/nfMlJATWPDHIRCrINZmxiEVlJv3t/D\nWdCNaJX+RkJabSJehLF2e9TsaScnTlPHAAAAAAEC\n-----END OPENSSH PRIVATE KEY-----\n",
            "private_key_pem": "-----BEGIN RSA PRIVATE KEY-----\nMIIEpQIBAAKCAQEAt/mI/+cECC13sgjvDuALPS4RwoK42gSliJlUvuxuUPtJmeTm\n/dTkxwDsM9U57bRCxUoX61WIGlCQ+FWNlR64LXhe3uliVve5BwDzs/nKS+nI/cqz\nooe87UJyNE1G1RCYBVnJ1PQ8J3CUp1SiriUXVAahQcSSI/kxEXeakjDxvc3/aqT/\nlg6rep11UoSWFJzN7EHYQKNgNrdRMsESnx0xXfdNWBbRwWYf+VvA+sqS4MOp5jV3\nOjdb6EhtWKpLSCJT5771yzukz2hGOtVUdHFT9ioa/CkHu7m7ssDoPLC2rmhkIe8Y\nvK+lHAmq9tVjYJucbqpGZTlqlrLnvVF5PMRedQIDAQABAoIBAQCL9fj1xghZOE3x\nUb6csHGcb6nvMofyxMoyK4Q/Y5thXGrX+z6IKSiLBPatUDAr2JFbiky8KmvKqTRA\n2MVHhwFTBloWd7Lqurc2ztCYQRZXvlm8SjNzGJTwYzaC969FdMRSfcaAjfYdgxZ0\nXn0MwwcGU6zmXedYGsHrqfQb98RRQlYsRgGlPPEAiCuHb1nM2XhHpu/81qJQZD0t\ng56Bh2mNnYERNCD7D1hIf7gMtWHP8MmksJ1aliFRRXnY/UX5GeM1cF5JyhYiJhvL\nEZ7ZcQ+2byX1PO2YaRt6k5ZewcPgOyjJv4iJC7K0qIcP3SN9Kn4MRhB5m7rHDA+G\nu1WOhD6ZAoGBANvfmd06LHNFpvlQlXTPkGpBAyutAZJDVizJNlON9porLDkuWYs6\n4BIma+25pxUaw7sNJU7NGOx7J/Sj2yZXuQcom1VX7RT0jJJd/bmjSOjr2LXkDCWK\n6nBrXq23vRARJLOGTf47tLTfc/7iyPNoxbNYUAL4r/9SZW+Sxk7EhUPjAoGBANYz\n8yVXQnC9yH0OmgsowBVpgXIymHQhnmElN5YotWiaGHv1yrJDcZyJDNfScKFuc7hP\noSsm1EBVwAnOo/+ju3D1jCCOs/2pcRaivgZRx5WRR/nfMlJATWPDHIRCrINZmxiE\nVlJv3t/DWdCNaJX+RkJabSJehLF2e9TsaScnTlPHAoGBAK6g6eBl+rXW5SXwlbN/\nw1BQsEb5El1rc78AVFCKWQjbLzV/FYlaSmq/70qRAB3n8vrWFwJ+LMRtkC9iEIVk\neMUxwCVJPzg8foUld4YAJMExyB22sNsEeOyuqjTI0LU5GHApRDqeiwh4zPTsg/On\nDBZEFtA1WfssIvo5lZ0rwjhHAoGBANHEhjTnQ1WNRa3SguCyw4k0jWP8UHhKBAQ2\noj0XGLCbV6btidcRXU1imYUxvMMam5C/yqGroOhwEWSJTOmouoNgtB2eIn4jVXBJ\nZ7ZgmAfNAqOdBHawKhmslVygvrjTI6Pa1X5dt/GCKY6nLOjW3o9UZtPlpCT2V0ap\nTkDdqUM5AoGAKiczbcUWDxB92UWREy44upQVHnDS/OmdLtDoGQ+JJHjwCf1AVTYZ\nUKEGs2hVA2yoLhIe6VNiFGlJ1O80C5A75pTM/gMwMjk9RcHDTUFRQT2pWIHIxS+y\nR6kvnJOUZ7WO4Ael+Y/fgfScVQqT5i0h8JJ3KN80zwlBvrR+poZnn8o=\n-----END RSA PRIVATE KEY-----\n",
            "private_key_pem_pkcs8": "-----BEGIN PRIVATE KEY-----\nMIIEvwIBADANBgkqhkiG9w0BAQEFAASCBKkwggSlAgEAAoIBAQC3+Yj/5wQILXey\nCO8O4As9LhHCgrjaBKWImVS+7G5Q+0mZ5Ob91OTHAOwz1TnttELFShfrVYgaUJD4\nVY2VHrgteF7e6WJW97kHAPOz+cpL6cj9yrOih7ztQnI0TUbVEJgFWcnU9DwncJSn\nVKKuJRdUBqFBxJIj+TERd5qSMPG9zf9qpP+WDqt6nXVShJYUnM3sQdhAo2A2t1Ey\nwRKfHTFd901YFtHBZh/5W8D6ypLgw6nmNXc6N1voSG1YqktIIlPnvvXLO6TPaEY6\n1VR0cVP2Khr8KQe7ubuywOg8sLauaGQh7xi8r6UcCar21WNgm5xuqkZlOWqWsue9\nUXk8xF51AgMBAAECggEBAIv1+PXGCFk4TfFRvpywcZxvqe8yh/LEyjIrhD9jm2Fc\natf7PogpKIsE9q1QMCvYkVuKTLwqa8qpNEDYxUeHAVMGWhZ3suq6tzbO0JhBFle+\nWbxKM3MYlPBjNoL3r0V0xFJ9xoCN9h2DFnRefQzDBwZTrOZd51gaweup9Bv3xFFC\nVixGAaU88QCIK4dvWczZeEem7/zWolBkPS2DnoGHaY2dgRE0IPsPWEh/uAy1Yc/w\nyaSwnVqWIVFFedj9RfkZ4zVwXknKFiImG8sRntlxD7ZvJfU87ZhpG3qTll7Bw+A7\nKMm/iIkLsrSohw/dI30qfgxGEHmbuscMD4a7VY6EPpkCgYEA29+Z3Tosc0Wm+VCV\ndM+QakEDK60BkkNWLMk2U432missOS5ZizrgEiZr7bmnFRrDuw0lTs0Y7Hsn9KPb\nJle5ByibVVftFPSMkl39uaNI6OvYteQMJYrqcGterbe9EBEks4ZN/ju0tN9z/uLI\n82jFs1hQAviv/1Jlb5LGTsSFQ+MCgYEA1jPzJVdCcL3IfQ6aCyjAFWmBcjKYdCGe\nYSU3lii1aJoYe/XKskNxnIkM19JwoW5zuE+hKybUQFXACc6j/6O7cPWMII6z/alx\nFqK+BlHHlZFH+d8yUkBNY8MchEKsg1mbGIRWUm/e38NZ0I1olf5GQlptIl6EsXZ7\n1OxpJydOU8cCgYEArqDp4GX6tdblJfCVs3/DUFCwRvkSXWtzvwBUUIpZCNsvNX8V\niVpKar/vSpEAHefy+tYXAn4sxG2QL2IQhWR4xTHAJUk/ODx+hSV3hgAkwTHIHbaw\n2wR47K6qNMjQtTkYcClEOp6LCHjM9OyD86cMFkQW0DVZ+ywi+jmVnSvCOEcCgYEA\n0cSGNOdDVY1FrdKC4LLDiTSNY/xQeEoEBDaiPRcYsJtXpu2J1xFdTWKZhTG8wxqb\nkL/Koaug6HARZIlM6ai6g2C0HZ4ifiNVcElntmCYB80Co50EdrAqGayVXKC+uNMj\no9rVfl238YIpjqcs6Nbej1Rm0+WkJPZXRqlOQN2pQzkCgYAqJzNtxRYPEH3ZRZET\nLji6lBUecNL86Z0u0OgZD4kkePAJ/UBVNhlQoQazaFUDbKguEh7pU2IUaUnU7zQL\nkDvmlMz+AzAyOT1FwcNNQVFBPalYgcjFL7JHqS+ck5RntY7gB6X5j9+B9JxVCpPm\nLSHwknco3zTPCUG+tH6mhmefyg==\n-----END PRIVATE KEY-----\n",
            "public_key_fingerprint_md5": "63:a4:8f:25:30:a9:55:a5:b8:0f:b6:d5:95:16:e2:df",
            "public_key_fingerprint_sha256": "SHA256:VJdwqnsSbXDWj4ihM1Ar0AkGOQDdm0CQP6HndSRv4Uk",
            "public_key_openssh": "ssh-rsa AAAAB3NzaC1yc2EAAAADAQABAAABAQC3+Yj/5wQILXeyCO8O4As9LhHCgrjaBKWImVS+7G5Q+0mZ5Ob91OTHAOwz1TnttELFShfrVYgaUJD4VY2VHrgteF7e6WJW97kHAPOz+cpL6cj9yrOih7ztQnI0TUbVEJgFWcnU9DwncJSnVKKuJRdUBqFBxJIj+TERd5qSMPG9zf9qpP+WDqt6nXVShJYUnM3sQdhAo2A2t1EywRKfHTFd901YFtHBZh/5W8D6ypLgw6nmNXc6N1voSG1YqktIIlPnvvXLO6TPaEY61VR0cVP2Khr8KQe7ubuywOg8sLauaGQh7xi8r6UcCar21WNgm5xuqkZlOWqWsue9UXk8xF51\n",
            "public_key_pem": "-----BEGIN PUBLIC KEY-----\nMIIBIjANBgkqhkiG9w0BAQEFAAOCAQ8AMIIBCgKCAQEAt/mI/+cECC13sgjvDuAL\nPS4RwoK42gSliJlUvuxuUPtJmeTm/dTkxwDsM9U57bRCxUoX61WIGlCQ+FWNlR64\nLXhe3uliVve5BwDzs/nKS+nI/cqzooe87UJyNE1G1RCYBVnJ1PQ8J3CUp1SiriUX\nVAahQcSSI/kxEXeakjDxvc3/aqT/lg6rep11UoSWFJzN7EHYQKNgNrdRMsESnx0x\nXfdNWBbRwWYf+VvA+sqS4MOp5jV3Ojdb6EhtWKpLSCJT5771yzukz2hGOtVUdHFT\n9ioa/CkHu7m7ssDoPLC2rmhkIe8YvK+lHAmq9tVjYJucbqpGZTlqlrLnvVF5PMRe\ndQIDAQAB\n-----END PUBLIC KEY-----\n",
            "rsa_bits": 2048
          },
          "sensitive_attributes": [
            [
              {
                "type": "get_attr",
                "value": "private_key_pem_pkcs8"
              }
            ],
            [
              {
                "type": "get_attr",
                "value": "private_key_openssh"
              }
            ],
            [
              {
                "type": "get_attr",
                "value": "private_key_pem"
              }
            ]
          ],
          "create_before_destroy": true
        }
      ]
    },
    {
      "module": "module.launch_template",
      "mode": "managed",
      "type": "aws_ami_from_instance",
      "name": "web1_ami",
      "provider": "provider[\"registry.terraform.io/hashicorp/aws\"]",
      "instances": [
        {
          "schema_version": 0,
          "attributes": {
            "architecture": "x86_64",
            "arn": "arn:aws:ec2:ap-northeast-2::image/ami-0ce9b7833e646299f",
            "boot_mode": "uefi-preferred",
            "deprecation_time": "",
            "description": "",
            "ebs_block_device": [
              {
                "delete_on_termination": true,
                "device_name": "/dev/sda1",
                "encrypted": false,
                "iops": 3000,
                "outpost_arn": "",
                "snapshot_id": "snap-0e7eaad970adfe6a5",
                "throughput": 125,
                "volume_size": 8,
                "volume_type": "gp3"
              }
            ],
            "ena_support": true,
            "ephemeral_block_device": [
              {
                "device_name": "/dev/sdb",
                "virtual_name": "ephemeral0"
              },
              {
                "device_name": "/dev/sdc",
                "virtual_name": "ephemeral1"
              }
            ],
            "hypervisor": "xen",
            "id": "ami-0ce9b7833e646299f",
            "image_location": "108782082145/web1-ami",
            "image_owner_alias": "",
            "image_type": "machine",
            "imds_support": "v2.0",
            "kernel_id": "",
            "manage_ebs_snapshots": true,
            "name": "web1-ami",
            "owner_id": "108782082145",
            "platform": "",
            "platform_details": "Linux/UNIX",
            "public": false,
            "ramdisk_id": "",
            "root_device_name": "/dev/sda1",
            "root_snapshot_id": "snap-0e7eaad970adfe6a5",
            "snapshot_without_reboot": null,
            "source_instance_id": "i-0b217d538c1f9c6a0",
            "sriov_net_support": "simple",
            "tags": {},
            "tags_all": {},
            "timeouts": null,
            "tpm_support": "",
            "usage_operation": "RunInstances",
            "virtualization_type": "hvm"
          },
          "sensitive_attributes": [],
          "private": "eyJlMmJmYjczMC1lY2FhLTExZTYtOGY4OC0zNDM2M2JjN2M0YzAiOnsiY3JlYXRlIjoyNDAwMDAwMDAwMDAwLCJkZWxldGUiOjU0MDAwMDAwMDAwMDAsInVwZGF0ZSI6MjQwMDAwMDAwMDAwMH19",
          "dependencies": [
            "module.ec2.aws_instance.web1",
            "module.key_pair.aws_key_pair.my_key",
            "module.key_pair.tls_private_key.example",
            "module.security-group.aws_security_group.allow_ssh",
            "module.subnet.aws_subnet.private1",
            "module.subnet.aws_subnet.private2",
            "module.vpc.aws_vpc.main"
          ],
          "create_before_destroy": true
        }
      ]
    },
    {
      "module": "module.launch_template",
      "mode": "managed",
      "type": "aws_launch_template",
      "name": "web1_launch_template",
      "provider": "provider[\"registry.terraform.io/hashicorp/aws\"]",
      "instances": [
        {
          "schema_version": 0,
          "attributes": {
            "arn": "arn:aws:ec2:ap-northeast-2:108782082145:launch-template/lt-03fa7a820ae287add",
            "block_device_mappings": [],
            "capacity_reservation_specification": [],
            "cpu_options": [],
            "credit_specification": [],
            "default_version": 1,
            "description": "",
            "disable_api_stop": false,
            "disable_api_termination": false,
            "ebs_optimized": "",
            "elastic_gpu_specifications": [],
            "elastic_inference_accelerator": [],
            "enclave_options": [],
            "hibernation_options": [],
            "iam_instance_profile": [],
            "id": "lt-03fa7a820ae287add",
            "image_id": "ami-0ce9b7833e646299f",
            "instance_initiated_shutdown_behavior": "",
            "instance_market_options": [],
            "instance_requirements": [],
            "instance_type": "t2.micro",
            "kernel_id": "",
            "key_name": "my_key",
            "latest_version": 2,
            "license_specification": [],
            "maintenance_options": [],
            "metadata_options": [],
            "monitoring": [],
            "name": "web1-launch-template",
            "name_prefix": "",
            "network_interfaces": [],
            "placement": [],
            "private_dns_name_options": [],
            "ram_disk_id": "",
            "security_group_names": [],
            "tag_specifications": [],
            "tags": {},
            "tags_all": {},
            "update_default_version": null,
            "user_data": "IyEvYmluL2Jhc2gNCg0KIyBKYXZhIOyEpOy5mA0Kc3VkbyBhcHQgdXBkYXRlDQpzdWRvIGFwdCBpbnN0YWxsIC15IG9wZW5qZGstMTctamRrDQoNCiMgSmF2YSDshKTsuZgg7ZmV7J24DQpqYXZhIC12ZXJzaW9uDQoNCiMg6riw7KG0IOuUlOugie2GoOumrCDsgq3soJwNCnJtIC1yZiBteS1hcHAtdGVycmFmb3JtDQoNCiMgR2l0IOyggOyepeyGjCDtgbTroaANCmdpdCBjbG9uZSBodHRwczovL2dpdGh1Yi5jb20vTmFubmluZ2d1L215LWFwcC10ZXJyYWZvcm0uZ2l0DQpjZCBteS1hcHAtdGVycmFmb3JtDQoNCiMgR3JhZGxlIHdyYXBwZXLsl5Ag7Iuk7ZaJIOq2jO2VnCDrtoDsl6wNCmNobW9kICt4IGdyYWRsZXcNCg0KIyBHcmFkbGUg67mM65OcDQouL2dyYWRsZXcgYnVpbGQNCg0KIyDruYzrk5zrkJwgSkFSIO2MjOydvCDsi6TtlokNCmphdmEgLWphciBidWlsZC9saWJzL2RlbW8tMC4wLjEtU05BUFNIT1QuamFyICYmIGVjaG8gIkpBUiBmaWxlIGV4ZWN1dGVkIHN1Y2Nlc3NmdWxseSINCg0K",
            "vpc_security_group_ids": []
          },
          "sensitive_attributes": [],
          "private": "bnVsbA==",
          "dependencies": [
            "module.ec2.aws_instance.web1",
            "module.key_pair.aws_key_pair.my_key",
            "module.key_pair.tls_private_key.example",
            "module.launch_template.aws_ami_from_instance.web1_ami",
            "module.security-group.aws_security_group.allow_ssh",
            "module.subnet.aws_subnet.private1",
            "module.subnet.aws_subnet.private2",
            "module.vpc.aws_vpc.main"
          ],
          "create_before_destroy": true
        }
      ]
    },
    {
      "module": "module.rds",
      "mode": "managed",
      "type": "aws_db_instance",
      "name": "this",
      "provider": "provider[\"registry.terraform.io/hashicorp/aws\"]",
      "instances": [
        {
          "schema_version": 2,
          "attributes": {
            "address": "mydatabase.ch64mwcw49o3.ap-northeast-2.rds.amazonaws.com",
            "allocated_storage": 20,
            "allow_major_version_upgrade": null,
            "apply_immediately": false,
            "arn": "arn:aws:rds:ap-northeast-2:108782082145:db:mydatabase",
            "auto_minor_version_upgrade": true,
            "availability_zone": "ap-northeast-2c",
            "backup_retention_period": 0,
            "backup_target": "region",
            "backup_window": "17:07-17:37",
            "blue_green_update": [],
            "ca_cert_identifier": "rds-ca-rsa2048-g1",
            "character_set_name": "",
            "copy_tags_to_snapshot": false,
            "custom_iam_instance_profile": "",
            "customer_owned_ip_enabled": false,
            "db_name": "",
            "db_subnet_group_name": "mydatabase-subnet-group",
            "dedicated_log_volume": false,
            "delete_automated_backups": true,
            "deletion_protection": false,
            "domain": "",
            "domain_auth_secret_arn": "",
            "domain_dns_ips": [],
            "domain_fqdn": "",
            "domain_iam_role_name": "",
            "domain_ou": "",
            "enabled_cloudwatch_logs_exports": [],
            "endpoint": "mydatabase.ch64mwcw49o3.ap-northeast-2.rds.amazonaws.com:5432",
            "engine": "postgres",
            "engine_lifecycle_support": "open-source-rds-extended-support",
            "engine_version": "16.3",
            "engine_version_actual": "16.3",
            "final_snapshot_identifier": "mydatabase-final-snapshot",
            "hosted_zone_id": "ZLA2NUCOLGUUR",
            "iam_database_authentication_enabled": false,
            "id": "db-K4WMAVGKPA4VKKRAYV5P6WL3IE",
            "identifier": "mydatabase",
            "identifier_prefix": "",
            "instance_class": "db.t3.micro",
            "iops": 0,
            "kms_key_id": "",
            "latest_restorable_time": "",
            "license_model": "postgresql-license",
            "listener_endpoint": [],
            "maintenance_window": "sat:19:28-sat:19:58",
            "manage_master_user_password": null,
            "master_user_secret": [],
            "master_user_secret_kms_key_id": null,
            "max_allocated_storage": 0,
            "monitoring_interval": 0,
            "monitoring_role_arn": "",
            "multi_az": false,
            "nchar_character_set_name": "",
            "network_type": "IPV4",
            "option_group_name": "default:postgres-16",
            "parameter_group_name": "default.postgres16",
            "password": "test1234",
            "performance_insights_enabled": false,
            "performance_insights_kms_key_id": "",
            "performance_insights_retention_period": 0,
            "port": 5432,
            "publicly_accessible": false,
            "replica_mode": "",
            "replicas": [],
            "replicate_source_db": "",
            "resource_id": "db-K4WMAVGKPA4VKKRAYV5P6WL3IE",
            "restore_to_point_in_time": [],
            "s3_import": [],
            "skip_final_snapshot": true,
            "snapshot_identifier": null,
            "status": "available",
            "storage_encrypted": false,
            "storage_throughput": 0,
            "storage_type": "gp2",
            "tags": {},
            "tags_all": {},
            "timeouts": null,
            "timezone": "",
            "upgrade_storage_config": null,
            "username": "postgres",
            "vpc_security_group_ids": [
              "sg-04e5c57b1505cc2dc"
            ]
          },
          "sensitive_attributes": [
            [
              {
                "type": "get_attr",
                "value": "password"
              }
            ]
          ],
          "private": "eyJlMmJmYjczMC1lY2FhLTExZTYtOGY4OC0zNDM2M2JjN2M0YzAiOnsiY3JlYXRlIjoyNDAwMDAwMDAwMDAwLCJkZWxldGUiOjM2MDAwMDAwMDAwMDAsInVwZGF0ZSI6NDgwMDAwMDAwMDAwMH0sInNjaGVtYV92ZXJzaW9uIjoiMiJ9",
          "dependencies": [
            "module.rds.aws_db_subnet_group.this",
            "module.security-group.aws_security_group.allow_ssh",
            "module.subnet.aws_subnet.private1",
            "module.subnet.aws_subnet.private2",
            "module.vpc.aws_vpc.main"
          ]
        }
      ]
    },
    {
      "module": "module.rds",
      "mode": "managed",
      "type": "aws_db_subnet_group",
      "name": "this",
      "provider": "provider[\"registry.terraform.io/hashicorp/aws\"]",
      "instances": [
        {
          "schema_version": 0,
          "attributes": {
            "arn": "arn:aws:rds:ap-northeast-2:108782082145:subgrp:mydatabase-subnet-group",
            "description": "Managed by Terraform",
            "id": "mydatabase-subnet-group",
            "name": "mydatabase-subnet-group",
            "name_prefix": "",
            "subnet_ids": [
              "subnet-04504c7a22f4c1dd0",
              "subnet-0d7637bada00c340d"
            ],
            "supported_network_types": [
              "IPV4"
            ],
            "tags": {
              "Name": "mydatabase-subnet-group"
            },
            "tags_all": {
              "Name": "mydatabase-subnet-group"
            },
            "vpc_id": "vpc-01a1d0ec728506f36"
          },
          "sensitive_attributes": [],
          "private": "bnVsbA==",
          "dependencies": [
            "module.subnet.aws_subnet.private1",
            "module.subnet.aws_subnet.private2",
            "module.vpc.aws_vpc.main"
          ]
        }
      ]
    },
    {
      "module": "module.s3",
      "mode": "managed",
      "type": "aws_s3_bucket",
      "name": "this",
      "provider": "provider[\"registry.terraform.io/hashicorp/aws\"]",
      "instances": [
        {
          "schema_version": 0,
          "attributes": {
            "acceleration_status": "",
            "acl": null,
            "arn": "arn:aws:s3:::my-unique-bucket-name-sionkim",
            "bucket": "my-unique-bucket-name-sionkim",
            "bucket_domain_name": "my-unique-bucket-name-sionkim.s3.amazonaws.com",
            "bucket_prefix": "",
            "bucket_regional_domain_name": "my-unique-bucket-name-sionkim.s3.ap-northeast-2.amazonaws.com",
            "cors_rule": [],
            "force_destroy": false,
            "grant": [
              {
                "id": "95ec31a8854d5399ae022127e1b0b8b1ffdc897795bdcb844be4a9569f304d0d",
                "permissions": [
                  "FULL_CONTROL"
                ],
                "type": "CanonicalUser",
                "uri": ""
              }
            ],
            "hosted_zone_id": "Z3W03O7B5YMIYP",
            "id": "my-unique-bucket-name-sionkim",
            "lifecycle_rule": [],
            "logging": [],
            "object_lock_configuration": [],
            "object_lock_enabled": false,
            "policy": "",
            "region": "ap-northeast-2",
            "replication_configuration": [],
            "request_payer": "BucketOwner",
            "server_side_encryption_configuration": [
              {
                "rule": [
                  {
                    "apply_server_side_encryption_by_default": [
                      {
                        "kms_master_key_id": "",
                        "sse_algorithm": "AES256"
                      }
                    ],
                    "bucket_key_enabled": false
                  }
                ]
              }
            ],
            "tags": {},
            "tags_all": {},
            "timeouts": null,
            "versioning": [
              {
                "enabled": false,
                "mfa_delete": false
              }
            ],
            "website": [],
            "website_domain": null,
            "website_endpoint": null
          },
          "sensitive_attributes": [],
          "private": "eyJlMmJmYjczMC1lY2FhLTExZTYtOGY4OC0zNDM2M2JjN2M0YzAiOnsiY3JlYXRlIjoxMjAwMDAwMDAwMDAwLCJkZWxldGUiOjM2MDAwMDAwMDAwMDAsInJlYWQiOjEyMDAwMDAwMDAwMDAsInVwZGF0ZSI6MTIwMDAwMDAwMDAwMH19"
        }
      ]
    },
    {
      "module": "module.security-group",
      "mode": "managed",
      "type": "aws_security_group",
      "name": "allow_ssh",
      "provider": "provider[\"registry.terraform.io/hashicorp/aws\"]",
      "instances": [
        {
          "schema_version": 1,
          "attributes": {
            "arn": "arn:aws:ec2:ap-northeast-2:108782082145:security-group/sg-04e5c57b1505cc2dc",
            "description": "Allow SSH inbound traffic",
            "egress": [
              {
                "cidr_blocks": [
                  "0.0.0.0/0"
                ],
                "description": "",
                "from_port": 0,
                "ipv6_cidr_blocks": [],
                "prefix_list_ids": [],
                "protocol": "-1",
                "security_groups": [],
                "self": false,
                "to_port": 0
              }
            ],
            "id": "sg-04e5c57b1505cc2dc",
            "ingress": [
              {
                "cidr_blocks": [
                  "0.0.0.0/0"
                ],
                "description": "",
                "from_port": 0,
                "ipv6_cidr_blocks": [],
                "prefix_list_ids": [],
                "protocol": "-1",
                "security_groups": [],
                "self": false,
                "to_port": 0
              },
              {
                "cidr_blocks": [
                  "0.0.0.0/0"
                ],
                "description": "",
                "from_port": 22,
                "ipv6_cidr_blocks": [],
                "prefix_list_ids": [],
                "protocol": "tcp",
                "security_groups": [],
                "self": false,
                "to_port": 22
              }
            ],
            "name": "allow_ssh",
            "name_prefix": "",
            "owner_id": "108782082145",
            "revoke_rules_on_delete": false,
            "tags": {
              "Name": "allow_ssh"
            },
            "tags_all": {
              "Name": "allow_ssh"
            },
            "timeouts": null,
            "vpc_id": "vpc-01a1d0ec728506f36"
          },
          "sensitive_attributes": [],
          "private": "eyJlMmJmYjczMC1lY2FhLTExZTYtOGY4OC0zNDM2M2JjN2M0YzAiOnsiY3JlYXRlIjo2MDAwMDAwMDAwMDAsImRlbGV0ZSI6OTAwMDAwMDAwMDAwfSwic2NoZW1hX3ZlcnNpb24iOiIxIn0=",
          "dependencies": [
            "module.vpc.aws_vpc.main"
          ],
          "create_before_destroy": true
        }
      ]
    },
    {
      "module": "module.subnet",
      "mode": "managed",
      "type": "aws_route_table_association",
      "name": "private_1",
      "provider": "provider[\"registry.terraform.io/hashicorp/aws\"]",
      "instances": [
        {
          "schema_version": 0,
          "attributes": {
            "gateway_id": "",
            "id": "rtbassoc-06010a06b719d93f5",
            "route_table_id": "rtb-0274e47c6f854a03f",
            "subnet_id": "subnet-0d7637bada00c340d",
            "timeouts": null
          },
          "sensitive_attributes": [],
          "private": "eyJlMmJmYjczMC1lY2FhLTExZTYtOGY4OC0zNDM2M2JjN2M0YzAiOnsiY3JlYXRlIjozMDAwMDAwMDAwMDAsImRlbGV0ZSI6MzAwMDAwMDAwMDAwLCJ1cGRhdGUiOjEyMDAwMDAwMDAwMH19",
          "dependencies": [
            "module.ec2.aws_instance.nat_instance",
            "module.key_pair.aws_key_pair.my_key",
            "module.key_pair.tls_private_key.example",
            "module.security-group.aws_security_group.allow_ssh",
            "module.subnet.aws_subnet.private1",
            "module.subnet.aws_subnet.public1",
            "module.subnet.aws_subnet.public2",
            "module.vpc.aws_route_table.main1",
            "module.vpc.aws_vpc.main"
          ]
        }
      ]
    },
    {
      "module": "module.subnet",
      "mode": "managed",
      "type": "aws_route_table_association",
      "name": "private_2",
      "provider": "provider[\"registry.terraform.io/hashicorp/aws\"]",
      "instances": [
        {
          "schema_version": 0,
          "attributes": {
            "gateway_id": "",
            "id": "rtbassoc-0ee80e6b9ebcf0f8c",
            "route_table_id": "rtb-0274e47c6f854a03f",
            "subnet_id": "subnet-04504c7a22f4c1dd0",
            "timeouts": null
          },
          "sensitive_attributes": [],
          "private": "eyJlMmJmYjczMC1lY2FhLTExZTYtOGY4OC0zNDM2M2JjN2M0YzAiOnsiY3JlYXRlIjozMDAwMDAwMDAwMDAsImRlbGV0ZSI6MzAwMDAwMDAwMDAwLCJ1cGRhdGUiOjEyMDAwMDAwMDAwMH19",
          "dependencies": [
            "module.ec2.aws_instance.nat_instance",
            "module.key_pair.aws_key_pair.my_key",
            "module.key_pair.tls_private_key.example",
            "module.security-group.aws_security_group.allow_ssh",
            "module.subnet.aws_subnet.private2",
            "module.subnet.aws_subnet.public1",
            "module.subnet.aws_subnet.public2",
            "module.vpc.aws_route_table.main1",
            "module.vpc.aws_vpc.main"
          ]
        }
      ]
    },
    {
      "module": "module.subnet",
      "mode": "managed",
      "type": "aws_route_table_association",
      "name": "public_1",
      "provider": "provider[\"registry.terraform.io/hashicorp/aws\"]",
      "instances": [
        {
          "schema_version": 0,
          "attributes": {
            "gateway_id": "",
            "id": "rtbassoc-013187beb4fb2b253",
            "route_table_id": "rtb-0f76de9f6e4cc68e8",
            "subnet_id": "subnet-04bae6af185e02da9",
            "timeouts": null
          },
          "sensitive_attributes": [],
          "private": "eyJlMmJmYjczMC1lY2FhLTExZTYtOGY4OC0zNDM2M2JjN2M0YzAiOnsiY3JlYXRlIjozMDAwMDAwMDAwMDAsImRlbGV0ZSI6MzAwMDAwMDAwMDAwLCJ1cGRhdGUiOjEyMDAwMDAwMDAwMH19",
          "dependencies": [
            "module.subnet.aws_subnet.public1",
            "module.vpc.aws_internet_gateway.main",
            "module.vpc.aws_route_table.main",
            "module.vpc.aws_vpc.main"
          ]
        }
      ]
    },
    {
      "module": "module.subnet",
      "mode": "managed",
      "type": "aws_route_table_association",
      "name": "public_2",
      "provider": "provider[\"registry.terraform.io/hashicorp/aws\"]",
      "instances": [
        {
          "schema_version": 0,
          "attributes": {
            "gateway_id": "",
            "id": "rtbassoc-05cad99dbfdaa7236",
            "route_table_id": "rtb-0f76de9f6e4cc68e8",
            "subnet_id": "subnet-0ce5adfe0964bba5b",
            "timeouts": null
          },
          "sensitive_attributes": [],
          "private": "eyJlMmJmYjczMC1lY2FhLTExZTYtOGY4OC0zNDM2M2JjN2M0YzAiOnsiY3JlYXRlIjozMDAwMDAwMDAwMDAsImRlbGV0ZSI6MzAwMDAwMDAwMDAwLCJ1cGRhdGUiOjEyMDAwMDAwMDAwMH19",
          "dependencies": [
            "module.subnet.aws_subnet.public2",
            "module.vpc.aws_internet_gateway.main",
            "module.vpc.aws_route_table.main",
            "module.vpc.aws_vpc.main"
          ]
        }
      ]
    },
    {
      "module": "module.subnet",
      "mode": "managed",
      "type": "aws_subnet",
      "name": "private1",
      "provider": "provider[\"registry.terraform.io/hashicorp/aws\"]",
      "instances": [
        {
          "schema_version": 1,
          "attributes": {
            "arn": "arn:aws:ec2:ap-northeast-2:108782082145:subnet/subnet-0d7637bada00c340d",
            "assign_ipv6_address_on_creation": false,
            "availability_zone": "ap-northeast-2a",
            "availability_zone_id": "apne2-az1",
            "cidr_block": "10.0.3.0/24",
            "customer_owned_ipv4_pool": "",
            "enable_dns64": false,
            "enable_lni_at_device_index": 0,
            "enable_resource_name_dns_a_record_on_launch": false,
            "enable_resource_name_dns_aaaa_record_on_launch": false,
            "id": "subnet-0d7637bada00c340d",
            "ipv6_cidr_block": "",
            "ipv6_cidr_block_association_id": "",
            "ipv6_native": false,
            "map_customer_owned_ip_on_launch": false,
            "map_public_ip_on_launch": false,
            "outpost_arn": "",
            "owner_id": "108782082145",
            "private_dns_hostname_type_on_launch": "ip-name",
            "tags": {
              "Name": "private-subnet-1"
            },
            "tags_all": {
              "Name": "private-subnet-1"
            },
            "timeouts": null,
            "vpc_id": "vpc-01a1d0ec728506f36"
          },
          "sensitive_attributes": [],
          "private": "eyJlMmJmYjczMC1lY2FhLTExZTYtOGY4OC0zNDM2M2JjN2M0YzAiOnsiY3JlYXRlIjo2MDAwMDAwMDAwMDAsImRlbGV0ZSI6MTIwMDAwMDAwMDAwMH0sInNjaGVtYV92ZXJzaW9uIjoiMSJ9",
          "dependencies": [
            "module.vpc.aws_vpc.main"
          ],
          "create_before_destroy": true
        }
      ]
    },
    {
      "module": "module.subnet",
      "mode": "managed",
      "type": "aws_subnet",
      "name": "private2",
      "provider": "provider[\"registry.terraform.io/hashicorp/aws\"]",
      "instances": [
        {
          "schema_version": 1,
          "attributes": {
            "arn": "arn:aws:ec2:ap-northeast-2:108782082145:subnet/subnet-04504c7a22f4c1dd0",
            "assign_ipv6_address_on_creation": false,
            "availability_zone": "ap-northeast-2c",
            "availability_zone_id": "apne2-az3",
            "cidr_block": "10.0.4.0/24",
            "customer_owned_ipv4_pool": "",
            "enable_dns64": false,
            "enable_lni_at_device_index": 0,
            "enable_resource_name_dns_a_record_on_launch": false,
            "enable_resource_name_dns_aaaa_record_on_launch": false,
            "id": "subnet-04504c7a22f4c1dd0",
            "ipv6_cidr_block": "",
            "ipv6_cidr_block_association_id": "",
            "ipv6_native": false,
            "map_customer_owned_ip_on_launch": false,
            "map_public_ip_on_launch": false,
            "outpost_arn": "",
            "owner_id": "108782082145",
            "private_dns_hostname_type_on_launch": "ip-name",
            "tags": {
              "Name": "private-subnet-2"
            },
            "tags_all": {
              "Name": "private-subnet-2"
            },
            "timeouts": null,
            "vpc_id": "vpc-01a1d0ec728506f36"
          },
          "sensitive_attributes": [],
          "private": "eyJlMmJmYjczMC1lY2FhLTExZTYtOGY4OC0zNDM2M2JjN2M0YzAiOnsiY3JlYXRlIjo2MDAwMDAwMDAwMDAsImRlbGV0ZSI6MTIwMDAwMDAwMDAwMH0sInNjaGVtYV92ZXJzaW9uIjoiMSJ9",
          "dependencies": [
            "module.vpc.aws_vpc.main"
          ],
          "create_before_destroy": true
        }
      ]
    },
    {
      "module": "module.subnet",
      "mode": "managed",
      "type": "aws_subnet",
      "name": "public1",
      "provider": "provider[\"registry.terraform.io/hashicorp/aws\"]",
      "instances": [
        {
          "schema_version": 1,
          "attributes": {
            "arn": "arn:aws:ec2:ap-northeast-2:108782082145:subnet/subnet-04bae6af185e02da9",
            "assign_ipv6_address_on_creation": false,
            "availability_zone": "ap-northeast-2a",
            "availability_zone_id": "apne2-az1",
            "cidr_block": "10.0.1.0/24",
            "customer_owned_ipv4_pool": "",
            "enable_dns64": false,
            "enable_lni_at_device_index": 0,
            "enable_resource_name_dns_a_record_on_launch": false,
            "enable_resource_name_dns_aaaa_record_on_launch": false,
            "id": "subnet-04bae6af185e02da9",
            "ipv6_cidr_block": "",
            "ipv6_cidr_block_association_id": "",
            "ipv6_native": false,
            "map_customer_owned_ip_on_launch": false,
            "map_public_ip_on_launch": true,
            "outpost_arn": "",
            "owner_id": "108782082145",
            "private_dns_hostname_type_on_launch": "ip-name",
            "tags": {
              "Name": "public-subnet-1"
            },
            "tags_all": {
              "Name": "public-subnet-1"
            },
            "timeouts": null,
            "vpc_id": "vpc-01a1d0ec728506f36"
          },
          "sensitive_attributes": [],
          "private": "eyJlMmJmYjczMC1lY2FhLTExZTYtOGY4OC0zNDM2M2JjN2M0YzAiOnsiY3JlYXRlIjo2MDAwMDAwMDAwMDAsImRlbGV0ZSI6MTIwMDAwMDAwMDAwMH0sInNjaGVtYV92ZXJzaW9uIjoiMSJ9",
          "dependencies": [
            "module.vpc.aws_vpc.main"
          ]
        }
      ]
    },
    {
      "module": "module.subnet",
      "mode": "managed",
      "type": "aws_subnet",
      "name": "public2",
      "provider": "provider[\"registry.terraform.io/hashicorp/aws\"]",
      "instances": [
        {
          "schema_version": 1,
          "attributes": {
            "arn": "arn:aws:ec2:ap-northeast-2:108782082145:subnet/subnet-0ce5adfe0964bba5b",
            "assign_ipv6_address_on_creation": false,
            "availability_zone": "ap-northeast-2c",
            "availability_zone_id": "apne2-az3",
            "cidr_block": "10.0.2.0/24",
            "customer_owned_ipv4_pool": "",
            "enable_dns64": false,
            "enable_lni_at_device_index": 0,
            "enable_resource_name_dns_a_record_on_launch": false,
            "enable_resource_name_dns_aaaa_record_on_launch": false,
            "id": "subnet-0ce5adfe0964bba5b",
            "ipv6_cidr_block": "",
            "ipv6_cidr_block_association_id": "",
            "ipv6_native": false,
            "map_customer_owned_ip_on_launch": false,
            "map_public_ip_on_launch": true,
            "outpost_arn": "",
            "owner_id": "108782082145",
            "private_dns_hostname_type_on_launch": "ip-name",
            "tags": {
              "Name": "public-subnet-2"
            },
            "tags_all": {
              "Name": "public-subnet-2"
            },
            "timeouts": null,
            "vpc_id": "vpc-01a1d0ec728506f36"
          },
          "sensitive_attributes": [],
          "private": "eyJlMmJmYjczMC1lY2FhLTExZTYtOGY4OC0zNDM2M2JjN2M0YzAiOnsiY3JlYXRlIjo2MDAwMDAwMDAwMDAsImRlbGV0ZSI6MTIwMDAwMDAwMDAwMH0sInNjaGVtYV92ZXJzaW9uIjoiMSJ9",
          "dependencies": [
            "module.vpc.aws_vpc.main"
          ]
        }
      ]
    },
    {
      "module": "module.vpc",
      "mode": "managed",
      "type": "aws_internet_gateway",
      "name": "main",
      "provider": "provider[\"registry.terraform.io/hashicorp/aws\"]",
      "instances": [
        {
          "schema_version": 0,
          "attributes": {
            "arn": "arn:aws:ec2:ap-northeast-2:108782082145:internet-gateway/igw-0ed1b7ab787aff3ee",
            "id": "igw-0ed1b7ab787aff3ee",
            "owner_id": "108782082145",
            "tags": {
              "Name": "my-igw"
            },
            "tags_all": {
              "Name": "my-igw"
            },
            "timeouts": null,
            "vpc_id": "vpc-01a1d0ec728506f36"
          },
          "sensitive_attributes": [],
          "private": "eyJlMmJmYjczMC1lY2FhLTExZTYtOGY4OC0zNDM2M2JjN2M0YzAiOnsiY3JlYXRlIjoxMjAwMDAwMDAwMDAwLCJkZWxldGUiOjEyMDAwMDAwMDAwMDAsInVwZGF0ZSI6MTIwMDAwMDAwMDAwMH19",
          "dependencies": [
            "module.vpc.aws_vpc.main"
          ]
        }
      ]
    },
    {
      "module": "module.vpc",
      "mode": "managed",
      "type": "aws_route_table",
      "name": "main",
      "provider": "provider[\"registry.terraform.io/hashicorp/aws\"]",
      "instances": [
        {
          "schema_version": 0,
          "attributes": {
            "arn": "arn:aws:ec2:ap-northeast-2:108782082145:route-table/rtb-0f76de9f6e4cc68e8",
            "id": "rtb-0f76de9f6e4cc68e8",
            "owner_id": "108782082145",
            "propagating_vgws": [],
            "route": [
              {
                "carrier_gateway_id": "",
                "cidr_block": "0.0.0.0/0",
                "core_network_arn": "",
                "destination_prefix_list_id": "",
                "egress_only_gateway_id": "",
                "gateway_id": "igw-0ed1b7ab787aff3ee",
                "ipv6_cidr_block": "",
                "local_gateway_id": "",
                "nat_gateway_id": "",
                "network_interface_id": "",
                "transit_gateway_id": "",
                "vpc_endpoint_id": "",
                "vpc_peering_connection_id": ""
              }
            ],
            "tags": {
              "Name": "my-route-table"
            },
            "tags_all": {
              "Name": "my-route-table"
            },
            "timeouts": null,
            "vpc_id": "vpc-01a1d0ec728506f36"
          },
          "sensitive_attributes": [],
          "private": "eyJlMmJmYjczMC1lY2FhLTExZTYtOGY4OC0zNDM2M2JjN2M0YzAiOnsiY3JlYXRlIjozMDAwMDAwMDAwMDAsImRlbGV0ZSI6MzAwMDAwMDAwMDAwLCJ1cGRhdGUiOjEyMDAwMDAwMDAwMH19",
          "dependencies": [
            "module.vpc.aws_internet_gateway.main",
            "module.vpc.aws_vpc.main"
          ]
        }
      ]
    },
    {
      "module": "module.vpc",
      "mode": "managed",
      "type": "aws_route_table",
      "name": "main1",
      "provider": "provider[\"registry.terraform.io/hashicorp/aws\"]",
      "instances": [
        {
          "schema_version": 0,
          "attributes": {
            "arn": "arn:aws:ec2:ap-northeast-2:108782082145:route-table/rtb-0274e47c6f854a03f",
            "id": "rtb-0274e47c6f854a03f",
            "owner_id": "108782082145",
            "propagating_vgws": [],
            "route": [
              {
                "carrier_gateway_id": "",
                "cidr_block": "0.0.0.0/0",
                "core_network_arn": "",
                "destination_prefix_list_id": "",
                "egress_only_gateway_id": "",
                "gateway_id": "",
                "ipv6_cidr_block": "",
                "local_gateway_id": "",
                "nat_gateway_id": "",
                "network_interface_id": "eni-017aa96edb0219dd9",
                "transit_gateway_id": "",
                "vpc_endpoint_id": "",
                "vpc_peering_connection_id": ""
              }
            ],
            "tags": {
              "Name": "my-route-table-nat"
            },
            "tags_all": {
              "Name": "my-route-table-nat"
            },
            "timeouts": null,
            "vpc_id": "vpc-01a1d0ec728506f36"
          },
          "sensitive_attributes": [],
          "private": "eyJlMmJmYjczMC1lY2FhLTExZTYtOGY4OC0zNDM2M2JjN2M0YzAiOnsiY3JlYXRlIjozMDAwMDAwMDAwMDAsImRlbGV0ZSI6MzAwMDAwMDAwMDAwLCJ1cGRhdGUiOjEyMDAwMDAwMDAwMH19",
          "dependencies": [
            "module.ec2.aws_instance.nat_instance",
            "module.key_pair.aws_key_pair.my_key",
            "module.key_pair.tls_private_key.example",
            "module.security-group.aws_security_group.allow_ssh",
            "module.subnet.aws_subnet.public1",
            "module.subnet.aws_subnet.public2",
            "module.vpc.aws_vpc.main"
          ]
        }
      ]
    },
    {
      "module": "module.vpc",
      "mode": "managed",
      "type": "aws_vpc",
      "name": "main",
      "provider": "provider[\"registry.terraform.io/hashicorp/aws\"]",
      "instances": [
        {
          "schema_version": 1,
          "attributes": {
            "arn": "arn:aws:ec2:ap-northeast-2:108782082145:vpc/vpc-01a1d0ec728506f36",
            "assign_generated_ipv6_cidr_block": false,
            "cidr_block": "10.0.0.0/16",
            "default_network_acl_id": "acl-0d1221c26c65a7cb1",
            "default_route_table_id": "rtb-01be91382ed859b64",
            "default_security_group_id": "sg-005b2e6021f53613f",
            "dhcp_options_id": "dopt-0570a05bfbee7451a",
            "enable_dns_hostnames": false,
            "enable_dns_support": true,
            "enable_network_address_usage_metrics": false,
            "id": "vpc-01a1d0ec728506f36",
            "instance_tenancy": "default",
            "ipv4_ipam_pool_id": null,
            "ipv4_netmask_length": null,
            "ipv6_association_id": "",
            "ipv6_cidr_block": "",
            "ipv6_cidr_block_network_border_group": "",
            "ipv6_ipam_pool_id": "",
            "ipv6_netmask_length": 0,
            "main_route_table_id": "rtb-01be91382ed859b64",
            "owner_id": "108782082145",
            "tags": {
              "Name": "my-vpc"
            },
            "tags_all": {
              "Name": "my-vpc"
            }
          },
          "sensitive_attributes": [],
          "private": "eyJzY2hlbWFfdmVyc2lvbiI6IjEifQ==",
          "create_before_destroy": true
        }
      ]
    }
  ],
  "check_results": null
}
